
Microsoft Visual Studio Solution File, Format Version 12.00
# Visual Studio Version 16
VisualStudioVersion = 16.0.30114.128
MinimumVisualStudioVersion = 10.0.40219.1
Project("{9A19103F-16F7-4668-BE54-9A1E7A4F7556}") = "DevBlazorCeb", "DevBlazorCeb.csproj", "{3B0E2018-B80D-4A38-ACDB-44F110838B79}"
EndProject
Project("{9A19103F-16F7-4668-BE54-9A1E7A4F7556}") = "CompteEstBon5", "..\..\CompteEstBon\CompteEstBon\CompteEstBon5\CompteEstBon5.csproj", "{7EFB98AB-DA99-4B43-9001-6C79B2527ADA}"
EndProject
Global
	GlobalSection(SolutionConfigurationPlatforms) = preSolution
		Debug|Any CPU = Debug|Any CPU
		Debug|x64 = Debug|x64
		Release|Any CPU = Release|Any CPU
		Release|x64 = Release|x64
	EndGlobalSection
	GlobalSection(ProjectConfigurationPlatforms) = postSolution
		{3B0E2018-B80D-4A38-ACDB-44F110838B79}.Debug|Any CPU.ActiveCfg = Debug|Any CPU
		{3B0E2018-B80D-4A38-ACDB-44F110838B79}.Debug|Any CPU.Build.0 = Debug|Any CPU
		{3B0E2018-B80D-4A38-ACDB-44F110838B79}.Debug|x64.ActiveCfg = Debug|Any CPU
		{3B0E2018-B80D-4A38-ACDB-44F110838B79}.Debug|x64.Build.0 = Debug|Any CPU
		{3B0E2018-B80D-4A38-ACDB-44F110838B79}.Release|Any CPU.ActiveCfg = Release|Any CPU
		{3B0E2018-B80D-4A38-ACDB-44F110838B79}.Release|Any CPU.Build.0 = Release|Any CPU
		{3B0E2018-B80D-4A38-ACDB-44F110838B79}.Release|x64.ActiveCfg = Release|Any CPU
		{3B0E2018-B80D-4A38-ACDB-44F110838B79}.Release|x64.Build.0 = Release|Any CPU
		{7EFB98AB-DA99-4B43-9001-6C79B2527ADA}.Debug|Any CPU.ActiveCfg = Debug|Any CPU
		{7EFB98AB-DA99-4B43-9001-6C79B2527ADA}.Debug|Any CPU.Build.0 = Debug|Any CPU
		{7EFB98AB-DA99-4B43-9001-6C79B2527ADA}.Debug|x64.ActiveCfg = Debug|x64
		{7EFB98AB-DA99-4B43-9001-6C79B2527ADA}.Debug|x64.Build.0 = Debug|x64
		{7EFB98AB-DA99-4B43-9001-6C79B2527ADA}.Release|Any CPU.ActiveCfg = Release|Any CPU
		{7EFB98AB-DA99-4B43-9001-6C79B2527ADA}.Release|Any CPU.Build.0 = Release|Any CPU
		{7EFB98AB-DA99-4B43-9001-6C79B2527ADA}.Release|x64.ActiveCfg = Release|x64
		{7EFB98AB-DA99-4B43-9001-6C79B2527ADA}.Release|x64.Build.0 = Release|x64
	EndGlobalSection
	GlobalSection(SolutionProperties) = preSolution
		HideSolutionNode = FALSE
	EndGlobalSection
	GlobalSection(ExtensibilityGlobals) = postSolution
		SolutionGuid = {5848A873-B6D9-4369-A202-BD2D65D91A6E}
	EndGlobalSection
EndGlobal
