
Microsoft Visual Studio Solution File, Format Version 12.00
# Visual Studio Version 16
VisualStudioVersion = 16.0.28407.52
MinimumVisualStudioVersion = 10.0.40219.1
Project("{9A19103F-16F7-4668-BE54-9A1E7A4F7556}") = "CompteEstBon", "CompteEstBon\CompteEstBon.csproj", "{E870DA70-15E2-4113-8C79-2CA7610688BC}"
EndProject
Project("{FAE04EC0-301F-11D3-BF4B-00C04F79EFBC}") = "CsCeb", "CsCeb\CsCeb.csproj", "{91D39D7D-9E1C-4CD7-86D3-2086B72BEAEF}"
EndProject
Project("{FAE04EC0-301F-11D3-BF4B-00C04F79EFBC}") = "CebExcel", "CebExcel\CebExcel.csproj", "{C46ED5C8-8E57-466D-AF3B-A535D1D0C2A2}"
EndProject
Project("{FAE04EC0-301F-11D3-BF4B-00C04F79EFBC}") = "Toolkit.UWP.CompteEstBon", "CebUwp\Toolkit.UWP.CompteEstBon.csproj", "{1849727E-EDF2-469E-A487-2AC3AC2B8B7D}"
	ProjectSection(ProjectDependencies) = postProject
		{E7348B26-1B9A-45B8-9E03-FB717CBB2163} = {E7348B26-1B9A-45B8-9E03-FB717CBB2163}
	EndProjectSection
EndProject
Project("{FAE04EC0-301F-11D3-BF4B-00C04F79EFBC}") = "Syncfusion.Uwp.CompteEstBon", "Uwp.CompteEstBon\Syncfusion.Uwp.CompteEstBon.csproj", "{6E8B1040-C037-4C18-A303-9972072C1E0D}"
EndProject
Project("{FAE04EC0-301F-11D3-BF4B-00C04F79EFBC}") = "CompteEstBon.WPF", "CompteEstBon.WPF\CompteEstBon.WPF.csproj", "{FDACAEF6-75A4-466D-B38C-91D5C9442F56}"
EndProject
Project("{FAE04EC0-301F-11D3-BF4B-00C04F79EFBC}") = "CompteEstBon.Syncfusion.WPF", "Wpf.CompteEstBon\CompteEstBon.Syncfusion.WPF.csproj", "{69FE67F1-E57A-49F5-BBA0-A4DE67A61751}"
EndProject
Project("{FAE04EC0-301F-11D3-BF4B-00C04F79EFBC}") = "Export.Ceb", "Interop.Excel\Export.Ceb.csproj", "{E7348B26-1B9A-45B8-9E03-FB717CBB2163}"
EndProject
Project("{9A19103F-16F7-4668-BE54-9A1E7A4F7556}") = "cscoreCeb", "cscoreCeb\cscoreCeb.csproj", "{88443628-5050-471B-8FCD-1067A0FBA1C3}"
EndProject
Project("{9A19103F-16F7-4668-BE54-9A1E7A4F7556}") = "CebBlazor", "CebBlazor\CebBlazor.csproj", "{DE7E91CD-0F21-48D7-90F7-78A679947EDA}"
EndProject
Project("{9A19103F-16F7-4668-BE54-9A1E7A4F7556}") = "CebBlazorNatif", "CebBlazorNatif\CebBlazorNatif.csproj", "{32252305-1E35-4DDA-94F9-64D73EED42A8}"
EndProject
Project("{9A19103F-16F7-4668-BE54-9A1E7A4F7556}") = "BlazorCebTelerik", "BlazorCebTelerik\BlazorCebTelerik.csproj", "{9520CB51-3E00-4303-9C3F-1960F10BAF6D}"
EndProject
Project("{9A19103F-16F7-4668-BE54-9A1E7A4F7556}") = "CompteEstBon_2.1", "CompteEstBon_2.1\CompteEstBon_2.1.csproj", "{55B45BF6-4070-4269-8BFD-B473273A434C}"
EndProject
Project("{9A19103F-16F7-4668-BE54-9A1E7A4F7556}") = "WpfCoreCeb", "WpfCoreCeb\WpfCoreCeb.csproj", "{0B738A8B-60A9-4391-AD26-8DE29D35E54A}"
EndProject
Project("{9A19103F-16F7-4668-BE54-9A1E7A4F7556}") = "CebOffice", "CebOffice\CebOffice.csproj", "{4FAA46A9-0B37-4855-8F1D-107D2D7A689F}"
EndProject
Project("{9A19103F-16F7-4668-BE54-9A1E7A4F7556}") = "CebOfficeCore", "CebOfficeCore\CebOfficeCore.csproj", "{85373931-671F-453B-8324-171D6507751F}"
EndProject
Project("{FAE04EC0-301F-11D3-BF4B-00C04F79EFBC}") = "SfWpfCeb", "SfWpfCeb\SfWpfCeb.csproj", "{6C856112-DABD-46A1-AB5A-991E3B36684F}"
EndProject
Global
	GlobalSection(SolutionConfigurationPlatforms) = preSolution
		Debug|Any CPU = Debug|Any CPU
		Debug|ARM = Debug|ARM
		Debug|x64 = Debug|x64
		Debug|x86 = Debug|x86
		Release|Any CPU = Release|Any CPU
		Release|ARM = Release|ARM
		Release|x64 = Release|x64
		Release|x86 = Release|x86
	EndGlobalSection
	GlobalSection(ProjectConfigurationPlatforms) = postSolution
		{E870DA70-15E2-4113-8C79-2CA7610688BC}.Debug|Any CPU.ActiveCfg = Debug|Any CPU
		{E870DA70-15E2-4113-8C79-2CA7610688BC}.Debug|Any CPU.Build.0 = Debug|Any CPU
		{E870DA70-15E2-4113-8C79-2CA7610688BC}.Debug|ARM.ActiveCfg = Debug|Any CPU
		{E870DA70-15E2-4113-8C79-2CA7610688BC}.Debug|ARM.Build.0 = Debug|Any CPU
		{E870DA70-15E2-4113-8C79-2CA7610688BC}.Debug|x64.ActiveCfg = Debug|Any CPU
		{E870DA70-15E2-4113-8C79-2CA7610688BC}.Debug|x64.Build.0 = Debug|Any CPU
		{E870DA70-15E2-4113-8C79-2CA7610688BC}.Debug|x86.ActiveCfg = Debug|Any CPU
		{E870DA70-15E2-4113-8C79-2CA7610688BC}.Debug|x86.Build.0 = Debug|Any CPU
		{E870DA70-15E2-4113-8C79-2CA7610688BC}.Release|Any CPU.ActiveCfg = Release|Any CPU
		{E870DA70-15E2-4113-8C79-2CA7610688BC}.Release|Any CPU.Build.0 = Release|Any CPU
		{E870DA70-15E2-4113-8C79-2CA7610688BC}.Release|ARM.ActiveCfg = Release|Any CPU
		{E870DA70-15E2-4113-8C79-2CA7610688BC}.Release|ARM.Build.0 = Release|Any CPU
		{E870DA70-15E2-4113-8C79-2CA7610688BC}.Release|x64.ActiveCfg = Release|Any CPU
		{E870DA70-15E2-4113-8C79-2CA7610688BC}.Release|x64.Build.0 = Release|Any CPU
		{E870DA70-15E2-4113-8C79-2CA7610688BC}.Release|x86.ActiveCfg = Release|Any CPU
		{E870DA70-15E2-4113-8C79-2CA7610688BC}.Release|x86.Build.0 = Release|Any CPU
		{91D39D7D-9E1C-4CD7-86D3-2086B72BEAEF}.Debug|Any CPU.ActiveCfg = Debug|Any CPU
		{91D39D7D-9E1C-4CD7-86D3-2086B72BEAEF}.Debug|Any CPU.Build.0 = Debug|Any CPU
		{91D39D7D-9E1C-4CD7-86D3-2086B72BEAEF}.Debug|ARM.ActiveCfg = Debug|Any CPU
		{91D39D7D-9E1C-4CD7-86D3-2086B72BEAEF}.Debug|ARM.Build.0 = Debug|Any CPU
		{91D39D7D-9E1C-4CD7-86D3-2086B72BEAEF}.Debug|x64.ActiveCfg = Debug|Any CPU
		{91D39D7D-9E1C-4CD7-86D3-2086B72BEAEF}.Debug|x64.Build.0 = Debug|Any CPU
		{91D39D7D-9E1C-4CD7-86D3-2086B72BEAEF}.Debug|x86.ActiveCfg = Debug|Any CPU
		{91D39D7D-9E1C-4CD7-86D3-2086B72BEAEF}.Debug|x86.Build.0 = Debug|Any CPU
		{91D39D7D-9E1C-4CD7-86D3-2086B72BEAEF}.Release|Any CPU.ActiveCfg = Release|Any CPU
		{91D39D7D-9E1C-4CD7-86D3-2086B72BEAEF}.Release|Any CPU.Build.0 = Release|Any CPU
		{91D39D7D-9E1C-4CD7-86D3-2086B72BEAEF}.Release|ARM.ActiveCfg = Release|Any CPU
		{91D39D7D-9E1C-4CD7-86D3-2086B72BEAEF}.Release|ARM.Build.0 = Release|Any CPU
		{91D39D7D-9E1C-4CD7-86D3-2086B72BEAEF}.Release|x64.ActiveCfg = Release|Any CPU
		{91D39D7D-9E1C-4CD7-86D3-2086B72BEAEF}.Release|x64.Build.0 = Release|Any CPU
		{91D39D7D-9E1C-4CD7-86D3-2086B72BEAEF}.Release|x86.ActiveCfg = Release|Any CPU
		{91D39D7D-9E1C-4CD7-86D3-2086B72BEAEF}.Release|x86.Build.0 = Release|Any CPU
		{C46ED5C8-8E57-466D-AF3B-A535D1D0C2A2}.Debug|Any CPU.ActiveCfg = Debug|Any CPU
		{C46ED5C8-8E57-466D-AF3B-A535D1D0C2A2}.Debug|Any CPU.Build.0 = Debug|Any CPU
		{C46ED5C8-8E57-466D-AF3B-A535D1D0C2A2}.Debug|ARM.ActiveCfg = Debug|Any CPU
		{C46ED5C8-8E57-466D-AF3B-A535D1D0C2A2}.Debug|ARM.Build.0 = Debug|Any CPU
		{C46ED5C8-8E57-466D-AF3B-A535D1D0C2A2}.Debug|x64.ActiveCfg = Debug|Any CPU
		{C46ED5C8-8E57-466D-AF3B-A535D1D0C2A2}.Debug|x64.Build.0 = Debug|Any CPU
		{C46ED5C8-8E57-466D-AF3B-A535D1D0C2A2}.Debug|x86.ActiveCfg = Debug|Any CPU
		{C46ED5C8-8E57-466D-AF3B-A535D1D0C2A2}.Debug|x86.Build.0 = Debug|Any CPU
		{C46ED5C8-8E57-466D-AF3B-A535D1D0C2A2}.Release|Any CPU.ActiveCfg = Release|Any CPU
		{C46ED5C8-8E57-466D-AF3B-A535D1D0C2A2}.Release|Any CPU.Build.0 = Release|Any CPU
		{C46ED5C8-8E57-466D-AF3B-A535D1D0C2A2}.Release|ARM.ActiveCfg = Release|Any CPU
		{C46ED5C8-8E57-466D-AF3B-A535D1D0C2A2}.Release|ARM.Build.0 = Release|Any CPU
		{C46ED5C8-8E57-466D-AF3B-A535D1D0C2A2}.Release|x64.ActiveCfg = Release|Any CPU
		{C46ED5C8-8E57-466D-AF3B-A535D1D0C2A2}.Release|x64.Build.0 = Release|Any CPU
		{C46ED5C8-8E57-466D-AF3B-A535D1D0C2A2}.Release|x86.ActiveCfg = Release|Any CPU
		{C46ED5C8-8E57-466D-AF3B-A535D1D0C2A2}.Release|x86.Build.0 = Release|Any CPU
		{1849727E-EDF2-469E-A487-2AC3AC2B8B7D}.Debug|Any CPU.ActiveCfg = Debug|x86
		{1849727E-EDF2-469E-A487-2AC3AC2B8B7D}.Debug|Any CPU.Build.0 = Debug|x86
		{1849727E-EDF2-469E-A487-2AC3AC2B8B7D}.Debug|Any CPU.Deploy.0 = Debug|x86
		{1849727E-EDF2-469E-A487-2AC3AC2B8B7D}.Debug|ARM.ActiveCfg = Debug|x86
		{1849727E-EDF2-469E-A487-2AC3AC2B8B7D}.Debug|x64.ActiveCfg = Debug|x64
		{1849727E-EDF2-469E-A487-2AC3AC2B8B7D}.Debug|x64.Build.0 = Debug|x64
		{1849727E-EDF2-469E-A487-2AC3AC2B8B7D}.Debug|x64.Deploy.0 = Debug|x64
		{1849727E-EDF2-469E-A487-2AC3AC2B8B7D}.Debug|x86.ActiveCfg = Debug|x86
		{1849727E-EDF2-469E-A487-2AC3AC2B8B7D}.Debug|x86.Build.0 = Debug|x86
		{1849727E-EDF2-469E-A487-2AC3AC2B8B7D}.Debug|x86.Deploy.0 = Debug|x86
		{1849727E-EDF2-469E-A487-2AC3AC2B8B7D}.Release|Any CPU.ActiveCfg = Release|x86
		{1849727E-EDF2-469E-A487-2AC3AC2B8B7D}.Release|Any CPU.Build.0 = Release|x86
		{1849727E-EDF2-469E-A487-2AC3AC2B8B7D}.Release|Any CPU.Deploy.0 = Release|x86
		{1849727E-EDF2-469E-A487-2AC3AC2B8B7D}.Release|ARM.ActiveCfg = Release|x86
		{1849727E-EDF2-469E-A487-2AC3AC2B8B7D}.Release|x64.ActiveCfg = Release|x64
		{1849727E-EDF2-469E-A487-2AC3AC2B8B7D}.Release|x64.Build.0 = Release|x64
		{1849727E-EDF2-469E-A487-2AC3AC2B8B7D}.Release|x64.Deploy.0 = Release|x64
		{1849727E-EDF2-469E-A487-2AC3AC2B8B7D}.Release|x86.ActiveCfg = Release|x86
		{1849727E-EDF2-469E-A487-2AC3AC2B8B7D}.Release|x86.Build.0 = Release|x86
		{1849727E-EDF2-469E-A487-2AC3AC2B8B7D}.Release|x86.Deploy.0 = Release|x86
		{6E8B1040-C037-4C18-A303-9972072C1E0D}.Debug|Any CPU.ActiveCfg = Debug|x86
		{6E8B1040-C037-4C18-A303-9972072C1E0D}.Debug|Any CPU.Build.0 = Debug|x86
		{6E8B1040-C037-4C18-A303-9972072C1E0D}.Debug|Any CPU.Deploy.0 = Debug|x86
		{6E8B1040-C037-4C18-A303-9972072C1E0D}.Debug|ARM.ActiveCfg = Debug|x86
		{6E8B1040-C037-4C18-A303-9972072C1E0D}.Debug|x64.ActiveCfg = Debug|x64
		{6E8B1040-C037-4C18-A303-9972072C1E0D}.Debug|x64.Build.0 = Debug|x64
		{6E8B1040-C037-4C18-A303-9972072C1E0D}.Debug|x64.Deploy.0 = Debug|x64
		{6E8B1040-C037-4C18-A303-9972072C1E0D}.Debug|x86.ActiveCfg = Debug|x86
		{6E8B1040-C037-4C18-A303-9972072C1E0D}.Debug|x86.Build.0 = Debug|x86
		{6E8B1040-C037-4C18-A303-9972072C1E0D}.Debug|x86.Deploy.0 = Debug|x86
		{6E8B1040-C037-4C18-A303-9972072C1E0D}.Release|Any CPU.ActiveCfg = Release|x86
		{6E8B1040-C037-4C18-A303-9972072C1E0D}.Release|ARM.ActiveCfg = Release|x86
		{6E8B1040-C037-4C18-A303-9972072C1E0D}.Release|x64.ActiveCfg = Release|x64
		{6E8B1040-C037-4C18-A303-9972072C1E0D}.Release|x64.Build.0 = Release|x64
		{6E8B1040-C037-4C18-A303-9972072C1E0D}.Release|x64.Deploy.0 = Release|x64
		{6E8B1040-C037-4C18-A303-9972072C1E0D}.Release|x86.ActiveCfg = Release|x86
		{6E8B1040-C037-4C18-A303-9972072C1E0D}.Release|x86.Build.0 = Release|x86
		{6E8B1040-C037-4C18-A303-9972072C1E0D}.Release|x86.Deploy.0 = Release|x86
		{FDACAEF6-75A4-466D-B38C-91D5C9442F56}.Debug|Any CPU.ActiveCfg = Debug|Any CPU
		{FDACAEF6-75A4-466D-B38C-91D5C9442F56}.Debug|Any CPU.Build.0 = Debug|Any CPU
		{FDACAEF6-75A4-466D-B38C-91D5C9442F56}.Debug|ARM.ActiveCfg = Debug|Any CPU
		{FDACAEF6-75A4-466D-B38C-91D5C9442F56}.Debug|ARM.Build.0 = Debug|Any CPU
		{FDACAEF6-75A4-466D-B38C-91D5C9442F56}.Debug|x64.ActiveCfg = Debug|Any CPU
		{FDACAEF6-75A4-466D-B38C-91D5C9442F56}.Debug|x64.Build.0 = Debug|Any CPU
		{FDACAEF6-75A4-466D-B38C-91D5C9442F56}.Debug|x86.ActiveCfg = Debug|Any CPU
		{FDACAEF6-75A4-466D-B38C-91D5C9442F56}.Debug|x86.Build.0 = Debug|Any CPU
		{FDACAEF6-75A4-466D-B38C-91D5C9442F56}.Release|Any CPU.ActiveCfg = Release|Any CPU
		{FDACAEF6-75A4-466D-B38C-91D5C9442F56}.Release|Any CPU.Build.0 = Release|Any CPU
		{FDACAEF6-75A4-466D-B38C-91D5C9442F56}.Release|ARM.ActiveCfg = Release|Any CPU
		{FDACAEF6-75A4-466D-B38C-91D5C9442F56}.Release|ARM.Build.0 = Release|Any CPU
		{FDACAEF6-75A4-466D-B38C-91D5C9442F56}.Release|x64.ActiveCfg = Release|Any CPU
		{FDACAEF6-75A4-466D-B38C-91D5C9442F56}.Release|x64.Build.0 = Release|Any CPU
		{FDACAEF6-75A4-466D-B38C-91D5C9442F56}.Release|x86.ActiveCfg = Release|Any CPU
		{FDACAEF6-75A4-466D-B38C-91D5C9442F56}.Release|x86.Build.0 = Release|Any CPU
		{69FE67F1-E57A-49F5-BBA0-A4DE67A61751}.Debug|Any CPU.ActiveCfg = Debug|Any CPU
		{69FE67F1-E57A-49F5-BBA0-A4DE67A61751}.Debug|Any CPU.Build.0 = Debug|Any CPU
		{69FE67F1-E57A-49F5-BBA0-A4DE67A61751}.Debug|ARM.ActiveCfg = Debug|Any CPU
		{69FE67F1-E57A-49F5-BBA0-A4DE67A61751}.Debug|ARM.Build.0 = Debug|Any CPU
		{69FE67F1-E57A-49F5-BBA0-A4DE67A61751}.Debug|x64.ActiveCfg = Debug|Any CPU
		{69FE67F1-E57A-49F5-BBA0-A4DE67A61751}.Debug|x64.Build.0 = Debug|Any CPU
		{69FE67F1-E57A-49F5-BBA0-A4DE67A61751}.Debug|x86.ActiveCfg = Debug|Any CPU
		{69FE67F1-E57A-49F5-BBA0-A4DE67A61751}.Debug|x86.Build.0 = Debug|Any CPU
		{69FE67F1-E57A-49F5-BBA0-A4DE67A61751}.Release|Any CPU.ActiveCfg = Release|Any CPU
		{69FE67F1-E57A-49F5-BBA0-A4DE67A61751}.Release|Any CPU.Build.0 = Release|Any CPU
		{69FE67F1-E57A-49F5-BBA0-A4DE67A61751}.Release|ARM.ActiveCfg = Release|Any CPU
		{69FE67F1-E57A-49F5-BBA0-A4DE67A61751}.Release|ARM.Build.0 = Release|Any CPU
		{69FE67F1-E57A-49F5-BBA0-A4DE67A61751}.Release|x64.ActiveCfg = Release|Any CPU
		{69FE67F1-E57A-49F5-BBA0-A4DE67A61751}.Release|x64.Build.0 = Release|Any CPU
		{69FE67F1-E57A-49F5-BBA0-A4DE67A61751}.Release|x86.ActiveCfg = Release|Any CPU
		{69FE67F1-E57A-49F5-BBA0-A4DE67A61751}.Release|x86.Build.0 = Release|Any CPU
		{E7348B26-1B9A-45B8-9E03-FB717CBB2163}.Debug|Any CPU.ActiveCfg = Debug|Any CPU
		{E7348B26-1B9A-45B8-9E03-FB717CBB2163}.Debug|Any CPU.Build.0 = Debug|Any CPU
		{E7348B26-1B9A-45B8-9E03-FB717CBB2163}.Debug|ARM.ActiveCfg = Debug|Any CPU
		{E7348B26-1B9A-45B8-9E03-FB717CBB2163}.Debug|ARM.Build.0 = Debug|Any CPU
		{E7348B26-1B9A-45B8-9E03-FB717CBB2163}.Debug|x64.ActiveCfg = Debug|Any CPU
		{E7348B26-1B9A-45B8-9E03-FB717CBB2163}.Debug|x64.Build.0 = Debug|Any CPU
		{E7348B26-1B9A-45B8-9E03-FB717CBB2163}.Debug|x86.ActiveCfg = Debug|Any CPU
		{E7348B26-1B9A-45B8-9E03-FB717CBB2163}.Debug|x86.Build.0 = Debug|Any CPU
		{E7348B26-1B9A-45B8-9E03-FB717CBB2163}.Release|Any CPU.ActiveCfg = Release|Any CPU
		{E7348B26-1B9A-45B8-9E03-FB717CBB2163}.Release|Any CPU.Build.0 = Release|Any CPU
		{E7348B26-1B9A-45B8-9E03-FB717CBB2163}.Release|ARM.ActiveCfg = Release|Any CPU
		{E7348B26-1B9A-45B8-9E03-FB717CBB2163}.Release|ARM.Build.0 = Release|Any CPU
		{E7348B26-1B9A-45B8-9E03-FB717CBB2163}.Release|x64.ActiveCfg = Release|Any CPU
		{E7348B26-1B9A-45B8-9E03-FB717CBB2163}.Release|x64.Build.0 = Release|Any CPU
		{E7348B26-1B9A-45B8-9E03-FB717CBB2163}.Release|x86.ActiveCfg = Release|Any CPU
		{E7348B26-1B9A-45B8-9E03-FB717CBB2163}.Release|x86.Build.0 = Release|Any CPU
		{88443628-5050-471B-8FCD-1067A0FBA1C3}.Debug|Any CPU.ActiveCfg = Debug|Any CPU
		{88443628-5050-471B-8FCD-1067A0FBA1C3}.Debug|Any CPU.Build.0 = Debug|Any CPU
		{88443628-5050-471B-8FCD-1067A0FBA1C3}.Debug|ARM.ActiveCfg = Debug|Any CPU
		{88443628-5050-471B-8FCD-1067A0FBA1C3}.Debug|ARM.Build.0 = Debug|Any CPU
		{88443628-5050-471B-8FCD-1067A0FBA1C3}.Debug|x64.ActiveCfg = Debug|Any CPU
		{88443628-5050-471B-8FCD-1067A0FBA1C3}.Debug|x64.Build.0 = Debug|Any CPU
		{88443628-5050-471B-8FCD-1067A0FBA1C3}.Debug|x86.ActiveCfg = Debug|Any CPU
		{88443628-5050-471B-8FCD-1067A0FBA1C3}.Debug|x86.Build.0 = Debug|Any CPU
		{88443628-5050-471B-8FCD-1067A0FBA1C3}.Release|Any CPU.ActiveCfg = Release|Any CPU
		{88443628-5050-471B-8FCD-1067A0FBA1C3}.Release|Any CPU.Build.0 = Release|Any CPU
		{88443628-5050-471B-8FCD-1067A0FBA1C3}.Release|ARM.ActiveCfg = Release|Any CPU
		{88443628-5050-471B-8FCD-1067A0FBA1C3}.Release|ARM.Build.0 = Release|Any CPU
		{88443628-5050-471B-8FCD-1067A0FBA1C3}.Release|x64.ActiveCfg = Release|Any CPU
		{88443628-5050-471B-8FCD-1067A0FBA1C3}.Release|x64.Build.0 = Release|Any CPU
		{88443628-5050-471B-8FCD-1067A0FBA1C3}.Release|x86.ActiveCfg = Release|Any CPU
		{88443628-5050-471B-8FCD-1067A0FBA1C3}.Release|x86.Build.0 = Release|Any CPU
		{DE7E91CD-0F21-48D7-90F7-78A679947EDA}.Debug|Any CPU.ActiveCfg = Debug|Any CPU
		{DE7E91CD-0F21-48D7-90F7-78A679947EDA}.Debug|Any CPU.Build.0 = Debug|Any CPU
		{DE7E91CD-0F21-48D7-90F7-78A679947EDA}.Debug|ARM.ActiveCfg = Debug|Any CPU
		{DE7E91CD-0F21-48D7-90F7-78A679947EDA}.Debug|ARM.Build.0 = Debug|Any CPU
		{DE7E91CD-0F21-48D7-90F7-78A679947EDA}.Debug|x64.ActiveCfg = Debug|Any CPU
		{DE7E91CD-0F21-48D7-90F7-78A679947EDA}.Debug|x64.Build.0 = Debug|Any CPU
		{DE7E91CD-0F21-48D7-90F7-78A679947EDA}.Debug|x86.ActiveCfg = Debug|Any CPU
		{DE7E91CD-0F21-48D7-90F7-78A679947EDA}.Debug|x86.Build.0 = Debug|Any CPU
		{DE7E91CD-0F21-48D7-90F7-78A679947EDA}.Release|Any CPU.ActiveCfg = Release|Any CPU
		{DE7E91CD-0F21-48D7-90F7-78A679947EDA}.Release|Any CPU.Build.0 = Release|Any CPU
		{DE7E91CD-0F21-48D7-90F7-78A679947EDA}.Release|ARM.ActiveCfg = Release|Any CPU
		{DE7E91CD-0F21-48D7-90F7-78A679947EDA}.Release|ARM.Build.0 = Release|Any CPU
		{DE7E91CD-0F21-48D7-90F7-78A679947EDA}.Release|x64.ActiveCfg = Release|Any CPU
		{DE7E91CD-0F21-48D7-90F7-78A679947EDA}.Release|x64.Build.0 = Release|Any CPU
		{DE7E91CD-0F21-48D7-90F7-78A679947EDA}.Release|x86.ActiveCfg = Release|Any CPU
		{DE7E91CD-0F21-48D7-90F7-78A679947EDA}.Release|x86.Build.0 = Release|Any CPU
		{32252305-1E35-4DDA-94F9-64D73EED42A8}.Debug|Any CPU.ActiveCfg = Debug|Any CPU
		{32252305-1E35-4DDA-94F9-64D73EED42A8}.Debug|Any CPU.Build.0 = Debug|Any CPU
		{32252305-1E35-4DDA-94F9-64D73EED42A8}.Debug|ARM.ActiveCfg = Debug|Any CPU
		{32252305-1E35-4DDA-94F9-64D73EED42A8}.Debug|ARM.Build.0 = Debug|Any CPU
		{32252305-1E35-4DDA-94F9-64D73EED42A8}.Debug|x64.ActiveCfg = Debug|Any CPU
		{32252305-1E35-4DDA-94F9-64D73EED42A8}.Debug|x64.Build.0 = Debug|Any CPU
		{32252305-1E35-4DDA-94F9-64D73EED42A8}.Debug|x86.ActiveCfg = Debug|Any CPU
		{32252305-1E35-4DDA-94F9-64D73EED42A8}.Debug|x86.Build.0 = Debug|Any CPU
		{32252305-1E35-4DDA-94F9-64D73EED42A8}.Release|Any CPU.ActiveCfg = Release|Any CPU
		{32252305-1E35-4DDA-94F9-64D73EED42A8}.Release|Any CPU.Build.0 = Release|Any CPU
		{32252305-1E35-4DDA-94F9-64D73EED42A8}.Release|ARM.ActiveCfg = Release|Any CPU
		{32252305-1E35-4DDA-94F9-64D73EED42A8}.Release|ARM.Build.0 = Release|Any CPU
		{32252305-1E35-4DDA-94F9-64D73EED42A8}.Release|x64.ActiveCfg = Release|Any CPU
		{32252305-1E35-4DDA-94F9-64D73EED42A8}.Release|x64.Build.0 = Release|Any CPU
		{32252305-1E35-4DDA-94F9-64D73EED42A8}.Release|x86.ActiveCfg = Release|Any CPU
		{32252305-1E35-4DDA-94F9-64D73EED42A8}.Release|x86.Build.0 = Release|Any CPU
		{9520CB51-3E00-4303-9C3F-1960F10BAF6D}.Debug|Any CPU.ActiveCfg = Debug|Any CPU
		{9520CB51-3E00-4303-9C3F-1960F10BAF6D}.Debug|Any CPU.Build.0 = Debug|Any CPU
		{9520CB51-3E00-4303-9C3F-1960F10BAF6D}.Debug|ARM.ActiveCfg = Debug|Any CPU
		{9520CB51-3E00-4303-9C3F-1960F10BAF6D}.Debug|ARM.Build.0 = Debug|Any CPU
		{9520CB51-3E00-4303-9C3F-1960F10BAF6D}.Debug|x64.ActiveCfg = Debug|Any CPU
		{9520CB51-3E00-4303-9C3F-1960F10BAF6D}.Debug|x64.Build.0 = Debug|Any CPU
		{9520CB51-3E00-4303-9C3F-1960F10BAF6D}.Debug|x86.ActiveCfg = Debug|Any CPU
		{9520CB51-3E00-4303-9C3F-1960F10BAF6D}.Debug|x86.Build.0 = Debug|Any CPU
		{9520CB51-3E00-4303-9C3F-1960F10BAF6D}.Release|Any CPU.ActiveCfg = Release|Any CPU
		{9520CB51-3E00-4303-9C3F-1960F10BAF6D}.Release|Any CPU.Build.0 = Release|Any CPU
		{9520CB51-3E00-4303-9C3F-1960F10BAF6D}.Release|ARM.ActiveCfg = Release|Any CPU
		{9520CB51-3E00-4303-9C3F-1960F10BAF6D}.Release|ARM.Build.0 = Release|Any CPU
		{9520CB51-3E00-4303-9C3F-1960F10BAF6D}.Release|x64.ActiveCfg = Release|Any CPU
		{9520CB51-3E00-4303-9C3F-1960F10BAF6D}.Release|x64.Build.0 = Release|Any CPU
		{9520CB51-3E00-4303-9C3F-1960F10BAF6D}.Release|x86.ActiveCfg = Release|Any CPU
		{9520CB51-3E00-4303-9C3F-1960F10BAF6D}.Release|x86.Build.0 = Release|Any CPU
		{55B45BF6-4070-4269-8BFD-B473273A434C}.Debug|Any CPU.ActiveCfg = Debug|Any CPU
		{55B45BF6-4070-4269-8BFD-B473273A434C}.Debug|Any CPU.Build.0 = Debug|Any CPU
		{55B45BF6-4070-4269-8BFD-B473273A434C}.Debug|ARM.ActiveCfg = Debug|Any CPU
		{55B45BF6-4070-4269-8BFD-B473273A434C}.Debug|ARM.Build.0 = Debug|Any CPU
		{55B45BF6-4070-4269-8BFD-B473273A434C}.Debug|x64.ActiveCfg = Debug|Any CPU
		{55B45BF6-4070-4269-8BFD-B473273A434C}.Debug|x64.Build.0 = Debug|Any CPU
		{55B45BF6-4070-4269-8BFD-B473273A434C}.Debug|x86.ActiveCfg = Debug|Any CPU
		{55B45BF6-4070-4269-8BFD-B473273A434C}.Debug|x86.Build.0 = Debug|Any CPU
		{55B45BF6-4070-4269-8BFD-B473273A434C}.Release|Any CPU.ActiveCfg = Release|Any CPU
		{55B45BF6-4070-4269-8BFD-B473273A434C}.Release|Any CPU.Build.0 = Release|Any CPU
		{55B45BF6-4070-4269-8BFD-B473273A434C}.Release|ARM.ActiveCfg = Release|Any CPU
		{55B45BF6-4070-4269-8BFD-B473273A434C}.Release|ARM.Build.0 = Release|Any CPU
		{55B45BF6-4070-4269-8BFD-B473273A434C}.Release|x64.ActiveCfg = Release|Any CPU
		{55B45BF6-4070-4269-8BFD-B473273A434C}.Release|x64.Build.0 = Release|Any CPU
		{55B45BF6-4070-4269-8BFD-B473273A434C}.Release|x86.ActiveCfg = Release|Any CPU
		{55B45BF6-4070-4269-8BFD-B473273A434C}.Release|x86.Build.0 = Release|Any CPU
		{0B738A8B-60A9-4391-AD26-8DE29D35E54A}.Debug|Any CPU.ActiveCfg = Debug|Any CPU
		{0B738A8B-60A9-4391-AD26-8DE29D35E54A}.Debug|Any CPU.Build.0 = Debug|Any CPU
		{0B738A8B-60A9-4391-AD26-8DE29D35E54A}.Debug|ARM.ActiveCfg = Debug|Any CPU
		{0B738A8B-60A9-4391-AD26-8DE29D35E54A}.Debug|ARM.Build.0 = Debug|Any CPU
		{0B738A8B-60A9-4391-AD26-8DE29D35E54A}.Debug|x64.ActiveCfg = Debug|Any CPU
		{0B738A8B-60A9-4391-AD26-8DE29D35E54A}.Debug|x64.Build.0 = Debug|Any CPU
		{0B738A8B-60A9-4391-AD26-8DE29D35E54A}.Debug|x86.ActiveCfg = Debug|Any CPU
		{0B738A8B-60A9-4391-AD26-8DE29D35E54A}.Debug|x86.Build.0 = Debug|Any CPU
		{0B738A8B-60A9-4391-AD26-8DE29D35E54A}.Release|Any CPU.ActiveCfg = Release|Any CPU
		{0B738A8B-60A9-4391-AD26-8DE29D35E54A}.Release|Any CPU.Build.0 = Release|Any CPU
		{0B738A8B-60A9-4391-AD26-8DE29D35E54A}.Release|ARM.ActiveCfg = Release|Any CPU
		{0B738A8B-60A9-4391-AD26-8DE29D35E54A}.Release|ARM.Build.0 = Release|Any CPU
		{0B738A8B-60A9-4391-AD26-8DE29D35E54A}.Release|x64.ActiveCfg = Release|Any CPU
		{0B738A8B-60A9-4391-AD26-8DE29D35E54A}.Release|x64.Build.0 = Release|Any CPU
		{0B738A8B-60A9-4391-AD26-8DE29D35E54A}.Release|x86.ActiveCfg = Release|Any CPU
		{0B738A8B-60A9-4391-AD26-8DE29D35E54A}.Release|x86.Build.0 = Release|Any CPU
		{4FAA46A9-0B37-4855-8F1D-107D2D7A689F}.Debug|Any CPU.ActiveCfg = Debug|Any CPU
		{4FAA46A9-0B37-4855-8F1D-107D2D7A689F}.Debug|Any CPU.Build.0 = Debug|Any CPU
		{4FAA46A9-0B37-4855-8F1D-107D2D7A689F}.Debug|ARM.ActiveCfg = Debug|Any CPU
		{4FAA46A9-0B37-4855-8F1D-107D2D7A689F}.Debug|ARM.Build.0 = Debug|Any CPU
		{4FAA46A9-0B37-4855-8F1D-107D2D7A689F}.Debug|x64.ActiveCfg = Debug|Any CPU
		{4FAA46A9-0B37-4855-8F1D-107D2D7A689F}.Debug|x64.Build.0 = Debug|Any CPU
		{4FAA46A9-0B37-4855-8F1D-107D2D7A689F}.Debug|x86.ActiveCfg = Debug|Any CPU
		{4FAA46A9-0B37-4855-8F1D-107D2D7A689F}.Debug|x86.Build.0 = Debug|Any CPU
		{4FAA46A9-0B37-4855-8F1D-107D2D7A689F}.Release|Any CPU.ActiveCfg = Release|Any CPU
		{4FAA46A9-0B37-4855-8F1D-107D2D7A689F}.Release|Any CPU.Build.0 = Release|Any CPU
		{4FAA46A9-0B37-4855-8F1D-107D2D7A689F}.Release|ARM.ActiveCfg = Release|Any CPU
		{4FAA46A9-0B37-4855-8F1D-107D2D7A689F}.Release|ARM.Build.0 = Release|Any CPU
		{4FAA46A9-0B37-4855-8F1D-107D2D7A689F}.Release|x64.ActiveCfg = Release|Any CPU
		{4FAA46A9-0B37-4855-8F1D-107D2D7A689F}.Release|x64.Build.0 = Release|Any CPU
		{4FAA46A9-0B37-4855-8F1D-107D2D7A689F}.Release|x86.ActiveCfg = Release|Any CPU
		{4FAA46A9-0B37-4855-8F1D-107D2D7A689F}.Release|x86.Build.0 = Release|Any CPU
		{85373931-671F-453B-8324-171D6507751F}.Debug|Any CPU.ActiveCfg = Debug|Any CPU
		{85373931-671F-453B-8324-171D6507751F}.Debug|Any CPU.Build.0 = Debug|Any CPU
		{85373931-671F-453B-8324-171D6507751F}.Debug|ARM.ActiveCfg = Debug|Any CPU
		{85373931-671F-453B-8324-171D6507751F}.Debug|ARM.Build.0 = Debug|Any CPU
		{85373931-671F-453B-8324-171D6507751F}.Debug|x64.ActiveCfg = Debug|Any CPU
		{85373931-671F-453B-8324-171D6507751F}.Debug|x64.Build.0 = Debug|Any CPU
		{85373931-671F-453B-8324-171D6507751F}.Debug|x86.ActiveCfg = Debug|Any CPU
		{85373931-671F-453B-8324-171D6507751F}.Debug|x86.Build.0 = Debug|Any CPU
		{85373931-671F-453B-8324-171D6507751F}.Release|Any CPU.ActiveCfg = Release|Any CPU
		{85373931-671F-453B-8324-171D6507751F}.Release|Any CPU.Build.0 = Release|Any CPU
		{85373931-671F-453B-8324-171D6507751F}.Release|ARM.ActiveCfg = Release|Any CPU
		{85373931-671F-453B-8324-171D6507751F}.Release|ARM.Build.0 = Release|Any CPU
		{85373931-671F-453B-8324-171D6507751F}.Release|x64.ActiveCfg = Release|Any CPU
		{85373931-671F-453B-8324-171D6507751F}.Release|x64.Build.0 = Release|Any CPU
		{85373931-671F-453B-8324-171D6507751F}.Release|x86.ActiveCfg = Release|Any CPU
		{85373931-671F-453B-8324-171D6507751F}.Release|x86.Build.0 = Release|Any CPU
		{6C856112-DABD-46A1-AB5A-991E3B36684F}.Debug|Any CPU.ActiveCfg = Debug|Any CPU
		{6C856112-DABD-46A1-AB5A-991E3B36684F}.Debug|Any CPU.Build.0 = Debug|Any CPU
		{6C856112-DABD-46A1-AB5A-991E3B36684F}.Debug|ARM.ActiveCfg = Debug|Any CPU
		{6C856112-DABD-46A1-AB5A-991E3B36684F}.Debug|ARM.Build.0 = Debug|Any CPU
		{6C856112-DABD-46A1-AB5A-991E3B36684F}.Debug|x64.ActiveCfg = Debug|Any CPU
		{6C856112-DABD-46A1-AB5A-991E3B36684F}.Debug|x64.Build.0 = Debug|Any CPU
		{6C856112-DABD-46A1-AB5A-991E3B36684F}.Debug|x86.ActiveCfg = Debug|Any CPU
		{6C856112-DABD-46A1-AB5A-991E3B36684F}.Debug|x86.Build.0 = Debug|Any CPU
		{6C856112-DABD-46A1-AB5A-991E3B36684F}.Release|Any CPU.ActiveCfg = Release|Any CPU
		{6C856112-DABD-46A1-AB5A-991E3B36684F}.Release|Any CPU.Build.0 = Release|Any CPU
		{6C856112-DABD-46A1-AB5A-991E3B36684F}.Release|ARM.ActiveCfg = Release|Any CPU
		{6C856112-DABD-46A1-AB5A-991E3B36684F}.Release|ARM.Build.0 = Release|Any CPU
		{6C856112-DABD-46A1-AB5A-991E3B36684F}.Release|x64.ActiveCfg = Release|Any CPU
		{6C856112-DABD-46A1-AB5A-991E3B36684F}.Release|x64.Build.0 = Release|Any CPU
		{6C856112-DABD-46A1-AB5A-991E3B36684F}.Release|x86.ActiveCfg = Release|Any CPU
		{6C856112-DABD-46A1-AB5A-991E3B36684F}.Release|x86.Build.0 = Release|Any CPU
	EndGlobalSection
	GlobalSection(SolutionProperties) = preSolution
		HideSolutionNode = FALSE
	EndGlobalSection
	GlobalSection(ExtensibilityGlobals) = postSolution
		SolutionGuid = {19C6B48B-DD09-44C7-B508-863CE8722148}
	EndGlobalSection
	GlobalSection(Performance) = preSolution
		HasPerformanceSessions = true
	EndGlobalSection
	GlobalSection(Performance) = preSolution
		HasPerformanceSessions = true
	EndGlobalSection
EndGlobal
