
Microsoft Visual Studio Solution File, Format Version 12.00
# Visual Studio Version 17
VisualStudioVersion = 17.5.002.0
MinimumVisualStudioVersion = 10.0.40219.1
Project("{9A19103F-16F7-4668-BE54-9A1E7A4F7556}") = "CebBlazor.Maui", "CebBlazor.Maui.csproj", "{FD77929F-9CAA-4349-9581-96F411C0C33D}"
EndProject
Project("{9A19103F-16F7-4668-BE54-9A1E7A4F7556}") = "CompteEstBon", "..\CompteEstBon\CompteEstBon.csproj", "{9B7A98EF-9A94-442B-B938-34765AA490E1}"
EndProject
Project("{9A19103F-16F7-4668-BE54-9A1E7A4F7556}") = "arnaud.morin.outils", "..\Outils\arnaud.morin.outils.csproj", "{3000C003-B08D-4423-8E8F-D1C6BCD07B72}"
EndProject
Project("{9A19103F-16F7-4668-BE54-9A1E7A4F7556}") = "CebExport", "..\SFCebOffice\CebExport.csproj", "{0C407CF3-A2CE-4757-88F1-7D99B9439BD0}"
EndProject
Global
	GlobalSection(SolutionConfigurationPlatforms) = preSolution
		Debug|Any CPU = Debug|Any CPU
		Debug|x64 = Debug|x64
		Release|Any CPU = Release|Any CPU
		Release|x64 = Release|x64
	EndGlobalSection
	GlobalSection(ProjectConfigurationPlatforms) = postSolution
		{FD77929F-9CAA-4349-9581-96F411C0C33D}.Debug|Any CPU.ActiveCfg = Debug|Any CPU
		{FD77929F-9CAA-4349-9581-96F411C0C33D}.Debug|Any CPU.Build.0 = Debug|Any CPU
		{FD77929F-9CAA-4349-9581-96F411C0C33D}.Debug|Any CPU.Deploy.0 = Debug|Any CPU
		{FD77929F-9CAA-4349-9581-96F411C0C33D}.Debug|x64.ActiveCfg = Debug|Any CPU
		{FD77929F-9CAA-4349-9581-96F411C0C33D}.Debug|x64.Build.0 = Debug|Any CPU
		{FD77929F-9CAA-4349-9581-96F411C0C33D}.Debug|x64.Deploy.0 = Debug|Any CPU
		{FD77929F-9CAA-4349-9581-96F411C0C33D}.Release|Any CPU.ActiveCfg = Release|Any CPU
		{FD77929F-9CAA-4349-9581-96F411C0C33D}.Release|Any CPU.Build.0 = Release|Any CPU
		{FD77929F-9CAA-4349-9581-96F411C0C33D}.Release|x64.ActiveCfg = Release|Any CPU
		{FD77929F-9CAA-4349-9581-96F411C0C33D}.Release|x64.Build.0 = Release|Any CPU
		{FD77929F-9CAA-4349-9581-96F411C0C33D}.Release|x64.Deploy.0 = Release|Any CPU
		{9B7A98EF-9A94-442B-B938-34765AA490E1}.Debug|Any CPU.ActiveCfg = Debug|Any CPU
		{9B7A98EF-9A94-442B-B938-34765AA490E1}.Debug|Any CPU.Build.0 = Debug|Any CPU
		{9B7A98EF-9A94-442B-B938-34765AA490E1}.Debug|x64.ActiveCfg = Debug|x64
		{9B7A98EF-9A94-442B-B938-34765AA490E1}.Debug|x64.Build.0 = Debug|x64
		{9B7A98EF-9A94-442B-B938-34765AA490E1}.Release|Any CPU.ActiveCfg = Release|Any CPU
		{9B7A98EF-9A94-442B-B938-34765AA490E1}.Release|Any CPU.Build.0 = Release|Any CPU
		{9B7A98EF-9A94-442B-B938-34765AA490E1}.Release|x64.ActiveCfg = Release|x64
		{9B7A98EF-9A94-442B-B938-34765AA490E1}.Release|x64.Build.0 = Release|x64
		{3000C003-B08D-4423-8E8F-D1C6BCD07B72}.Debug|Any CPU.ActiveCfg = Debug|Any CPU
		{3000C003-B08D-4423-8E8F-D1C6BCD07B72}.Debug|Any CPU.Build.0 = Debug|Any CPU
		{3000C003-B08D-4423-8E8F-D1C6BCD07B72}.Debug|x64.ActiveCfg = Debug|Any CPU
		{3000C003-B08D-4423-8E8F-D1C6BCD07B72}.Debug|x64.Build.0 = Debug|Any CPU
		{3000C003-B08D-4423-8E8F-D1C6BCD07B72}.Release|Any CPU.ActiveCfg = Release|Any CPU
		{3000C003-B08D-4423-8E8F-D1C6BCD07B72}.Release|Any CPU.Build.0 = Release|Any CPU
		{3000C003-B08D-4423-8E8F-D1C6BCD07B72}.Release|x64.ActiveCfg = Release|Any CPU
		{3000C003-B08D-4423-8E8F-D1C6BCD07B72}.Release|x64.Build.0 = Release|Any CPU
		{0C407CF3-A2CE-4757-88F1-7D99B9439BD0}.Debug|Any CPU.ActiveCfg = Debug|Any CPU
		{0C407CF3-A2CE-4757-88F1-7D99B9439BD0}.Debug|Any CPU.Build.0 = Debug|Any CPU
		{0C407CF3-A2CE-4757-88F1-7D99B9439BD0}.Debug|x64.ActiveCfg = Debug|Any CPU
		{0C407CF3-A2CE-4757-88F1-7D99B9439BD0}.Debug|x64.Build.0 = Debug|Any CPU
		{0C407CF3-A2CE-4757-88F1-7D99B9439BD0}.Release|Any CPU.ActiveCfg = Release|Any CPU
		{0C407CF3-A2CE-4757-88F1-7D99B9439BD0}.Release|Any CPU.Build.0 = Release|Any CPU
		{0C407CF3-A2CE-4757-88F1-7D99B9439BD0}.Release|x64.ActiveCfg = Release|Any CPU
		{0C407CF3-A2CE-4757-88F1-7D99B9439BD0}.Release|x64.Build.0 = Release|Any CPU
	EndGlobalSection
	GlobalSection(SolutionProperties) = preSolution
		HideSolutionNode = FALSE
	EndGlobalSection
	GlobalSection(ExtensibilityGlobals) = postSolution
		SolutionGuid = {0AC1C09E-72B2-423F-AFE8-D965BA99EC9B}
	EndGlobalSection
EndGlobal
