
Microsoft Visual Studio Solution File, Format Version 12.00
# Visual Studio Version 17
VisualStudioVersion = 17.5.002.0
MinimumVisualStudioVersion = 10.0.40219.1
Project("{9A19103F-16F7-4668-BE54-9A1E7A4F7556}") = "CebBlazor.Maui", "CebBlazor.Maui.csproj", "{FD77929F-9CAA-4349-9581-96F411C0C33D}"
EndProject
Global
	GlobalSection(SolutionConfigurationPlatforms) = preSolution
		Debug|Any CPU = Debug|Any CPU
		Release|Any CPU = Release|Any CPU
	EndGlobalSection
	GlobalSection(ProjectConfigurationPlatforms) = postSolution
		{FD77929F-9CAA-4349-9581-96F411C0C33D}.Debug|Any CPU.ActiveCfg = Debug|Any CPU
		{FD77929F-9CAA-4349-9581-96F411C0C33D}.Debug|Any CPU.Build.0 = Debug|Any CPU
		{FD77929F-9CAA-4349-9581-96F411C0C33D}.Release|Any CPU.ActiveCfg = Release|Any CPU
		{FD77929F-9CAA-4349-9581-96F411C0C33D}.Release|Any CPU.Build.0 = Release|Any CPU
	EndGlobalSection
	GlobalSection(SolutionProperties) = preSolution
		HideSolutionNode = FALSE
	EndGlobalSection
	GlobalSection(ExtensibilityGlobals) = postSolution
		SolutionGuid = {0AC1C09E-72B2-423F-AFE8-D965BA99EC9B}
	EndGlobalSection
EndGlobal
