# THIS IS AN AUTOGENERATED FILE. DO NOT EDIT THIS FILE DIRECTLY.
# yarn lockfile v1


"@fortawesome/fontawesome-free@^6.6.0":
  version "6.6.0"
  resolved "https://registry.yarnpkg.com/@fortawesome/fontawesome-free/-/fontawesome-free-6.6.0.tgz#0e984f0f2344ee513c185d87d77defac4c0c8224"
  integrity sha512-60G28ke/sXdtS9KZCpZSHHkCbdsOGEhIUGlwq6yhY74UpTiToIh8np7A8yphhM4BWsvNFtIvLpi4co+h9Mr9Ow==

"@syncfusion/ej2-barcode-generator@~26.2.13":
  version "26.2.13"
  resolved "https://registry.yarnpkg.com/@syncfusion/ej2-barcode-generator/-/ej2-barcode-generator-26.2.13.tgz#688ab8ed0bd9790e4f10904cec41f51f76a69027"
  integrity sha512-6VPsDxtNmSRAQAKnhU0JYIVGDXVMbx2IC+2IlDt7wEZCUa8qI1YQZUdueywKJdCbi7ExZaDNUIJ7ZgY/Tz8v9w==
  dependencies:
    "@syncfusion/ej2-base" "~26.2.10"
    "@syncfusion/ej2-data" "~26.2.10"

"@syncfusion/ej2-base@~26.2.10":
  version "26.2.10"
  resolved "https://registry.yarnpkg.com/@syncfusion/ej2-base/-/ej2-base-26.2.10.tgz#49b7bb04416974d64bc3c2c3dd5915be93766545"
  integrity sha512-i7TCvXGNsHmCoLA9AlHn3dIAyH8Bce6KCZUGshJS0EKu623SkVKjvWVWtgfar75/8SbTGWZQlGqEW5egYm3uTA==
  dependencies:
    "@syncfusion/ej2-icons" "~26.2.10"

"@syncfusion/ej2-buttons@~26.2.10":
  version "26.2.10"
  resolved "https://registry.yarnpkg.com/@syncfusion/ej2-buttons/-/ej2-buttons-26.2.10.tgz#4d10763e6e8844b29b0f90be93e262f2302656b6"
  integrity sha512-WcErxTAI9r5PQQSOQNSWsaKfzYdSww+YeQaT4SO1xItMPDAEhWSqscnTMk46vDg6w5vRbAbB1US+3BAXJtOS1w==
  dependencies:
    "@syncfusion/ej2-base" "~26.2.10"

"@syncfusion/ej2-calendars@~26.2.10", "@syncfusion/ej2-calendars@~26.2.11", "@syncfusion/ej2-calendars@~26.2.12":
  version "26.2.12"
  resolved "https://registry.yarnpkg.com/@syncfusion/ej2-calendars/-/ej2-calendars-26.2.12.tgz#4c0056b29319f35fb8658f8c42af75b1ff4b5f45"
  integrity sha512-6sAauvGexP2Wg7FodNi6ewna1JRyKS7VuKfPYh5Q6i3xrq0AvgxiZk7xaL3oq+U3t59w/de/S+eq4cpQSpI93Q==
  dependencies:
    "@syncfusion/ej2-base" "~26.2.10"
    "@syncfusion/ej2-buttons" "~26.2.10"
    "@syncfusion/ej2-inputs" "~26.2.11"
    "@syncfusion/ej2-lists" "~26.2.11"
    "@syncfusion/ej2-popups" "~26.2.11"

"@syncfusion/ej2-charts@~26.2.10", "@syncfusion/ej2-charts@~26.2.12":
  version "26.2.12"
  resolved "https://registry.yarnpkg.com/@syncfusion/ej2-charts/-/ej2-charts-26.2.12.tgz#972e20430160a898d6044b213baa76ca7de7db18"
  integrity sha512-7beRhl0xKg+YBQYjN9hzDgBzSzltwFraE7C33lc3zzuMco8B6+yiVduoMOd+8Z+UOhzMKStPh++xNJK05dPoFw==
  dependencies:
    "@syncfusion/ej2-base" "~26.2.10"
    "@syncfusion/ej2-calendars" "~26.2.12"
    "@syncfusion/ej2-data" "~26.2.10"
    "@syncfusion/ej2-excel-export" "~26.2.11"
    "@syncfusion/ej2-navigations" "~26.2.12"
    "@syncfusion/ej2-pdf-export" "~26.2.11"
    "@syncfusion/ej2-svg-base" "~26.2.10"

"@syncfusion/ej2-circulargauge@~26.2.10":
  version "26.2.10"
  resolved "https://registry.yarnpkg.com/@syncfusion/ej2-circulargauge/-/ej2-circulargauge-26.2.10.tgz#ca8c00b28104a8371a98c0c246fa39538f9d897f"
  integrity sha512-H8yFAmwgzB/YEufwhCUBw/TrPW23ZJbKX/U60d8tvTSKyTxSYUjyjxEo8KsHZtOKpmGQhZTXdcsEGZckSJ8IcA==
  dependencies:
    "@syncfusion/ej2-base" "~26.2.10"
    "@syncfusion/ej2-pdf-export" "~26.2.10"
    "@syncfusion/ej2-svg-base" "~26.2.10"

"@syncfusion/ej2-compression@~26.2.10":
  version "26.2.10"
  resolved "https://registry.yarnpkg.com/@syncfusion/ej2-compression/-/ej2-compression-26.2.10.tgz#56a0309e676fa1619c371b2fac66256616793b04"
  integrity sha512-cCcABW1SUG+O8lGKzAj3zi7yLguslFVxEFSfMk9GWajC9SNgzICiKo7HR8Sz3HG9M4tmrH5aNKqM2mbYG6Lr0Q==
  dependencies:
    "@syncfusion/ej2-file-utils" "~26.2.10"

"@syncfusion/ej2-data@~26.2.10":
  version "26.2.10"
  resolved "https://registry.yarnpkg.com/@syncfusion/ej2-data/-/ej2-data-26.2.10.tgz#47ca6806ecab233977768ff912ea76b5b0980c7e"
  integrity sha512-4Hx2dzY6h8n9udGSW/J/dNIMHr9otcc2Q2W+7Gx+rttPjKVuNDpPg6+ZSocqWw98eU/3XuIf5AKMJaVtW98Mdg==
  dependencies:
    "@syncfusion/ej2-base" "~26.2.10"

"@syncfusion/ej2-diagrams@~26.2.12":
  version "26.2.12"
  resolved "https://registry.yarnpkg.com/@syncfusion/ej2-diagrams/-/ej2-diagrams-26.2.12.tgz#f55cbe9828673141b7780cd3e2054346ae170a3d"
  integrity sha512-HhOwcwbMarfMcGpnUYg/LHjNy4EJe3qllywoQPX7iH1roba7nfREzgDskl8rPmtOnB89x5JsyvHrb+1/hOCxvA==
  dependencies:
    "@syncfusion/ej2-base" "~26.2.10"
    "@syncfusion/ej2-buttons" "~26.2.10"
    "@syncfusion/ej2-data" "~26.2.10"
    "@syncfusion/ej2-inputs" "~26.2.11"
    "@syncfusion/ej2-lists" "~26.2.11"
    "@syncfusion/ej2-navigations" "~26.2.12"
    "@syncfusion/ej2-popups" "~26.2.11"

"@syncfusion/ej2-documenteditor@~26.2.11":
  version "26.2.11"
  resolved "https://registry.yarnpkg.com/@syncfusion/ej2-documenteditor/-/ej2-documenteditor-26.2.11.tgz#85e3088c046c0ebb6f420df1222e553240031563"
  integrity sha512-Viw0XwxzcJOQk0nW5/9uJ4POjPeS4JPpvm9WJS/i5fqu4RaZkbMdbHvEZ1v5GLwzhfoWYC9FlFC7wSYNBwGWGg==
  dependencies:
    "@syncfusion/ej2-base" "~26.2.10"
    "@syncfusion/ej2-buttons" "~26.2.10"
    "@syncfusion/ej2-calendars" "~26.2.11"
    "@syncfusion/ej2-compression" "~26.2.10"
    "@syncfusion/ej2-dropdowns" "~26.2.11"
    "@syncfusion/ej2-file-utils" "~26.2.10"
    "@syncfusion/ej2-inputs" "~26.2.11"
    "@syncfusion/ej2-navigations" "~26.2.11"
    "@syncfusion/ej2-office-chart" "~26.2.10"
    "@syncfusion/ej2-popups" "~26.2.11"
    "@syncfusion/ej2-splitbuttons" "~26.2.10"

"@syncfusion/ej2-drawings@~26.2.12", "@syncfusion/ej2-drawings@~26.2.13":
  version "26.2.13"
  resolved "https://registry.yarnpkg.com/@syncfusion/ej2-drawings/-/ej2-drawings-26.2.13.tgz#aed3e1bbb2f1a6fcd6a5ac741645d69169092076"
  integrity sha512-2+xjCMJVGHvqp6dyzXIKxPpIja7kcQSB13EOW9uCB4iiAOVW9UKaThW6r3KCcdN7eps8Iw9K4EKnkQAhf15LrQ==
  dependencies:
    "@syncfusion/ej2-base" "~26.2.10"
    "@syncfusion/ej2-data" "~26.2.10"

"@syncfusion/ej2-dropdowns@~26.2.10", "@syncfusion/ej2-dropdowns@~26.2.11", "@syncfusion/ej2-dropdowns@~26.2.13":
  version "26.2.13"
  resolved "https://registry.yarnpkg.com/@syncfusion/ej2-dropdowns/-/ej2-dropdowns-26.2.13.tgz#2812e06c9c15bbaa7de5588ea619904dd93ab56c"
  integrity sha512-aRQyN5unJz2bnXL90zuE23rG5l8Q4y24ymigL33chsa+bWQw7Fx8MCHXqNostzo2A4qtsL6FLT7MoCOnGYpmkg==
  dependencies:
    "@syncfusion/ej2-base" "~26.2.10"
    "@syncfusion/ej2-data" "~26.2.10"
    "@syncfusion/ej2-inputs" "~26.2.13"
    "@syncfusion/ej2-lists" "~26.2.11"
    "@syncfusion/ej2-navigations" "~26.2.12"
    "@syncfusion/ej2-notifications" "~26.2.10"
    "@syncfusion/ej2-popups" "~26.2.11"

"@syncfusion/ej2-excel-export@~26.2.11":
  version "26.2.11"
  resolved "https://registry.yarnpkg.com/@syncfusion/ej2-excel-export/-/ej2-excel-export-26.2.11.tgz#b1134585efbc1c3d4c03640a70904de046145275"
  integrity sha512-R0Q3QXXEDvdRrWrQIIxuGcJJCLPqrJpSlvGIw9SNmaB4FCOxDhgqHjrzorAremGw4e4Ke9lq0S5MZhaPU9Tebg==
  dependencies:
    "@syncfusion/ej2-base" "~26.2.10"
    "@syncfusion/ej2-compression" "~26.2.10"

"@syncfusion/ej2-file-utils@~26.2.10":
  version "26.2.10"
  resolved "https://registry.yarnpkg.com/@syncfusion/ej2-file-utils/-/ej2-file-utils-26.2.10.tgz#9fb0ed3d49cdd17d515987a8c0dc6b6fffdedb0f"
  integrity sha512-sHWGPT6PrZcNKqNl27tfntEMjL6Ctr2dbTtsacTnlf68tM1dGyYSdKuGtE/Rhn866oCCCKyRvTmItEeh6MINOw==

"@syncfusion/ej2-filemanager@~26.2.11":
  version "26.2.11"
  resolved "https://registry.yarnpkg.com/@syncfusion/ej2-filemanager/-/ej2-filemanager-26.2.11.tgz#7ca375e76d49f485d799f40bcf7d5ebb8fb2cdc3"
  integrity sha512-4BKsd9pXdQfuZieCjhTqoclvJkbw2gUex158pA680Bh27+PFjLYTAyskj4CkD9ZAXhR6j66ML5U3WXMpILdwPg==
  dependencies:
    "@syncfusion/ej2-base" "~26.2.10"
    "@syncfusion/ej2-buttons" "~26.2.10"
    "@syncfusion/ej2-data" "~26.2.10"
    "@syncfusion/ej2-grids" "~26.2.11"
    "@syncfusion/ej2-inputs" "~26.2.11"
    "@syncfusion/ej2-layouts" "~26.2.10"
    "@syncfusion/ej2-lists" "~26.2.11"
    "@syncfusion/ej2-navigations" "~26.2.11"
    "@syncfusion/ej2-popups" "~26.2.11"
    "@syncfusion/ej2-splitbuttons" "~26.2.10"

"@syncfusion/ej2-gantt@~26.2.12":
  version "26.2.12"
  resolved "https://registry.yarnpkg.com/@syncfusion/ej2-gantt/-/ej2-gantt-26.2.12.tgz#44c7c944dd2df169b2c98ecf341ef16bffe3ff95"
  integrity sha512-7aooBtx5boaYYciYdJ4Eu3JpMSkai7rvs8ArLYuH5ZMDe5zv6s9j3OT81Pl4XKlTb9t9cVaGpwcKVe6XHKd4Qw==
  dependencies:
    "@syncfusion/ej2-base" "~26.2.10"
    "@syncfusion/ej2-buttons" "~26.2.10"
    "@syncfusion/ej2-calendars" "~26.2.12"
    "@syncfusion/ej2-data" "~26.2.10"
    "@syncfusion/ej2-dropdowns" "~26.2.11"
    "@syncfusion/ej2-grids" "~26.2.12"
    "@syncfusion/ej2-inputs" "~26.2.11"
    "@syncfusion/ej2-layouts" "~26.2.10"
    "@syncfusion/ej2-lists" "~26.2.11"
    "@syncfusion/ej2-navigations" "~26.2.12"
    "@syncfusion/ej2-notifications" "~26.2.10"
    "@syncfusion/ej2-popups" "~26.2.11"
    "@syncfusion/ej2-richtexteditor" "~26.2.12"
    "@syncfusion/ej2-svg-base" "~26.2.10"
    "@syncfusion/ej2-treegrid" "~26.2.12"

"@syncfusion/ej2-grids@~26.2.11", "@syncfusion/ej2-grids@~26.2.12":
  version "26.2.12"
  resolved "https://registry.yarnpkg.com/@syncfusion/ej2-grids/-/ej2-grids-26.2.12.tgz#26fe2fa81686399482173b1747290ac08307cd67"
  integrity sha512-QY8mC3W92OP6tjwuaWRL3CwIwAltBKNeqQmvHhPjaEhhXFgYFQkvV4btwSP3kxvJRimG/UcaeO6sOX52rXeaDA==
  dependencies:
    "@syncfusion/ej2-base" "~26.2.10"
    "@syncfusion/ej2-buttons" "~26.2.10"
    "@syncfusion/ej2-calendars" "~26.2.12"
    "@syncfusion/ej2-compression" "~26.2.10"
    "@syncfusion/ej2-data" "~26.2.10"
    "@syncfusion/ej2-dropdowns" "~26.2.11"
    "@syncfusion/ej2-excel-export" "~26.2.11"
    "@syncfusion/ej2-file-utils" "~26.2.10"
    "@syncfusion/ej2-inputs" "~26.2.11"
    "@syncfusion/ej2-lists" "~26.2.11"
    "@syncfusion/ej2-navigations" "~26.2.12"
    "@syncfusion/ej2-notifications" "~26.2.10"
    "@syncfusion/ej2-pdf-export" "~26.2.11"
    "@syncfusion/ej2-popups" "~26.2.11"
    "@syncfusion/ej2-splitbuttons" "~26.2.10"

"@syncfusion/ej2-heatmap@~26.2.10":
  version "26.2.10"
  resolved "https://registry.yarnpkg.com/@syncfusion/ej2-heatmap/-/ej2-heatmap-26.2.10.tgz#730cc3d1c6f8a08bb018100eeae467edda4eba79"
  integrity sha512-P1d3Eea2ziF5ctT99mACKRGXa/VBP7wD8dOQ270LmTBlLNEsMqM+u6e1nK2y9dl4X2QTiqJLwkfYcjQvnSadqg==
  dependencies:
    "@syncfusion/ej2-base" "~26.2.10"
    "@syncfusion/ej2-compression" "~26.2.10"
    "@syncfusion/ej2-data" "~26.2.10"
    "@syncfusion/ej2-file-utils" "~26.2.10"
    "@syncfusion/ej2-pdf-export" "~26.2.10"
    "@syncfusion/ej2-svg-base" "~26.2.10"

"@syncfusion/ej2-icons@~26.2.10":
  version "26.2.10"
  resolved "https://registry.yarnpkg.com/@syncfusion/ej2-icons/-/ej2-icons-26.2.10.tgz#14bb63c70c363127f97792d757ad4de70c1405e6"
  integrity sha512-ay+kr1oVqBOCe9MwJ0vjXS85CDAA5XwtwKb/Gf8cdz79IpsX/1VOvqOBofYu1+OPfbMX9w9mCLciNCMPCaRZFA==

"@syncfusion/ej2-image-editor@~26.2.10":
  version "26.2.10"
  resolved "https://registry.yarnpkg.com/@syncfusion/ej2-image-editor/-/ej2-image-editor-26.2.10.tgz#80d1e60fde87292585ad7c5c5db5f586a7264fe2"
  integrity sha512-j03qDIcsojnYYDSonTJm9kLW8Njemb1hPTFm50mLmBdqiVYyrM6dHwL54e05qWLXFPw5+dTroFF4ukqldr22oA==
  dependencies:
    "@syncfusion/ej2-base" "~26.2.10"
    "@syncfusion/ej2-buttons" "~26.2.10"
    "@syncfusion/ej2-dropdowns" "~26.2.10"
    "@syncfusion/ej2-inputs" "~26.2.10"
    "@syncfusion/ej2-navigations" "~26.2.10"
    "@syncfusion/ej2-popups" "~26.2.10"
    "@syncfusion/ej2-splitbuttons" "~26.2.10"

"@syncfusion/ej2-inplace-editor@~26.2.10":
  version "26.2.10"
  resolved "https://registry.yarnpkg.com/@syncfusion/ej2-inplace-editor/-/ej2-inplace-editor-26.2.10.tgz#0b716b7c39ef9478e9209b432777b63725e20afa"
  integrity sha512-d+y7/leMfwI/+GG0qo1Tx7lQfHIloW2MTCOVu/dxhHfeSTD4N57ER5hgWhxQ0HKRFRhHD1RojYYiYKsHdMimQw==
  dependencies:
    "@syncfusion/ej2-base" "~26.2.10"
    "@syncfusion/ej2-buttons" "~26.2.10"
    "@syncfusion/ej2-calendars" "~26.2.10"
    "@syncfusion/ej2-data" "~26.2.10"
    "@syncfusion/ej2-dropdowns" "~26.2.10"
    "@syncfusion/ej2-inputs" "~26.2.10"
    "@syncfusion/ej2-lists" "~26.2.10"
    "@syncfusion/ej2-navigations" "~26.2.10"
    "@syncfusion/ej2-notifications" "~26.2.10"
    "@syncfusion/ej2-popups" "~26.2.10"
    "@syncfusion/ej2-richtexteditor" "~26.2.10"
    "@syncfusion/ej2-splitbuttons" "~26.2.10"

"@syncfusion/ej2-inputs@~26.2.10", "@syncfusion/ej2-inputs@~26.2.11", "@syncfusion/ej2-inputs@~26.2.13":
  version "26.2.13"
  resolved "https://registry.yarnpkg.com/@syncfusion/ej2-inputs/-/ej2-inputs-26.2.13.tgz#edc549908166efeaf4c7cc5460076e910fdc407a"
  integrity sha512-6tFHUJeWV7isfFI46XQMqCSgTeaLOG+LfwAvUylPYy0GbIOmLX2vwjrdeAf9E20RbumFpnI7goaleQY9p5AlNA==
  dependencies:
    "@syncfusion/ej2-base" "~26.2.10"
    "@syncfusion/ej2-buttons" "~26.2.10"
    "@syncfusion/ej2-popups" "~26.2.11"
    "@syncfusion/ej2-splitbuttons" "~26.2.10"

"@syncfusion/ej2-kanban@~26.2.10":
  version "26.2.10"
  resolved "https://registry.yarnpkg.com/@syncfusion/ej2-kanban/-/ej2-kanban-26.2.10.tgz#29ad1df66099501dac4f055ec47e2d3d685cb994"
  integrity sha512-yRLzkjtstpw1lJ6mjxY19GK+bvJr718+e/Fco1kpqGkKc+i7R1xAE14YvrmK3W2U1RUGy1gsiUENotVnrQKMQw==
  dependencies:
    "@syncfusion/ej2-base" "~26.2.10"
    "@syncfusion/ej2-buttons" "~26.2.10"
    "@syncfusion/ej2-data" "~26.2.10"
    "@syncfusion/ej2-dropdowns" "~26.2.10"
    "@syncfusion/ej2-inputs" "~26.2.10"
    "@syncfusion/ej2-layouts" "~26.2.10"
    "@syncfusion/ej2-navigations" "~26.2.10"
    "@syncfusion/ej2-notifications" "~26.2.10"
    "@syncfusion/ej2-popups" "~26.2.10"
    "@types/requirejs" "^2.1.37"

"@syncfusion/ej2-layouts@~26.2.10":
  version "26.2.10"
  resolved "https://registry.yarnpkg.com/@syncfusion/ej2-layouts/-/ej2-layouts-26.2.10.tgz#47a4f02f1151ed3dbbbff78f5ba48cfe9467e03c"
  integrity sha512-th8PkTAvfsgPsMFLfukE15opWS4Bwfpv4bkPFnaqmuqDKG22qxAHlDKjcH0waXAvL0g6siN+VRMfbqba8VlQxA==
  dependencies:
    "@syncfusion/ej2-base" "~26.2.10"

"@syncfusion/ej2-lineargauge@~26.2.10":
  version "26.2.10"
  resolved "https://registry.yarnpkg.com/@syncfusion/ej2-lineargauge/-/ej2-lineargauge-26.2.10.tgz#b5a76a1a75022693f34ec802c33640c3db668144"
  integrity sha512-MPxXytIhcCnHtua8I4U2u0QeWpbmwWo96hbLNZA/LjJgVt+SqA6MnzAi5vtKBrbdIrGN6hK+GMiEDnsA9+UMuQ==
  dependencies:
    "@syncfusion/ej2-base" "~26.2.10"
    "@syncfusion/ej2-pdf-export" "~26.2.10"
    "@syncfusion/ej2-svg-base" "~26.2.10"

"@syncfusion/ej2-lists@~26.2.10", "@syncfusion/ej2-lists@~26.2.11":
  version "26.2.11"
  resolved "https://registry.yarnpkg.com/@syncfusion/ej2-lists/-/ej2-lists-26.2.11.tgz#2bb0bb0d87838f03ef43591a2e30110a80b3db2c"
  integrity sha512-s36ezhyVUM2u3Aokv9AXaffTfVnNWLT8ydKvmxIzEM56W1gU5RnG5MiM7pCYa+8W/UtNdxt6VbH/wdGfJtje5w==
  dependencies:
    "@syncfusion/ej2-base" "~26.2.10"
    "@syncfusion/ej2-buttons" "~26.2.10"
    "@syncfusion/ej2-data" "~26.2.10"
    "@syncfusion/ej2-popups" "~26.2.11"

"@syncfusion/ej2-maps@~26.2.10":
  version "26.2.10"
  resolved "https://registry.yarnpkg.com/@syncfusion/ej2-maps/-/ej2-maps-26.2.10.tgz#7962a7646277c612872cdd9ef8a0b472da512b6b"
  integrity sha512-Ywhpj0waMB1Ho/0WPiYipbFdT0rBobj3+QaqyM3XKjMyzRgP3gCp+37dek4RSKYMGzgG4bap3JKPQ8qDMIIisQ==
  dependencies:
    "@syncfusion/ej2-base" "~26.2.10"
    "@syncfusion/ej2-buttons" "~26.2.10"
    "@syncfusion/ej2-compression" "~26.2.10"
    "@syncfusion/ej2-data" "~26.2.10"
    "@syncfusion/ej2-file-utils" "~26.2.10"
    "@syncfusion/ej2-pdf-export" "~26.2.10"
    "@syncfusion/ej2-svg-base" "~26.2.10"

"@syncfusion/ej2-multicolumn-combobox@~26.2.12":
  version "26.2.12"
  resolved "https://registry.yarnpkg.com/@syncfusion/ej2-multicolumn-combobox/-/ej2-multicolumn-combobox-26.2.12.tgz#8b639a627609d46db61043045645d61c5a12ab7b"
  integrity sha512-W+tguwto36z5p0BMx62A1ng7mg059Zhr4thXLd6dp9+fw5JzOe7X28bbQ7JPA6enNy9C5FfxYyuaLc6F4tUYsg==
  dependencies:
    "@syncfusion/ej2-base" "~26.2.10"
    "@syncfusion/ej2-grids" "~26.2.12"

"@syncfusion/ej2-navigations@~26.2.10", "@syncfusion/ej2-navigations@~26.2.11", "@syncfusion/ej2-navigations@~26.2.12":
  version "26.2.12"
  resolved "https://registry.yarnpkg.com/@syncfusion/ej2-navigations/-/ej2-navigations-26.2.12.tgz#de24b7e6a9a32eae49f62a49b9c029ec7415a995"
  integrity sha512-SAFkU75y/SZTSsrE+NyWX/+1HqyYr2sqARFAqXKu87mfYDsxVjsroSXQuDEbwRRujCr3reR0znEkW/zQ+RM5mA==
  dependencies:
    "@syncfusion/ej2-base" "~26.2.10"
    "@syncfusion/ej2-buttons" "~26.2.10"
    "@syncfusion/ej2-data" "~26.2.10"
    "@syncfusion/ej2-inputs" "~26.2.11"
    "@syncfusion/ej2-lists" "~26.2.11"
    "@syncfusion/ej2-popups" "~26.2.11"

"@syncfusion/ej2-notifications@~26.2.10":
  version "26.2.10"
  resolved "https://registry.yarnpkg.com/@syncfusion/ej2-notifications/-/ej2-notifications-26.2.10.tgz#cf8a8599e0b978b709623cc7aaa096a526119611"
  integrity sha512-TXpsKfTK7lERvvFNOcEB7n7veNLIEUMM9SY1Ihk06fl+YJa4YGL6aSVUvQJilE8PJyFeu4MpPN6bmVvEM01NCw==
  dependencies:
    "@syncfusion/ej2-base" "~26.2.10"
    "@syncfusion/ej2-buttons" "~26.2.10"
    "@syncfusion/ej2-popups" "~26.2.10"

"@syncfusion/ej2-office-chart@~26.2.10":
  version "26.2.10"
  resolved "https://registry.yarnpkg.com/@syncfusion/ej2-office-chart/-/ej2-office-chart-26.2.10.tgz#3a9ae646526c38eef71634a241998ba895926939"
  integrity sha512-qwiVLH7S9LUGCeMunWFz1fsM3PA972LozamfmPGuFX13aYrCgeZtJgr+wtJJuU2rvGpbQh88QZP3wworqpddrg==
  dependencies:
    "@syncfusion/ej2-charts" "~26.2.10"

"@syncfusion/ej2-pdf-export@~26.2.10", "@syncfusion/ej2-pdf-export@~26.2.11":
  version "26.2.11"
  resolved "https://registry.yarnpkg.com/@syncfusion/ej2-pdf-export/-/ej2-pdf-export-26.2.11.tgz#aa1261e59896938a16c0fab68f07ab0dbbb80163"
  integrity sha512-XAEKOso34M9aOTcfmn/iachJ3y/itz6XYyc3Q9ka6a25udH9TNvndwco9st0U0MMH445sLshkFe+k+zDQ35PNA==
  dependencies:
    "@syncfusion/ej2-compression" "~26.2.10"

"@syncfusion/ej2-pdf@~26.2.12", "@syncfusion/ej2-pdf@~26.2.13":
  version "26.2.13"
  resolved "https://registry.yarnpkg.com/@syncfusion/ej2-pdf/-/ej2-pdf-26.2.13.tgz#bb85aa824661b9cc6920675faed74f2bf5aa60d0"
  integrity sha512-R0oSs3C4dZoBgqeZ0emuEuuXr+SX9csueewuFYe3nixZ1TAoHB0E3TptwyHbjU9iYpaQUZ1DSglkksFW5ydySg==
  dependencies:
    "@syncfusion/ej2-base" "~26.2.10"
    "@syncfusion/ej2-compression" "~26.2.10"
    "@types/node" "^20.12.7"

"@syncfusion/ej2-pdfviewer@~26.2.12":
  version "26.2.12"
  resolved "https://registry.yarnpkg.com/@syncfusion/ej2-pdfviewer/-/ej2-pdfviewer-26.2.12.tgz#27e92e9a193596a8355761c5a775290144b39d11"
  integrity sha512-rPoFYyJZL+qTIylzQSZ4PO5wKjegFuaSkcf52531NuN2/nhK1WN4So5DV+Ml+qhSO18yqfXt1+hLd3zCj1jwfA==
  dependencies:
    "@syncfusion/ej2-base" "~26.2.10"
    "@syncfusion/ej2-buttons" "~26.2.10"
    "@syncfusion/ej2-data" "~26.2.10"
    "@syncfusion/ej2-drawings" "~26.2.12"
    "@syncfusion/ej2-dropdowns" "~26.2.11"
    "@syncfusion/ej2-inplace-editor" "~26.2.10"
    "@syncfusion/ej2-inputs" "~26.2.11"
    "@syncfusion/ej2-lists" "~26.2.11"
    "@syncfusion/ej2-navigations" "~26.2.12"
    "@syncfusion/ej2-notifications" "~26.2.10"
    "@syncfusion/ej2-pdf" "~26.2.12"
    "@syncfusion/ej2-popups" "~26.2.11"

"@syncfusion/ej2-pivotview@~26.2.12":
  version "26.2.12"
  resolved "https://registry.yarnpkg.com/@syncfusion/ej2-pivotview/-/ej2-pivotview-26.2.12.tgz#afe515839b020921ceb1b592513b4a853a64e726"
  integrity sha512-IVYqPr6tuXI7vRSsA6oSZ5YRSP1bllnKh5ktMhev/UTSODj3cevxYIuE1eKnvRLOnylm0iwv+WMGvRqjY4aBmA==
  dependencies:
    "@syncfusion/ej2-base" "~26.2.10"
    "@syncfusion/ej2-buttons" "~26.2.10"
    "@syncfusion/ej2-calendars" "~26.2.12"
    "@syncfusion/ej2-charts" "~26.2.12"
    "@syncfusion/ej2-compression" "~26.2.10"
    "@syncfusion/ej2-data" "~26.2.10"
    "@syncfusion/ej2-dropdowns" "~26.2.11"
    "@syncfusion/ej2-excel-export" "~26.2.11"
    "@syncfusion/ej2-file-utils" "~26.2.10"
    "@syncfusion/ej2-grids" "~26.2.12"
    "@syncfusion/ej2-inputs" "~26.2.11"
    "@syncfusion/ej2-lists" "~26.2.11"
    "@syncfusion/ej2-navigations" "~26.2.12"
    "@syncfusion/ej2-pdf-export" "~26.2.11"
    "@syncfusion/ej2-popups" "~26.2.11"
    "@syncfusion/ej2-splitbuttons" "~26.2.10"
    "@syncfusion/ej2-svg-base" "~26.2.10"

"@syncfusion/ej2-popups@~26.2.10", "@syncfusion/ej2-popups@~26.2.11":
  version "26.2.11"
  resolved "https://registry.yarnpkg.com/@syncfusion/ej2-popups/-/ej2-popups-26.2.11.tgz#767fd6ddd3f743e0d7b4dc340725090c6ce582de"
  integrity sha512-JMIj3JLSgc6pjN3gAydCruD+DXyH565g5R+5jHsI78BfeDu+/uTdunm7May5zMgr2AmFAKOE6VdQhjEyr3/DJg==
  dependencies:
    "@syncfusion/ej2-base" "~26.2.10"
    "@syncfusion/ej2-buttons" "~26.2.10"

"@syncfusion/ej2-progressbar@~26.2.10":
  version "26.2.10"
  resolved "https://registry.yarnpkg.com/@syncfusion/ej2-progressbar/-/ej2-progressbar-26.2.10.tgz#dd65e72929a172285824f1ff56b55187f07beed4"
  integrity sha512-8xfRY2mvPrKn0dWiwoAk0T2HwNsZ6u37xGxEy4y9kzf4fjhSqneQfWsiahKz6nWw3v7Js21Tn0kPli1YaZ9imA==
  dependencies:
    "@syncfusion/ej2-base" "~26.2.10"
    "@syncfusion/ej2-data" "~26.2.10"
    "@syncfusion/ej2-svg-base" "~26.2.10"
    "@types/requirejs" "^2.1.37"

"@syncfusion/ej2-querybuilder@~26.2.11":
  version "26.2.11"
  resolved "https://registry.yarnpkg.com/@syncfusion/ej2-querybuilder/-/ej2-querybuilder-26.2.11.tgz#982a569b399e7d3b5a65876d5e11adeb55142017"
  integrity sha512-mcy3XTD2dIke17pVfmARUmnYi+rA7rZUR9z97Avo+jRR5CHHci/VzqC0JzAfObYH+hXGH4LTe+4hH+bw4LVkrg==
  dependencies:
    "@syncfusion/ej2-base" "~26.2.10"
    "@syncfusion/ej2-buttons" "~26.2.10"
    "@syncfusion/ej2-calendars" "~26.2.11"
    "@syncfusion/ej2-dropdowns" "~26.2.11"
    "@syncfusion/ej2-inputs" "~26.2.11"
    "@syncfusion/ej2-splitbuttons" "~26.2.10"

"@syncfusion/ej2-ribbon@~26.2.10":
  version "26.2.10"
  resolved "https://registry.yarnpkg.com/@syncfusion/ej2-ribbon/-/ej2-ribbon-26.2.10.tgz#9b8924fdcaceb2ae7335e82e2a986a6fda753ecf"
  integrity sha512-dRSC6yZiKeZPXa/EPXr/vQcG1N8dfR/ax8hxNdo9eSG84Wi1YRU46h+0rm9HQb6v4JkC3xYp1iYO18bX9tGJgw==
  dependencies:
    "@syncfusion/ej2-base" "~26.2.10"
    "@syncfusion/ej2-buttons" "~26.2.10"
    "@syncfusion/ej2-dropdowns" "~26.2.10"
    "@syncfusion/ej2-lists" "~26.2.10"
    "@syncfusion/ej2-navigations" "~26.2.10"
    "@syncfusion/ej2-popups" "~26.2.10"
    "@syncfusion/ej2-splitbuttons" "~26.2.10"

"@syncfusion/ej2-richtexteditor@~26.2.10", "@syncfusion/ej2-richtexteditor@~26.2.12", "@syncfusion/ej2-richtexteditor@~26.2.13":
  version "26.2.13"
  resolved "https://registry.yarnpkg.com/@syncfusion/ej2-richtexteditor/-/ej2-richtexteditor-26.2.13.tgz#25bb1e7e089f91d2bb65397a2cb350f5519628d5"
  integrity sha512-e5HS47tZw1CmAVn6qDfW/REzoqlqgO+BROszQ6o5sFmMhqadaWSnxa3iarcGTxFH3a9JGBiCQWlIhxAp8QIF6A==
  dependencies:
    "@syncfusion/ej2-base" "~26.2.10"
    "@syncfusion/ej2-buttons" "~26.2.10"
    "@syncfusion/ej2-filemanager" "~26.2.11"
    "@syncfusion/ej2-inputs" "~26.2.13"
    "@syncfusion/ej2-navigations" "~26.2.12"
    "@syncfusion/ej2-popups" "~26.2.11"
    "@syncfusion/ej2-splitbuttons" "~26.2.10"

"@syncfusion/ej2-schedule@~26.2.12":
  version "26.2.12"
  resolved "https://registry.yarnpkg.com/@syncfusion/ej2-schedule/-/ej2-schedule-26.2.12.tgz#47165187b1f957a35b90263b1df91a5e4c542241"
  integrity sha512-2bzoS/0RwqkHqjrCSeI0Tl3iCMQjfDBtds1J1VrTdE+U8eSTw79R6aB7JXRd/iLtBJwpGXGppbMzkWAV362wAg==
  dependencies:
    "@syncfusion/ej2-base" "~26.2.10"
    "@syncfusion/ej2-buttons" "~26.2.10"
    "@syncfusion/ej2-calendars" "~26.2.12"
    "@syncfusion/ej2-data" "~26.2.10"
    "@syncfusion/ej2-dropdowns" "~26.2.11"
    "@syncfusion/ej2-excel-export" "~26.2.11"
    "@syncfusion/ej2-inputs" "~26.2.11"
    "@syncfusion/ej2-lists" "~26.2.11"
    "@syncfusion/ej2-navigations" "~26.2.12"
    "@syncfusion/ej2-popups" "~26.2.11"
    "@types/requirejs" "^2.1.37"

"@syncfusion/ej2-splitbuttons@~26.2.10":
  version "26.2.10"
  resolved "https://registry.yarnpkg.com/@syncfusion/ej2-splitbuttons/-/ej2-splitbuttons-26.2.10.tgz#dc3e4a65435d70d1554a280dc52a3c1030c05f50"
  integrity sha512-uvGS9e4K0qcVxhzFBP9VheWrAgOFciSLyHo1qcxgxAyOhuqVhBeBZgmjBiFXXwJHiSW9FM37FQVV0iD0LcVEnw==
  dependencies:
    "@syncfusion/ej2-base" "~26.2.10"
    "@syncfusion/ej2-popups" "~26.2.10"

"@syncfusion/ej2-spreadsheet@~26.2.12":
  version "26.2.12"
  resolved "https://registry.yarnpkg.com/@syncfusion/ej2-spreadsheet/-/ej2-spreadsheet-26.2.12.tgz#b594295f4761e6e8d36361ef61141e12ce82c850"
  integrity sha512-8D54b2egfTOH/Q058wiMn4wOf8iltNgofAsUcWSzFWSF7lmnQ4nJsBvWfMEVS6XBezSYDFjKi2tHFqTVY5cgSA==
  dependencies:
    "@syncfusion/ej2-base" "~26.2.10"
    "@syncfusion/ej2-charts" "~26.2.12"
    "@syncfusion/ej2-dropdowns" "~26.2.11"
    "@syncfusion/ej2-grids" "~26.2.12"
    "@syncfusion/ej2-navigations" "~26.2.12"

"@syncfusion/ej2-svg-base@~26.2.10":
  version "26.2.10"
  resolved "https://registry.yarnpkg.com/@syncfusion/ej2-svg-base/-/ej2-svg-base-26.2.10.tgz#e5dcf6831f995c3853204b843fd2c360fbb9a5f2"
  integrity sha512-BbUzgsRKFzq/UagxMapGfarKpymeSdOOAPBtPDv0IqQ0sf5BmZGy41bQ+1TqABC2zVXqxvSDqai8OedWrhb5/w==
  dependencies:
    "@syncfusion/ej2-base" "~26.2.10"

"@syncfusion/ej2-treegrid@~26.2.12":
  version "26.2.12"
  resolved "https://registry.yarnpkg.com/@syncfusion/ej2-treegrid/-/ej2-treegrid-26.2.12.tgz#2ec856dcc4722287b2ae80c7f39bb7827490bb09"
  integrity sha512-hGEwX3j9QosQJQUeO0jwY7o9WNn1ww/c1SleYtOkqpRuszBHIqxuaboKUF/NQOmaLJ8QtLmKwpUmtRs5s9QKKA==
  dependencies:
    "@syncfusion/ej2-base" "~26.2.10"
    "@syncfusion/ej2-data" "~26.2.10"
    "@syncfusion/ej2-grids" "~26.2.12"
    "@syncfusion/ej2-popups" "~26.2.11"

"@syncfusion/ej2-treemap@~26.2.10":
  version "26.2.10"
  resolved "https://registry.yarnpkg.com/@syncfusion/ej2-treemap/-/ej2-treemap-26.2.10.tgz#f1fcfd74a664b7efe6e11dd5bc72d9f035236812"
  integrity sha512-+8d66+iUvtOUNkSZbuLiKaIpHWyDyQOR7FNW35i1Jj0V21Pp1Uvx7vDBwjyoNmhWrwkHeBM77okCDUevA6Lt0w==
  dependencies:
    "@syncfusion/ej2-base" "~26.2.10"
    "@syncfusion/ej2-compression" "~26.2.10"
    "@syncfusion/ej2-data" "~26.2.10"
    "@syncfusion/ej2-file-utils" "~26.2.10"
    "@syncfusion/ej2-pdf-export" "~26.2.10"
    "@syncfusion/ej2-svg-base" "~26.2.10"

"@syncfusion/ej2@^26.2.13":
  version "26.2.13"
  resolved "https://registry.yarnpkg.com/@syncfusion/ej2/-/ej2-26.2.13.tgz#66fec9ee318206d366997187f59644c87a788133"
  integrity sha512-T8jU5qVUFWutsjl0GHkqHq80+7fIlS/ed+Wsw6zKtwXATeSDolXNTetTZhgaXgQGOQf91SA/BLmAZLRh61tSTg==
  dependencies:
    "@syncfusion/ej2-barcode-generator" "~26.2.13"
    "@syncfusion/ej2-base" "~26.2.10"
    "@syncfusion/ej2-buttons" "~26.2.10"
    "@syncfusion/ej2-calendars" "~26.2.12"
    "@syncfusion/ej2-charts" "~26.2.12"
    "@syncfusion/ej2-circulargauge" "~26.2.10"
    "@syncfusion/ej2-compression" "~26.2.10"
    "@syncfusion/ej2-data" "~26.2.10"
    "@syncfusion/ej2-diagrams" "~26.2.12"
    "@syncfusion/ej2-documenteditor" "~26.2.11"
    "@syncfusion/ej2-drawings" "~26.2.13"
    "@syncfusion/ej2-dropdowns" "~26.2.13"
    "@syncfusion/ej2-excel-export" "~26.2.11"
    "@syncfusion/ej2-file-utils" "~26.2.10"
    "@syncfusion/ej2-filemanager" "~26.2.11"
    "@syncfusion/ej2-gantt" "~26.2.12"
    "@syncfusion/ej2-grids" "~26.2.12"
    "@syncfusion/ej2-heatmap" "~26.2.10"
    "@syncfusion/ej2-icons" "~26.2.10"
    "@syncfusion/ej2-image-editor" "~26.2.10"
    "@syncfusion/ej2-inplace-editor" "~26.2.10"
    "@syncfusion/ej2-inputs" "~26.2.13"
    "@syncfusion/ej2-kanban" "~26.2.10"
    "@syncfusion/ej2-layouts" "~26.2.10"
    "@syncfusion/ej2-lineargauge" "~26.2.10"
    "@syncfusion/ej2-lists" "~26.2.11"
    "@syncfusion/ej2-maps" "~26.2.10"
    "@syncfusion/ej2-multicolumn-combobox" "~26.2.12"
    "@syncfusion/ej2-navigations" "~26.2.12"
    "@syncfusion/ej2-notifications" "~26.2.10"
    "@syncfusion/ej2-office-chart" "~26.2.10"
    "@syncfusion/ej2-pdf" "~26.2.13"
    "@syncfusion/ej2-pdf-export" "~26.2.11"
    "@syncfusion/ej2-pdfviewer" "~26.2.12"
    "@syncfusion/ej2-pivotview" "~26.2.12"
    "@syncfusion/ej2-popups" "~26.2.11"
    "@syncfusion/ej2-progressbar" "~26.2.10"
    "@syncfusion/ej2-querybuilder" "~26.2.11"
    "@syncfusion/ej2-ribbon" "~26.2.10"
    "@syncfusion/ej2-richtexteditor" "~26.2.13"
    "@syncfusion/ej2-schedule" "~26.2.12"
    "@syncfusion/ej2-splitbuttons" "~26.2.10"
    "@syncfusion/ej2-spreadsheet" "~26.2.12"
    "@syncfusion/ej2-svg-base" "~26.2.10"
    "@syncfusion/ej2-treegrid" "~26.2.12"
    "@syncfusion/ej2-treemap" "~26.2.10"

"@types/node@^20.12.7":
  version "20.16.5"
  resolved "https://registry.yarnpkg.com/@types/node/-/node-20.16.5.tgz#d43c7f973b32ffdf9aa7bd4f80e1072310fd7a53"
  integrity sha512-VwYCweNo3ERajwy0IUlqqcyZ8/A7Zwa9ZP3MnENWcB11AejO+tLy3pu850goUW2FC/IJMdZUfKpX/yxL1gymCA==
  dependencies:
    undici-types "~6.19.2"

"@types/requirejs@^2.1.37":
  version "2.1.37"
  resolved "https://registry.yarnpkg.com/@types/requirejs/-/requirejs-2.1.37.tgz#7f17dce01afdc7b3a8b542b32661b0faecf1e1f9"
  integrity sha512-jmFgr3mwN2NSmtRP6IpZ2nfRS7ufSXuDYQ6YyPFArN8x5dARQcD/DXzT0J6NYbvquVT4pg9K9HWdi6e6DZR9iQ==

anymatch@~3.1.2:
  version "3.1.3"
  resolved "https://registry.yarnpkg.com/anymatch/-/anymatch-3.1.3.tgz#790c58b19ba1720a84205b57c618d5ad8524973e"
  integrity sha512-KMReFUr0B4t+D+OBkjR3KYqvocp2XaSzO55UcB6mgQMd3KbcE+mWTyvVV7D/zsdEbNnV6acZUutkiHQXvTr1Rw==
  dependencies:
    normalize-path "^3.0.0"
    picomatch "^2.0.4"

binary-extensions@^2.0.0:
  version "2.3.0"
  resolved "https://registry.yarnpkg.com/binary-extensions/-/binary-extensions-2.3.0.tgz#f6e14a97858d327252200242d4ccfe522c445522"
  integrity sha512-Ceh+7ox5qe7LJuLHoY0feh3pHuUDHAcRUeyL2VYghZwfpkNIy/+8Ocg0a3UuSoYzavmylwuLWQOf3hl0jjMMIw==

bootstrap@^5.3.3:
  version "5.3.3"
  resolved "https://registry.yarnpkg.com/bootstrap/-/bootstrap-5.3.3.tgz#de35e1a765c897ac940021900fcbb831602bac38"
  integrity sha512-8HLCdWgyoMguSO9o+aH+iuZ+aht+mzW0u3HIMzVu7Srrpv7EBBxTnrFlSCskwdY1+EOFQSm7uMJhNQHkdPcmjg==

braces@~3.0.2:
  version "3.0.3"
  resolved "https://registry.yarnpkg.com/braces/-/braces-3.0.3.tgz#490332f40919452272d55a8480adc0c441358789"
  integrity sha512-yQbXgO/OSZVD2IsiLlro+7Hf6Q18EJrKSEsdoMzKePKXct3gvD8oLcOQdIzGupr5Fj+EDe8gO/lxc1BzfMpxvA==
  dependencies:
    fill-range "^7.1.1"

"chokidar@>=3.0.0 <4.0.0":
  version "3.6.0"
  resolved "https://registry.yarnpkg.com/chokidar/-/chokidar-3.6.0.tgz#197c6cc669ef2a8dc5e7b4d97ee4e092c3eb0d5b"
  integrity sha512-7VT13fmjotKpGipCW9JEQAusEPE+Ei8nl6/g4FBAmIm0GOOLMua9NDDo/DWp0ZAxCr3cPq5ZpBqmPAQgDda2Pw==
  dependencies:
    anymatch "~3.1.2"
    braces "~3.0.2"
    glob-parent "~5.1.2"
    is-binary-path "~2.1.0"
    is-glob "~4.0.1"
    normalize-path "~3.0.0"
    readdirp "~3.6.0"
  optionalDependencies:
    fsevents "~2.3.2"

fill-range@^7.1.1:
  version "7.1.1"
  resolved "https://registry.yarnpkg.com/fill-range/-/fill-range-7.1.1.tgz#44265d3cac07e3ea7dc247516380643754a05292"
  integrity sha512-YsGpe3WHLK8ZYi4tWDg2Jy3ebRz2rXowDxnld4bkQB00cc/1Zw9AWnC0i9ztDJitivtQvaI9KaLyKrc+hBW0yg==
  dependencies:
    to-regex-range "^5.0.1"

fsevents@~2.3.2:
  version "2.3.3"
  resolved "https://registry.yarnpkg.com/fsevents/-/fsevents-2.3.3.tgz#cac6407785d03675a2a5e1a5305c697b347d90d6"
  integrity sha512-5xoDfX+fL7faATnagmWPpbFtwh/R77WmMMqqHGS65C3vvB0YHrgF+B1YmZ3441tMj5n63k0212XNoJwzlhffQw==

glob-parent@~5.1.2:
  version "5.1.2"
  resolved "https://registry.yarnpkg.com/glob-parent/-/glob-parent-5.1.2.tgz#869832c58034fe68a4093c17dc15e8340d8401c4"
  integrity sha512-AOIgSQCepiJYwP3ARnGx+5VnTu2HBYdzbGP45eLw1vr3zB3vZLeyed1sC9hnbcOc9/SrMyM5RPQrkGz4aS9Zow==
  dependencies:
    is-glob "^4.0.1"

immutable@^4.0.0:
  version "4.3.7"
  resolved "https://registry.yarnpkg.com/immutable/-/immutable-4.3.7.tgz#c70145fc90d89fb02021e65c84eb0226e4e5a381"
  integrity sha512-1hqclzwYwjRDFLjcFxOM5AYkkG0rpFPpr1RLPMEuGczoS7YA8gLhy8SWXYRAA/XwfEHpfo3cw5JGioS32fnMRw==

is-binary-path@~2.1.0:
  version "2.1.0"
  resolved "https://registry.yarnpkg.com/is-binary-path/-/is-binary-path-2.1.0.tgz#ea1f7f3b80f064236e83470f86c09c254fb45b09"
  integrity sha512-ZMERYes6pDydyuGidse7OsHxtbI7WVeUEozgR/g7rd0xUimYNlvZRE/K2MgZTjWy725IfelLeVcEM97mmtRGXw==
  dependencies:
    binary-extensions "^2.0.0"

is-extglob@^2.1.1:
  version "2.1.1"
  resolved "https://registry.yarnpkg.com/is-extglob/-/is-extglob-2.1.1.tgz#a88c02535791f02ed37c76a1b9ea9773c833f8c2"
  integrity sha512-SbKbANkN603Vi4jEZv49LeVJMn4yGwsbzZworEoyEiutsN3nJYdbO36zfhGJ6QEDpOZIFkDtnq5JRxmvl3jsoQ==

is-glob@^4.0.1, is-glob@~4.0.1:
  version "4.0.3"
  resolved "https://registry.yarnpkg.com/is-glob/-/is-glob-4.0.3.tgz#64f61e42cbbb2eec2071a9dac0b28ba1e65d5084"
  integrity sha512-xelSayHH36ZgE7ZWhli7pW34hNbNl8Ojv5KVmkJD4hBdD3th8Tfk9vYasLM+mXWOZhFkgZfxhLSnrwRr4elSSg==
  dependencies:
    is-extglob "^2.1.1"

is-number@^7.0.0:
  version "7.0.0"
  resolved "https://registry.yarnpkg.com/is-number/-/is-number-7.0.0.tgz#7535345b896734d5f80c4d06c50955527a14f12b"
  integrity sha512-41Cifkg6e8TylSpdtTpeLVMqvSBEVzTttHvERD741+pnZ8ANv0004MRL43QKPDlK9cGvNp6NZWZUBlbGXYxxng==

normalize-path@^3.0.0, normalize-path@~3.0.0:
  version "3.0.0"
  resolved "https://registry.yarnpkg.com/normalize-path/-/normalize-path-3.0.0.tgz#0dcd69ff23a1c9b11fd0978316644a0388216a65"
  integrity sha512-6eZs5Ls3WtCisHWp9S2GUy8dqkpGi4BVSz3GaqiE6ezub0512ESztXUwUB6C6IKbQkY2Pnb/mD4WYojCRwcwLA==

picomatch@^2.0.4, picomatch@^2.2.1:
  version "2.3.1"
  resolved "https://registry.yarnpkg.com/picomatch/-/picomatch-2.3.1.tgz#3ba3833733646d9d3e4995946c1365a67fb07a42"
  integrity sha512-JU3teHTNjmE2VCGFzuY8EXzCDVwEqB2a8fsIvwaStHhAWJEeVd1o1QD80CU6+ZdEXXSLbSsuLwJjkCBWqRQUVA==

readdirp@~3.6.0:
  version "3.6.0"
  resolved "https://registry.yarnpkg.com/readdirp/-/readdirp-3.6.0.tgz#74a370bd857116e245b29cc97340cd431a02a6c7"
  integrity sha512-hOS089on8RduqdbhvQ5Z37A0ESjsqz6qnRcffsMU3495FuTdqSm+7bhJ29JvIOsBDEEnan5DPu9t3To9VRlMzA==
  dependencies:
    picomatch "^2.2.1"

sass@^1.77.8:
  version "1.78.0"
  resolved "https://registry.yarnpkg.com/sass/-/sass-1.78.0.tgz#cef369b2f9dc21ea1d2cf22c979f52365da60841"
  integrity sha512-AaIqGSrjo5lA2Yg7RvFZrlXDBCp3nV4XP73GrLGvdRWWwk+8H3l0SDvq/5bA4eF+0RFPLuWUk3E+P1U/YqnpsQ==
  dependencies:
    chokidar ">=3.0.0 <4.0.0"
    immutable "^4.0.0"
    source-map-js ">=0.6.2 <2.0.0"

"source-map-js@>=0.6.2 <2.0.0":
  version "1.2.0"
  resolved "https://registry.yarnpkg.com/source-map-js/-/source-map-js-1.2.0.tgz#16b809c162517b5b8c3e7dcd315a2a5c2612b2af"
  integrity sha512-itJW8lvSA0TXEphiRoawsCksnlf8SyvmFzIhltqAHluXd88pkCd+cXJVHTDwdCr0IzwptSm035IHQktUu1QUMg==

to-regex-range@^5.0.1:
  version "5.0.1"
  resolved "https://registry.yarnpkg.com/to-regex-range/-/to-regex-range-5.0.1.tgz#1648c44aae7c8d988a326018ed72f5b4dd0392e4"
  integrity sha512-65P7iz6X5yEr1cwcgvQxbbIw7Uk3gOy5dIdtZ4rDveLqhrdJP+Li/Hx6tyK0NEb+2GCyneCMJiGqrADCSNk8sQ==
  dependencies:
    is-number "^7.0.0"

undici-types@~6.19.2:
  version "6.19.8"
  resolved "https://registry.yarnpkg.com/undici-types/-/undici-types-6.19.8.tgz#35111c9d1437ab83a7cdc0abae2f26d88eda0a02"
  integrity sha512-ve2KP6f/JnbPBFyobGHuerC9g1FYGn/F8n1LWTwNxCEzd6IfqTwUQcNXgEtmmQ6DlRrC1hrSrBnCZPokRrDHjw==
