
Microsoft Visual Studio Solution File, Format Version 12.00
# Visual Studio Version 17
VisualStudioVersion = 17.5.33318.248
MinimumVisualStudioVersion = 15.0.26124.0
Project("{9A19103F-16F7-4668-BE54-9A1E7A4F7556}") = "WpfCoreCeb", "WpfCoreCeb.csproj", "{20275AD7-0D4D-48D3-80C0-F18056A82DC8}"
EndProject
Project("{9A19103F-16F7-4668-BE54-9A1E7A4F7556}") = "CompteEstBon", "..\CompteEstBon\CompteEstBon.csproj", "{2DC808FF-8D80-45BE-B4E2-89EA0E13E6C2}"
EndProject
Project("{9A19103F-16F7-4668-BE54-9A1E7A4F7556}") = "CebExport", "..\SFCebOffice\CebExport.csproj", "{73889D4D-E78F-4FE3-BED7-8BEFD46B8075}"
EndProject
Project("{9A19103F-16F7-4668-BE54-9A1E7A4F7556}") = "Outils", "..\Outils\Outils.csproj", "{A21B7DC4-750A-45F6-A80F-6B483DD82614}"
EndProject
Global
	GlobalSection(SolutionConfigurationPlatforms) = preSolution
		Debug|Any CPU = Debug|Any CPU
		Debug|x64 = Debug|x64
		Debug|x86 = Debug|x86
		Release|Any CPU = Release|Any CPU
		Release|x64 = Release|x64
		Release|x86 = Release|x86
	EndGlobalSection
	GlobalSection(ProjectConfigurationPlatforms) = postSolution
		{20275AD7-0D4D-48D3-80C0-F18056A82DC8}.Debug|Any CPU.ActiveCfg = Debug|Any CPU
		{20275AD7-0D4D-48D3-80C0-F18056A82DC8}.Debug|Any CPU.Build.0 = Debug|Any CPU
		{20275AD7-0D4D-48D3-80C0-F18056A82DC8}.Debug|x64.ActiveCfg = Debug|Any CPU
		{20275AD7-0D4D-48D3-80C0-F18056A82DC8}.Debug|x64.Build.0 = Debug|Any CPU
		{20275AD7-0D4D-48D3-80C0-F18056A82DC8}.Debug|x86.ActiveCfg = Debug|Any CPU
		{20275AD7-0D4D-48D3-80C0-F18056A82DC8}.Debug|x86.Build.0 = Debug|Any CPU
		{20275AD7-0D4D-48D3-80C0-F18056A82DC8}.Release|Any CPU.ActiveCfg = Release|Any CPU
		{20275AD7-0D4D-48D3-80C0-F18056A82DC8}.Release|Any CPU.Build.0 = Release|Any CPU
		{20275AD7-0D4D-48D3-80C0-F18056A82DC8}.Release|x64.ActiveCfg = Release|Any CPU
		{20275AD7-0D4D-48D3-80C0-F18056A82DC8}.Release|x64.Build.0 = Release|Any CPU
		{20275AD7-0D4D-48D3-80C0-F18056A82DC8}.Release|x86.ActiveCfg = Release|Any CPU
		{20275AD7-0D4D-48D3-80C0-F18056A82DC8}.Release|x86.Build.0 = Release|Any CPU
		{2DC808FF-8D80-45BE-B4E2-89EA0E13E6C2}.Debug|Any CPU.ActiveCfg = Debug|Any CPU
		{2DC808FF-8D80-45BE-B4E2-89EA0E13E6C2}.Debug|Any CPU.Build.0 = Debug|Any CPU
		{2DC808FF-8D80-45BE-B4E2-89EA0E13E6C2}.Debug|x64.ActiveCfg = Debug|Any CPU
		{2DC808FF-8D80-45BE-B4E2-89EA0E13E6C2}.Debug|x64.Build.0 = Debug|Any CPU
		{2DC808FF-8D80-45BE-B4E2-89EA0E13E6C2}.Debug|x86.ActiveCfg = Debug|Any CPU
		{2DC808FF-8D80-45BE-B4E2-89EA0E13E6C2}.Debug|x86.Build.0 = Debug|Any CPU
		{2DC808FF-8D80-45BE-B4E2-89EA0E13E6C2}.Release|Any CPU.ActiveCfg = Release|Any CPU
		{2DC808FF-8D80-45BE-B4E2-89EA0E13E6C2}.Release|Any CPU.Build.0 = Release|Any CPU
		{2DC808FF-8D80-45BE-B4E2-89EA0E13E6C2}.Release|x64.ActiveCfg = Release|x64
		{2DC808FF-8D80-45BE-B4E2-89EA0E13E6C2}.Release|x64.Build.0 = Release|x64
		{2DC808FF-8D80-45BE-B4E2-89EA0E13E6C2}.Release|x86.ActiveCfg = Release|Any CPU
		{2DC808FF-8D80-45BE-B4E2-89EA0E13E6C2}.Release|x86.Build.0 = Release|Any CPU
		{73889D4D-E78F-4FE3-BED7-8BEFD46B8075}.Debug|Any CPU.ActiveCfg = Debug|Any CPU
		{73889D4D-E78F-4FE3-BED7-8BEFD46B8075}.Debug|Any CPU.Build.0 = Debug|Any CPU
		{73889D4D-E78F-4FE3-BED7-8BEFD46B8075}.Debug|x64.ActiveCfg = Debug|Any CPU
		{73889D4D-E78F-4FE3-BED7-8BEFD46B8075}.Debug|x64.Build.0 = Debug|Any CPU
		{73889D4D-E78F-4FE3-BED7-8BEFD46B8075}.Debug|x86.ActiveCfg = Debug|Any CPU
		{73889D4D-E78F-4FE3-BED7-8BEFD46B8075}.Debug|x86.Build.0 = Debug|Any CPU
		{73889D4D-E78F-4FE3-BED7-8BEFD46B8075}.Release|Any CPU.ActiveCfg = Release|Any CPU
		{73889D4D-E78F-4FE3-BED7-8BEFD46B8075}.Release|Any CPU.Build.0 = Release|Any CPU
		{73889D4D-E78F-4FE3-BED7-8BEFD46B8075}.Release|x64.ActiveCfg = Release|Any CPU
		{73889D4D-E78F-4FE3-BED7-8BEFD46B8075}.Release|x64.Build.0 = Release|Any CPU
		{73889D4D-E78F-4FE3-BED7-8BEFD46B8075}.Release|x86.ActiveCfg = Release|Any CPU
		{73889D4D-E78F-4FE3-BED7-8BEFD46B8075}.Release|x86.Build.0 = Release|Any CPU
		{A21B7DC4-750A-45F6-A80F-6B483DD82614}.Debug|Any CPU.ActiveCfg = Debug|Any CPU
		{A21B7DC4-750A-45F6-A80F-6B483DD82614}.Debug|Any CPU.Build.0 = Debug|Any CPU
		{A21B7DC4-750A-45F6-A80F-6B483DD82614}.Debug|x64.ActiveCfg = Debug|Any CPU
		{A21B7DC4-750A-45F6-A80F-6B483DD82614}.Debug|x64.Build.0 = Debug|Any CPU
		{A21B7DC4-750A-45F6-A80F-6B483DD82614}.Debug|x86.ActiveCfg = Debug|Any CPU
		{A21B7DC4-750A-45F6-A80F-6B483DD82614}.Debug|x86.Build.0 = Debug|Any CPU
		{A21B7DC4-750A-45F6-A80F-6B483DD82614}.Release|Any CPU.ActiveCfg = Release|Any CPU
		{A21B7DC4-750A-45F6-A80F-6B483DD82614}.Release|Any CPU.Build.0 = Release|Any CPU
		{A21B7DC4-750A-45F6-A80F-6B483DD82614}.Release|x64.ActiveCfg = Release|Any CPU
		{A21B7DC4-750A-45F6-A80F-6B483DD82614}.Release|x64.Build.0 = Release|Any CPU
		{A21B7DC4-750A-45F6-A80F-6B483DD82614}.Release|x86.ActiveCfg = Release|Any CPU
		{A21B7DC4-750A-45F6-A80F-6B483DD82614}.Release|x86.Build.0 = Release|Any CPU
	EndGlobalSection
	GlobalSection(SolutionProperties) = preSolution
		HideSolutionNode = FALSE
	EndGlobalSection
	GlobalSection(ExtensibilityGlobals) = postSolution
		SolutionGuid = {2737F042-DA95-42AC-8B8D-F6104FCE9DD9}
	EndGlobalSection
EndGlobal
