
Microsoft Visual Studio Solution File, Format Version 12.00
# Visual Studio Version 16
VisualStudioVersion = 16.0.30105.148
MinimumVisualStudioVersion = 10.0.40219.1
Project("{9A19103F-16F7-4668-BE54-9A1E7A4F7556}") = "RadzenCeb", "RadzenCeb.csproj", "{E7F9941A-EE4A-4840-976B-EE032BA9AFB5}"
EndProject
Project("{9A19103F-16F7-4668-BE54-9A1E7A4F7556}") = "CompteEstBon", "..\CompteEstBon\CompteEstBon.csproj", "{2667DC09-1790-4602-B7ED-7C7BB5F452F1}"
EndProject
Global
	GlobalSection(SolutionConfigurationPlatforms) = preSolution
		Debug|Any CPU = Debug|Any CPU
		Debug|x64 = Debug|x64
		Release|Any CPU = Release|Any CPU
		Release|x64 = Release|x64
	EndGlobalSection
	GlobalSection(ProjectConfigurationPlatforms) = postSolution
		{E7F9941A-EE4A-4840-976B-EE032BA9AFB5}.Debug|Any CPU.ActiveCfg = Debug|Any CPU
		{E7F9941A-EE4A-4840-976B-EE032BA9AFB5}.Debug|Any CPU.Build.0 = Debug|Any CPU
		{E7F9941A-EE4A-4840-976B-EE032BA9AFB5}.Debug|x64.ActiveCfg = Debug|Any CPU
		{E7F9941A-EE4A-4840-976B-EE032BA9AFB5}.Debug|x64.Build.0 = Debug|Any CPU
		{E7F9941A-EE4A-4840-976B-EE032BA9AFB5}.Release|Any CPU.ActiveCfg = Release|Any CPU
		{E7F9941A-EE4A-4840-976B-EE032BA9AFB5}.Release|Any CPU.Build.0 = Release|Any CPU
		{E7F9941A-EE4A-4840-976B-EE032BA9AFB5}.Release|x64.ActiveCfg = Release|Any CPU
		{E7F9941A-EE4A-4840-976B-EE032BA9AFB5}.Release|x64.Build.0 = Release|Any CPU
		{2667DC09-1790-4602-B7ED-7C7BB5F452F1}.Debug|Any CPU.ActiveCfg = Debug|Any CPU
		{2667DC09-1790-4602-B7ED-7C7BB5F452F1}.Debug|Any CPU.Build.0 = Debug|Any CPU
		{2667DC09-1790-4602-B7ED-7C7BB5F452F1}.Debug|x64.ActiveCfg = Debug|x64
		{2667DC09-1790-4602-B7ED-7C7BB5F452F1}.Debug|x64.Build.0 = Debug|x64
		{2667DC09-1790-4602-B7ED-7C7BB5F452F1}.Release|Any CPU.ActiveCfg = Release|Any CPU
		{2667DC09-1790-4602-B7ED-7C7BB5F452F1}.Release|Any CPU.Build.0 = Release|Any CPU
		{2667DC09-1790-4602-B7ED-7C7BB5F452F1}.Release|x64.ActiveCfg = Release|x64
		{2667DC09-1790-4602-B7ED-7C7BB5F452F1}.Release|x64.Build.0 = Release|x64
	EndGlobalSection
	GlobalSection(SolutionProperties) = preSolution
		HideSolutionNode = FALSE
	EndGlobalSection
	GlobalSection(ExtensibilityGlobals) = postSolution
		SolutionGuid = {A7AC770C-0FA4-40F6-A62D-3094DD8FA3E0}
	EndGlobalSection
EndGlobal
