
Microsoft Visual Studio Solution File, Format Version 12.00
# Visual Studio Version 17
VisualStudioVersion = 17.6.33513.286
MinimumVisualStudioVersion = 10.0.40219.1
Project("{9A19103F-16F7-4668-BE54-9A1E7A4F7556}") = "CompteEstBon_6", "CompteEstBon_6.csproj", "{3BC24791-4543-4B95-8002-94CB77FF11B7}"
EndProject
Project("{9A19103F-16F7-4668-BE54-9A1E7A4F7556}") = "arnaud.morin.outils_6", "..\Outils\arnaud.morin.outils_6.csproj", "{63FFF57A-953A-4829-9B78-99029071743F}"
EndProject
Project("{9A19103F-16F7-4668-BE54-9A1E7A4F7556}") = "CompteEstBon", "CompteEstBon.csproj", "{BACFE81B-12DB-4913-9B15-D8CF262EF368}"
EndProject
Project("{9A19103F-16F7-4668-BE54-9A1E7A4F7556}") = "arnaud.morin.outils", "..\Outils\arnaud.morin.outils.csproj", "{6D7C7346-4299-4F58-8171-32848432E8B6}"
EndProject
Global
	GlobalSection(SolutionConfigurationPlatforms) = preSolution
		Debug|Any CPU = Debug|Any CPU
		Debug|x64 = Debug|x64
		Release|Any CPU = Release|Any CPU
		Release|x64 = Release|x64
	EndGlobalSection
	GlobalSection(ProjectConfigurationPlatforms) = postSolution
		{3BC24791-4543-4B95-8002-94CB77FF11B7}.Debug|Any CPU.ActiveCfg = Debug|Any CPU
		{3BC24791-4543-4B95-8002-94CB77FF11B7}.Debug|Any CPU.Build.0 = Debug|Any CPU
		{3BC24791-4543-4B95-8002-94CB77FF11B7}.Debug|x64.ActiveCfg = Debug|x64
		{3BC24791-4543-4B95-8002-94CB77FF11B7}.Debug|x64.Build.0 = Debug|x64
		{3BC24791-4543-4B95-8002-94CB77FF11B7}.Release|Any CPU.ActiveCfg = Release|Any CPU
		{3BC24791-4543-4B95-8002-94CB77FF11B7}.Release|Any CPU.Build.0 = Release|Any CPU
		{3BC24791-4543-4B95-8002-94CB77FF11B7}.Release|x64.ActiveCfg = Release|x64
		{3BC24791-4543-4B95-8002-94CB77FF11B7}.Release|x64.Build.0 = Release|x64
		{63FFF57A-953A-4829-9B78-99029071743F}.Debug|Any CPU.ActiveCfg = Debug|Any CPU
		{63FFF57A-953A-4829-9B78-99029071743F}.Debug|Any CPU.Build.0 = Debug|Any CPU
		{63FFF57A-953A-4829-9B78-99029071743F}.Debug|x64.ActiveCfg = Debug|Any CPU
		{63FFF57A-953A-4829-9B78-99029071743F}.Debug|x64.Build.0 = Debug|Any CPU
		{63FFF57A-953A-4829-9B78-99029071743F}.Release|Any CPU.ActiveCfg = Release|Any CPU
		{63FFF57A-953A-4829-9B78-99029071743F}.Release|Any CPU.Build.0 = Release|Any CPU
		{63FFF57A-953A-4829-9B78-99029071743F}.Release|x64.ActiveCfg = Release|Any CPU
		{63FFF57A-953A-4829-9B78-99029071743F}.Release|x64.Build.0 = Release|Any CPU
		{BACFE81B-12DB-4913-9B15-D8CF262EF368}.Debug|Any CPU.ActiveCfg = Debug|Any CPU
		{BACFE81B-12DB-4913-9B15-D8CF262EF368}.Debug|Any CPU.Build.0 = Debug|Any CPU
		{BACFE81B-12DB-4913-9B15-D8CF262EF368}.Debug|x64.ActiveCfg = Debug|x64
		{BACFE81B-12DB-4913-9B15-D8CF262EF368}.Debug|x64.Build.0 = Debug|x64
		{BACFE81B-12DB-4913-9B15-D8CF262EF368}.Release|Any CPU.ActiveCfg = Release|Any CPU
		{BACFE81B-12DB-4913-9B15-D8CF262EF368}.Release|Any CPU.Build.0 = Release|Any CPU
		{BACFE81B-12DB-4913-9B15-D8CF262EF368}.Release|x64.ActiveCfg = Release|x64
		{BACFE81B-12DB-4913-9B15-D8CF262EF368}.Release|x64.Build.0 = Release|x64
		{6D7C7346-4299-4F58-8171-32848432E8B6}.Debug|Any CPU.ActiveCfg = Debug|Any CPU
		{6D7C7346-4299-4F58-8171-32848432E8B6}.Debug|Any CPU.Build.0 = Debug|Any CPU
		{6D7C7346-4299-4F58-8171-32848432E8B6}.Debug|x64.ActiveCfg = Debug|Any CPU
		{6D7C7346-4299-4F58-8171-32848432E8B6}.Debug|x64.Build.0 = Debug|Any CPU
		{6D7C7346-4299-4F58-8171-32848432E8B6}.Release|Any CPU.ActiveCfg = Release|Any CPU
		{6D7C7346-4299-4F58-8171-32848432E8B6}.Release|Any CPU.Build.0 = Release|Any CPU
		{6D7C7346-4299-4F58-8171-32848432E8B6}.Release|x64.ActiveCfg = Release|Any CPU
		{6D7C7346-4299-4F58-8171-32848432E8B6}.Release|x64.Build.0 = Release|Any CPU
	EndGlobalSection
	GlobalSection(SolutionProperties) = preSolution
		HideSolutionNode = FALSE
	EndGlobalSection
	GlobalSection(ExtensibilityGlobals) = postSolution
		SolutionGuid = {A1FD432E-C182-4858-8DD4-91CB77D3F32F}
	EndGlobalSection
EndGlobal
