
Microsoft Visual Studio Solution File, Format Version 12.00
# Visual Studio Version 17
VisualStudioVersion = 17.3.32611.2
MinimumVisualStudioVersion = 15.0.26124.0
Project("{9A19103F-16F7-4668-BE54-9A1E7A4F7556}") = "SfWpfCeb", "SfWpfCeb.csproj", "{016C9C03-AF0A-4099-9A3B-FAF982B26FA9}"
EndProject
Project("{9A19103F-16F7-4668-BE54-9A1E7A4F7556}") = "CompteEstBon", "..\CompteEstBon\CompteEstBon.csproj", "{5B6D4C82-6CC3-41B5-A580-537CD64F1D1F}"
EndProject
Project("{9A19103F-16F7-4668-BE54-9A1E7A4F7556}") = "CebExport", "..\SFCebOffice\CebExport.csproj", "{258B895E-5B99-4E34-BEA9-CB746140AAD1}"
EndProject
Project("{9A19103F-16F7-4668-BE54-9A1E7A4F7556}") = "arnaud.morin.outils", "..\Outils\arnaud.morin.outils.csproj", "{8AE175E1-7083-4BD2-9A49-A3170834D68A}"
EndProject
Global
	GlobalSection(SolutionConfigurationPlatforms) = preSolution
		Debug|Any CPU = Debug|Any CPU
		Debug|x64 = Debug|x64
		Debug|x86 = Debug|x86
		Release|Any CPU = Release|Any CPU
		Release|x64 = Release|x64
		Release|x86 = Release|x86
	EndGlobalSection
	GlobalSection(ProjectConfigurationPlatforms) = postSolution
		{016C9C03-AF0A-4099-9A3B-FAF982B26FA9}.Debug|Any CPU.ActiveCfg = Debug|Any CPU
		{016C9C03-AF0A-4099-9A3B-FAF982B26FA9}.Debug|Any CPU.Build.0 = Debug|Any CPU
		{016C9C03-AF0A-4099-9A3B-FAF982B26FA9}.Debug|x64.ActiveCfg = Debug|Any CPU
		{016C9C03-AF0A-4099-9A3B-FAF982B26FA9}.Debug|x64.Build.0 = Debug|Any CPU
		{016C9C03-AF0A-4099-9A3B-FAF982B26FA9}.Debug|x86.ActiveCfg = Debug|Any CPU
		{016C9C03-AF0A-4099-9A3B-FAF982B26FA9}.Debug|x86.Build.0 = Debug|Any CPU
		{016C9C03-AF0A-4099-9A3B-FAF982B26FA9}.Release|Any CPU.ActiveCfg = Release|Any CPU
		{016C9C03-AF0A-4099-9A3B-FAF982B26FA9}.Release|Any CPU.Build.0 = Release|Any CPU
		{016C9C03-AF0A-4099-9A3B-FAF982B26FA9}.Release|x64.ActiveCfg = Release|Any CPU
		{016C9C03-AF0A-4099-9A3B-FAF982B26FA9}.Release|x64.Build.0 = Release|Any CPU
		{016C9C03-AF0A-4099-9A3B-FAF982B26FA9}.Release|x86.ActiveCfg = Release|Any CPU
		{016C9C03-AF0A-4099-9A3B-FAF982B26FA9}.Release|x86.Build.0 = Release|Any CPU
		{5B6D4C82-6CC3-41B5-A580-537CD64F1D1F}.Debug|Any CPU.ActiveCfg = Debug|Any CPU
		{5B6D4C82-6CC3-41B5-A580-537CD64F1D1F}.Debug|Any CPU.Build.0 = Debug|Any CPU
		{5B6D4C82-6CC3-41B5-A580-537CD64F1D1F}.Debug|x64.ActiveCfg = Debug|x64
		{5B6D4C82-6CC3-41B5-A580-537CD64F1D1F}.Debug|x64.Build.0 = Debug|x64
		{5B6D4C82-6CC3-41B5-A580-537CD64F1D1F}.Debug|x86.ActiveCfg = Debug|Any CPU
		{5B6D4C82-6CC3-41B5-A580-537CD64F1D1F}.Debug|x86.Build.0 = Debug|Any CPU
		{5B6D4C82-6CC3-41B5-A580-537CD64F1D1F}.Release|Any CPU.ActiveCfg = Release|Any CPU
		{5B6D4C82-6CC3-41B5-A580-537CD64F1D1F}.Release|Any CPU.Build.0 = Release|Any CPU
		{5B6D4C82-6CC3-41B5-A580-537CD64F1D1F}.Release|x64.ActiveCfg = Release|x64
		{5B6D4C82-6CC3-41B5-A580-537CD64F1D1F}.Release|x64.Build.0 = Release|x64
		{5B6D4C82-6CC3-41B5-A580-537CD64F1D1F}.Release|x86.ActiveCfg = Release|Any CPU
		{5B6D4C82-6CC3-41B5-A580-537CD64F1D1F}.Release|x86.Build.0 = Release|Any CPU
		{258B895E-5B99-4E34-BEA9-CB746140AAD1}.Debug|Any CPU.ActiveCfg = Debug|Any CPU
		{258B895E-5B99-4E34-BEA9-CB746140AAD1}.Debug|Any CPU.Build.0 = Debug|Any CPU
		{258B895E-5B99-4E34-BEA9-CB746140AAD1}.Debug|x64.ActiveCfg = Debug|Any CPU
		{258B895E-5B99-4E34-BEA9-CB746140AAD1}.Debug|x64.Build.0 = Debug|Any CPU
		{258B895E-5B99-4E34-BEA9-CB746140AAD1}.Debug|x86.ActiveCfg = Debug|Any CPU
		{258B895E-5B99-4E34-BEA9-CB746140AAD1}.Debug|x86.Build.0 = Debug|Any CPU
		{258B895E-5B99-4E34-BEA9-CB746140AAD1}.Release|Any CPU.ActiveCfg = Release|Any CPU
		{258B895E-5B99-4E34-BEA9-CB746140AAD1}.Release|Any CPU.Build.0 = Release|Any CPU
		{258B895E-5B99-4E34-BEA9-CB746140AAD1}.Release|x64.ActiveCfg = Release|Any CPU
		{258B895E-5B99-4E34-BEA9-CB746140AAD1}.Release|x64.Build.0 = Release|Any CPU
		{258B895E-5B99-4E34-BEA9-CB746140AAD1}.Release|x86.ActiveCfg = Release|Any CPU
		{258B895E-5B99-4E34-BEA9-CB746140AAD1}.Release|x86.Build.0 = Release|Any CPU
		{8AE175E1-7083-4BD2-9A49-A3170834D68A}.Debug|Any CPU.ActiveCfg = Debug|Any CPU
		{8AE175E1-7083-4BD2-9A49-A3170834D68A}.Debug|Any CPU.Build.0 = Debug|Any CPU
		{8AE175E1-7083-4BD2-9A49-A3170834D68A}.Debug|x64.ActiveCfg = Debug|Any CPU
		{8AE175E1-7083-4BD2-9A49-A3170834D68A}.Debug|x64.Build.0 = Debug|Any CPU
		{8AE175E1-7083-4BD2-9A49-A3170834D68A}.Debug|x86.ActiveCfg = Debug|Any CPU
		{8AE175E1-7083-4BD2-9A49-A3170834D68A}.Debug|x86.Build.0 = Debug|Any CPU
		{8AE175E1-7083-4BD2-9A49-A3170834D68A}.Release|Any CPU.ActiveCfg = Release|Any CPU
		{8AE175E1-7083-4BD2-9A49-A3170834D68A}.Release|Any CPU.Build.0 = Release|Any CPU
		{8AE175E1-7083-4BD2-9A49-A3170834D68A}.Release|x64.ActiveCfg = Release|Any CPU
		{8AE175E1-7083-4BD2-9A49-A3170834D68A}.Release|x64.Build.0 = Release|Any CPU
		{8AE175E1-7083-4BD2-9A49-A3170834D68A}.Release|x86.ActiveCfg = Release|Any CPU
		{8AE175E1-7083-4BD2-9A49-A3170834D68A}.Release|x86.Build.0 = Release|Any CPU
		{EBFE7432-54CB-4978-94EC-3509B4766308}.Debug|Any CPU.ActiveCfg = Debug|Any CPU
		{EBFE7432-54CB-4978-94EC-3509B4766308}.Debug|Any CPU.Build.0 = Debug|Any CPU
		{EBFE7432-54CB-4978-94EC-3509B4766308}.Debug|Any CPU.Deploy.0 = Debug|Any CPU
		{EBFE7432-54CB-4978-94EC-3509B4766308}.Debug|x64.ActiveCfg = Debug|Any CPU
		{EBFE7432-54CB-4978-94EC-3509B4766308}.Debug|x64.Build.0 = Debug|Any CPU
		{EBFE7432-54CB-4978-94EC-3509B4766308}.Debug|x64.Deploy.0 = Debug|Any CPU
		{EBFE7432-54CB-4978-94EC-3509B4766308}.Debug|x86.ActiveCfg = Debug|Any CPU
		{EBFE7432-54CB-4978-94EC-3509B4766308}.Debug|x86.Build.0 = Debug|Any CPU
		{EBFE7432-54CB-4978-94EC-3509B4766308}.Debug|x86.Deploy.0 = Debug|Any CPU
		{EBFE7432-54CB-4978-94EC-3509B4766308}.Release|Any CPU.ActiveCfg = Release|Any CPU
		{EBFE7432-54CB-4978-94EC-3509B4766308}.Release|Any CPU.Build.0 = Release|Any CPU
		{EBFE7432-54CB-4978-94EC-3509B4766308}.Release|Any CPU.Deploy.0 = Release|Any CPU
		{EBFE7432-54CB-4978-94EC-3509B4766308}.Release|x64.ActiveCfg = Release|Any CPU
		{EBFE7432-54CB-4978-94EC-3509B4766308}.Release|x64.Build.0 = Release|Any CPU
		{EBFE7432-54CB-4978-94EC-3509B4766308}.Release|x64.Deploy.0 = Release|Any CPU
		{EBFE7432-54CB-4978-94EC-3509B4766308}.Release|x86.ActiveCfg = Release|Any CPU
		{EBFE7432-54CB-4978-94EC-3509B4766308}.Release|x86.Build.0 = Release|Any CPU
		{EBFE7432-54CB-4978-94EC-3509B4766308}.Release|x86.Deploy.0 = Release|Any CPU
	EndGlobalSection
	GlobalSection(SolutionProperties) = preSolution
		HideSolutionNode = FALSE
	EndGlobalSection
	GlobalSection(ExtensibilityGlobals) = postSolution
		SolutionGuid = {EFEFFB3D-D40F-4E10-8275-70A6215406B9}
	EndGlobalSection
EndGlobal
