# THIS IS AN AUTOGENERATED FILE. DO NOT EDIT THIS FILE DIRECTLY.
# yarn lockfile v1


"@fortawesome/fontawesome-free@^6.4.2":
  version "6.4.2"
  resolved "https://registry.yarnpkg.com/@fortawesome/fontawesome-free/-/fontawesome-free-6.4.2.tgz#36b6a9cb5ffbecdf89815c94d0c0ffa489ac5ecb"
  integrity sha512-m5cPn3e2+FDCOgi1mz0RexTUvvQibBebOUlUlW0+YrMjDTPkiJ6VTKukA1GRsvRw+12KyJndNjj0O4AgTxm2Pg==

"@syncfusion/ej2-barcode-generator@~23.1.36":
  version "23.1.36"
  resolved "https://registry.yarnpkg.com/@syncfusion/ej2-barcode-generator/-/ej2-barcode-generator-23.1.36.tgz#9175c865b59af7acd84d513f5b8a3ca2bace107f"
  integrity sha512-8opb7kFdhw680vFdSw9Wv/vIC2RvvUdvj3n8G748TIuM21Kabd8cn9wa+NpsWPW5bcJ4o0ZkQiNW3lB6UXQA6Q==
  dependencies:
    "@syncfusion/ej2-base" "~23.1.36"
    "@syncfusion/ej2-data" "~23.1.36"

"@syncfusion/ej2-base@~23.1.36":
  version "23.1.36"
  resolved "https://registry.yarnpkg.com/@syncfusion/ej2-base/-/ej2-base-23.1.36.tgz#393c7a784a2e4d79b95d315229af3b2d75f181a7"
  integrity sha512-AGjCszvesMNfI3DAIwZJRPcNmm05+NbiwgYy+mMnUU24BS0Fy1pS2XC0d4fUBKxowAThPH70fjPGO4Mk7zlynw==
  dependencies:
    "@syncfusion/ej2-icons" "~23.1.36"

"@syncfusion/ej2-base@~23.1.38":
  version "23.1.38"
  resolved "https://registry.yarnpkg.com/@syncfusion/ej2-base/-/ej2-base-23.1.38.tgz#15a684a13182430e58f8b5e63fce3df51bdc8dab"
  integrity sha512-48nRJLJ8uyfJi2ne/9Jwkwu78Cz1njDnt2jsq3n+6A9ebZFEqMlYC4pO177kTz/XTnd47CsJT3vsyKpt0haG5g==
  dependencies:
    "@syncfusion/ej2-icons" "~23.1.36"

"@syncfusion/ej2-buttons@~23.1.36":
  version "23.1.36"
  resolved "https://registry.yarnpkg.com/@syncfusion/ej2-buttons/-/ej2-buttons-23.1.36.tgz#33bfb705eefbab0af2e5bc8f855be27e89362066"
  integrity sha512-xh0hxNmkOE9H0UJ5VFOj0Vr+ewsNMWIjLr8BhIyUmdmMGzjbwU1o07XRVEvF+Y7eBUV1N2GBdwc2rkWMBGlJ+g==
  dependencies:
    "@syncfusion/ej2-base" "~23.1.36"

"@syncfusion/ej2-calendars@~23.1.36":
  version "23.1.36"
  resolved "https://registry.yarnpkg.com/@syncfusion/ej2-calendars/-/ej2-calendars-23.1.36.tgz#8c109fd06dec2b18e2384f4db538bf1ff10ae1e4"
  integrity sha512-IE7OEvJG/EUzsTJbNaVmRuY0X2f7teM1aCVr92z8excCAZ+vAiRS6pED4BB4A5SjLdorhETDwNNxZA4eSvWHVQ==
  dependencies:
    "@syncfusion/ej2-base" "~23.1.36"
    "@syncfusion/ej2-buttons" "~23.1.36"
    "@syncfusion/ej2-inputs" "~23.1.36"
    "@syncfusion/ej2-lists" "~23.1.36"
    "@syncfusion/ej2-popups" "~23.1.36"

"@syncfusion/ej2-calendars@~23.1.38":
  version "23.1.38"
  resolved "https://registry.yarnpkg.com/@syncfusion/ej2-calendars/-/ej2-calendars-23.1.38.tgz#8890aee1a2f8fd4dfc2d94a19fc4452b7af81152"
  integrity sha512-DFUHfQXUfwG/9U2vRq68/d5p1JbLFWz+2ZdQ0P0JnrHoKR6tMQ+S+JrUN6gViGvN7WsGmCl7StjtNZhJm3jwPg==
  dependencies:
    "@syncfusion/ej2-base" "~23.1.38"
    "@syncfusion/ej2-buttons" "~23.1.36"
    "@syncfusion/ej2-inputs" "~23.1.38"
    "@syncfusion/ej2-lists" "~23.1.36"
    "@syncfusion/ej2-popups" "~23.1.38"

"@syncfusion/ej2-charts@~23.1.36":
  version "23.1.36"
  resolved "https://registry.yarnpkg.com/@syncfusion/ej2-charts/-/ej2-charts-23.1.36.tgz#6ac169acd32a61b5bc379d1ab5e2bada5df183ff"
  integrity sha512-m11pVrvHPXSNwPHXWYVQyDizZbqyTppB2DC82nSpIw6++tk8hn6QzM3cTrZDL4/GOHbylk6ggagLJySCwiiOXg==
  dependencies:
    "@syncfusion/ej2-base" "~23.1.36"
    "@syncfusion/ej2-calendars" "~23.1.36"
    "@syncfusion/ej2-compression" "~23.1.36"
    "@syncfusion/ej2-data" "~23.1.36"
    "@syncfusion/ej2-excel-export" "~23.1.36"
    "@syncfusion/ej2-file-utils" "~23.1.36"
    "@syncfusion/ej2-navigations" "~23.1.36"
    "@syncfusion/ej2-pdf-export" "~23.1.36"
    "@syncfusion/ej2-svg-base" "~23.1.36"

"@syncfusion/ej2-charts@~23.1.38":
  version "23.1.38"
  resolved "https://registry.yarnpkg.com/@syncfusion/ej2-charts/-/ej2-charts-23.1.38.tgz#84e2754e7dbc2bc74c9c2e3f4f47c95760944ad5"
  integrity sha512-Dzx4lcJw5RBQ3Vehs4hNfcQRyzb01LE5kciHX2I5GPDhPo/G9e/Fq6DyeUq58dnlp6lMBTRVrsiWnkLZh3BrvA==
  dependencies:
    "@syncfusion/ej2-base" "~23.1.38"
    "@syncfusion/ej2-calendars" "~23.1.38"
    "@syncfusion/ej2-compression" "~23.1.36"
    "@syncfusion/ej2-data" "~23.1.36"
    "@syncfusion/ej2-excel-export" "~23.1.36"
    "@syncfusion/ej2-file-utils" "~23.1.36"
    "@syncfusion/ej2-navigations" "~23.1.36"
    "@syncfusion/ej2-pdf-export" "~23.1.36"
    "@syncfusion/ej2-svg-base" "~23.1.36"

"@syncfusion/ej2-circulargauge@~23.1.38":
  version "23.1.38"
  resolved "https://registry.yarnpkg.com/@syncfusion/ej2-circulargauge/-/ej2-circulargauge-23.1.38.tgz#eabf01122a016c64c24557650407b8c83fd24b43"
  integrity sha512-FLridktZHk6dLnyd/0YHN+C90HHQPQ2yKXJBkwhYwYcTWDZpGVmrBQf87Xaxixs96oFjOcahs1JmQa/xO6CSxQ==
  dependencies:
    "@syncfusion/ej2-base" "~23.1.38"
    "@syncfusion/ej2-pdf-export" "~23.1.36"
    "@syncfusion/ej2-svg-base" "~23.1.36"

"@syncfusion/ej2-compression@~23.1.36":
  version "23.1.36"
  resolved "https://registry.yarnpkg.com/@syncfusion/ej2-compression/-/ej2-compression-23.1.36.tgz#fd0e23e1b7bdae1dd7a20b9466ec7023d42836ac"
  integrity sha512-3hwsJGQctxhFVg6hVqBnq/f2rWm1J/GSE21PJh86/pK3j1hh7rlPdu/J9oeCpYXxyTmZeRbqJi8mQn8UQ0MxVA==
  dependencies:
    "@syncfusion/ej2-file-utils" "~23.1.36"

"@syncfusion/ej2-data@~23.1.36":
  version "23.1.36"
  resolved "https://registry.yarnpkg.com/@syncfusion/ej2-data/-/ej2-data-23.1.36.tgz#4976d3cd0832f68514c8cb099284275fa5b72cb6"
  integrity sha512-9MUJQx48QV63r8TwmsK77OBljBH6D7crB8R0ihf45lzJNxD/Hea3zllCoy7vfG0j19lSwLmMqVHRbhGWCf8JNg==
  dependencies:
    "@syncfusion/ej2-base" "~23.1.36"

"@syncfusion/ej2-diagrams@~23.1.38":
  version "23.1.38"
  resolved "https://registry.yarnpkg.com/@syncfusion/ej2-diagrams/-/ej2-diagrams-23.1.38.tgz#223a02e356b6f71d6f43b65ca453679433a2ef42"
  integrity sha512-65KccFrY2xCsvo3t3k9YOT1gZEbJYhDIUObnJzu6BDYNDoMUcwvX7LJb9EbEefYdCVGmTJ22wPyw1xu+4jCO1A==
  dependencies:
    "@syncfusion/ej2-base" "~23.1.38"
    "@syncfusion/ej2-buttons" "~23.1.36"
    "@syncfusion/ej2-data" "~23.1.36"
    "@syncfusion/ej2-inputs" "~23.1.38"
    "@syncfusion/ej2-lists" "~23.1.36"
    "@syncfusion/ej2-navigations" "~23.1.36"
    "@syncfusion/ej2-popups" "~23.1.38"

"@syncfusion/ej2-documenteditor@~23.1.38":
  version "23.1.38"
  resolved "https://registry.yarnpkg.com/@syncfusion/ej2-documenteditor/-/ej2-documenteditor-23.1.38.tgz#28fb52f4b352d475140bddc55cdb9847930b5485"
  integrity sha512-PXvNfkp5/Ak4ilCu1eEs45grEvTO8SSGNcbKcNJySXWlNMQ8Q7EBX/bUFni+Gunj3BIlYkak3UoBr0mJeUwruA==
  dependencies:
    "@syncfusion/ej2-base" "~23.1.38"
    "@syncfusion/ej2-buttons" "~23.1.36"
    "@syncfusion/ej2-calendars" "~23.1.38"
    "@syncfusion/ej2-compression" "~23.1.36"
    "@syncfusion/ej2-dropdowns" "~23.1.38"
    "@syncfusion/ej2-file-utils" "~23.1.36"
    "@syncfusion/ej2-inputs" "~23.1.38"
    "@syncfusion/ej2-navigations" "~23.1.36"
    "@syncfusion/ej2-office-chart" "~23.1.36"
    "@syncfusion/ej2-popups" "~23.1.38"
    "@syncfusion/ej2-splitbuttons" "~23.1.36"

"@syncfusion/ej2-drawings@~23.1.38":
  version "23.1.38"
  resolved "https://registry.yarnpkg.com/@syncfusion/ej2-drawings/-/ej2-drawings-23.1.38.tgz#1b8f541e4bcb20a1591834c83962f4da47ae49e4"
  integrity sha512-gmVb0VJpfydA0kIVEPmPFe8WBJx8xMBbQmn8l1zSKna46Du7DViYieuAmAl/9ybbtOjsGnIO68mTUN/xZNL+sQ==
  dependencies:
    "@syncfusion/ej2-base" "~23.1.38"
    "@syncfusion/ej2-data" "~23.1.36"

"@syncfusion/ej2-dropdowns@~23.1.36":
  version "23.1.36"
  resolved "https://registry.yarnpkg.com/@syncfusion/ej2-dropdowns/-/ej2-dropdowns-23.1.36.tgz#5310caca5cf3c056cb85d5facaa668c023de616a"
  integrity sha512-nX9IMwE5v4Z41lrIB4HcUoya+1+JKHMT/UTf92ue5BIIKpYrTmZanWrNlLahpczJgC2/nowpmhOc2mpY8d8mmA==
  dependencies:
    "@syncfusion/ej2-base" "~23.1.36"
    "@syncfusion/ej2-data" "~23.1.36"
    "@syncfusion/ej2-inputs" "~23.1.36"
    "@syncfusion/ej2-lists" "~23.1.36"
    "@syncfusion/ej2-navigations" "~23.1.36"
    "@syncfusion/ej2-notifications" "~23.1.36"
    "@syncfusion/ej2-popups" "~23.1.36"

"@syncfusion/ej2-dropdowns@~23.1.38":
  version "23.1.38"
  resolved "https://registry.yarnpkg.com/@syncfusion/ej2-dropdowns/-/ej2-dropdowns-23.1.38.tgz#94d27e2096a589af55a5d9cad77a83a4b427453c"
  integrity sha512-qqsjxl1s7YUxx2h8f9y5Lpxl2i9PNZpuxkbjh/xSokAaLNvcMHiGfgkbYZuub7KbLrWzhg+Ca3VoXXKPo/HTdA==
  dependencies:
    "@syncfusion/ej2-base" "~23.1.38"
    "@syncfusion/ej2-data" "~23.1.36"
    "@syncfusion/ej2-inputs" "~23.1.38"
    "@syncfusion/ej2-lists" "~23.1.36"
    "@syncfusion/ej2-navigations" "~23.1.36"
    "@syncfusion/ej2-notifications" "~23.1.36"
    "@syncfusion/ej2-popups" "~23.1.38"

"@syncfusion/ej2-excel-export@~23.1.36":
  version "23.1.36"
  resolved "https://registry.yarnpkg.com/@syncfusion/ej2-excel-export/-/ej2-excel-export-23.1.36.tgz#2b9465477a5de2c5f29490339e9b6ed6fd0e0820"
  integrity sha512-PHXE06PBX/NaDqG7wWiSbImx8XWwoK1Z/dtzriJ6MbXlCTg1r7hfEMGVIDCV7hxxh+hRtxaUmi7TAC8P/wGlRA==
  dependencies:
    "@syncfusion/ej2-base" "~23.1.36"
    "@syncfusion/ej2-compression" "~23.1.36"

"@syncfusion/ej2-file-utils@~23.1.36":
  version "23.1.36"
  resolved "https://registry.yarnpkg.com/@syncfusion/ej2-file-utils/-/ej2-file-utils-23.1.36.tgz#dc2632ddbe482744fdc402d1fbbe9ea57704cc42"
  integrity sha512-RAKfQzKTmbd58OvLm6u+hydA5exRfXWQdta6IIVVMIsfwmt3TW8jajCoEiIxINEoVuC9fy9j2Z23gUYHnYdv8A==

"@syncfusion/ej2-filemanager@~23.1.36":
  version "23.1.36"
  resolved "https://registry.yarnpkg.com/@syncfusion/ej2-filemanager/-/ej2-filemanager-23.1.36.tgz#40e7017d560a5e68a74416454befe87538005962"
  integrity sha512-YKcm6+MgugYOAuZJ8l097qlz0xHNZ8EGH2ngw6UlbNkN/khd5k7utUMufiwEQa3dYg4JMinwBkgKShkxAkuEzw==
  dependencies:
    "@syncfusion/ej2-base" "~23.1.36"
    "@syncfusion/ej2-buttons" "~23.1.36"
    "@syncfusion/ej2-data" "~23.1.36"
    "@syncfusion/ej2-grids" "~23.1.36"
    "@syncfusion/ej2-inputs" "~23.1.36"
    "@syncfusion/ej2-layouts" "~23.1.36"
    "@syncfusion/ej2-lists" "~23.1.36"
    "@syncfusion/ej2-navigations" "~23.1.36"
    "@syncfusion/ej2-popups" "~23.1.36"
    "@syncfusion/ej2-splitbuttons" "~23.1.36"

"@syncfusion/ej2-filemanager@~23.1.38":
  version "23.1.38"
  resolved "https://registry.yarnpkg.com/@syncfusion/ej2-filemanager/-/ej2-filemanager-23.1.38.tgz#b0870fc1c754312af6730c0465ed69ccd9b297b4"
  integrity sha512-m1p2fZaoB2EXWcMBebOo6ooIPcdFUCCd7O9Rx9jNI3U9Q0MvTVWVhkHcXWXQpJtpDZ1y3c01zDXn5TNtyo0z8A==
  dependencies:
    "@syncfusion/ej2-base" "~23.1.38"
    "@syncfusion/ej2-buttons" "~23.1.36"
    "@syncfusion/ej2-data" "~23.1.36"
    "@syncfusion/ej2-grids" "~23.1.38"
    "@syncfusion/ej2-inputs" "~23.1.38"
    "@syncfusion/ej2-layouts" "~23.1.36"
    "@syncfusion/ej2-lists" "~23.1.36"
    "@syncfusion/ej2-navigations" "~23.1.36"
    "@syncfusion/ej2-popups" "~23.1.38"
    "@syncfusion/ej2-splitbuttons" "~23.1.36"

"@syncfusion/ej2-gantt@~23.1.38":
  version "23.1.38"
  resolved "https://registry.yarnpkg.com/@syncfusion/ej2-gantt/-/ej2-gantt-23.1.38.tgz#a0d629652b348ccd1483950b85ab84ef66e292c5"
  integrity sha512-Xwdu6K4ITcFO6D1pm5EKHEr5A+4/vNWwsGgACdBKz687NsM5VTmu/+JDJ4JxPDQ35/WWha3RN0wb0PGEXjRH1Q==
  dependencies:
    "@syncfusion/ej2-base" "~23.1.38"
    "@syncfusion/ej2-buttons" "~23.1.36"
    "@syncfusion/ej2-calendars" "~23.1.38"
    "@syncfusion/ej2-data" "~23.1.36"
    "@syncfusion/ej2-dropdowns" "~23.1.38"
    "@syncfusion/ej2-grids" "~23.1.38"
    "@syncfusion/ej2-inputs" "~23.1.38"
    "@syncfusion/ej2-layouts" "~23.1.36"
    "@syncfusion/ej2-lists" "~23.1.36"
    "@syncfusion/ej2-navigations" "~23.1.36"
    "@syncfusion/ej2-notifications" "~23.1.36"
    "@syncfusion/ej2-popups" "~23.1.38"
    "@syncfusion/ej2-richtexteditor" "~23.1.36"
    "@syncfusion/ej2-svg-base" "~23.1.36"
    "@syncfusion/ej2-treegrid" "~23.1.36"

"@syncfusion/ej2-grids@~23.1.36":
  version "23.1.36"
  resolved "https://registry.yarnpkg.com/@syncfusion/ej2-grids/-/ej2-grids-23.1.36.tgz#1f353141ab8ca5bd6068d3f9c08ee5476e5ecacf"
  integrity sha512-qP4RgfAwWIET5ikM2+BpeuSANPE7OalqcX8jr5FGrLa39x+COCKoF32Y/WmY/ukBjl7VxKdIY2nqOtlM2VBSbQ==
  dependencies:
    "@syncfusion/ej2-base" "~23.1.36"
    "@syncfusion/ej2-buttons" "~23.1.36"
    "@syncfusion/ej2-calendars" "~23.1.36"
    "@syncfusion/ej2-compression" "~23.1.36"
    "@syncfusion/ej2-data" "~23.1.36"
    "@syncfusion/ej2-dropdowns" "~23.1.36"
    "@syncfusion/ej2-excel-export" "~23.1.36"
    "@syncfusion/ej2-file-utils" "~23.1.36"
    "@syncfusion/ej2-inputs" "~23.1.36"
    "@syncfusion/ej2-lists" "~23.1.36"
    "@syncfusion/ej2-navigations" "~23.1.36"
    "@syncfusion/ej2-notifications" "~23.1.36"
    "@syncfusion/ej2-pdf-export" "~23.1.36"
    "@syncfusion/ej2-popups" "~23.1.36"
    "@syncfusion/ej2-splitbuttons" "~23.1.36"

"@syncfusion/ej2-grids@~23.1.38":
  version "23.1.38"
  resolved "https://registry.yarnpkg.com/@syncfusion/ej2-grids/-/ej2-grids-23.1.38.tgz#e5294d161dc690651cbc733fa080c8adaf856e8a"
  integrity sha512-5z4UMI4p4Mmlq7KFqgh8O/XancMNHcVSfpsV28mT1ApcHlakGA9m22xar5Jqyys7I9nKBX2ZNz2d6pDS1xG7Pw==
  dependencies:
    "@syncfusion/ej2-base" "~23.1.38"
    "@syncfusion/ej2-buttons" "~23.1.36"
    "@syncfusion/ej2-calendars" "~23.1.38"
    "@syncfusion/ej2-compression" "~23.1.36"
    "@syncfusion/ej2-data" "~23.1.36"
    "@syncfusion/ej2-dropdowns" "~23.1.38"
    "@syncfusion/ej2-excel-export" "~23.1.36"
    "@syncfusion/ej2-file-utils" "~23.1.36"
    "@syncfusion/ej2-inputs" "~23.1.38"
    "@syncfusion/ej2-lists" "~23.1.36"
    "@syncfusion/ej2-navigations" "~23.1.36"
    "@syncfusion/ej2-notifications" "~23.1.36"
    "@syncfusion/ej2-pdf-export" "~23.1.36"
    "@syncfusion/ej2-popups" "~23.1.38"
    "@syncfusion/ej2-splitbuttons" "~23.1.36"

"@syncfusion/ej2-heatmap@~23.1.36":
  version "23.1.36"
  resolved "https://registry.yarnpkg.com/@syncfusion/ej2-heatmap/-/ej2-heatmap-23.1.36.tgz#9f21df0dd19d7e7731646c3a24a2e46f24780b3d"
  integrity sha512-W368erxYhtTedadcUp2FUn4r+9YcpvxqjyMAG1li60TroYCqFXBs1aF12rkwypBqyyaSX5hd373VMzT1C74uvg==
  dependencies:
    "@syncfusion/ej2-base" "~23.1.36"
    "@syncfusion/ej2-compression" "~23.1.36"
    "@syncfusion/ej2-data" "~23.1.36"
    "@syncfusion/ej2-file-utils" "~23.1.36"
    "@syncfusion/ej2-pdf-export" "~23.1.36"
    "@syncfusion/ej2-svg-base" "~23.1.36"

"@syncfusion/ej2-icons@~23.1.36":
  version "23.1.36"
  resolved "https://registry.yarnpkg.com/@syncfusion/ej2-icons/-/ej2-icons-23.1.36.tgz#dd01f70115f80c8b6c1bacef6b9bc217ef9fc75a"
  integrity sha512-Q7S50bOzXL9X46doNIGSGr61RCY/1RW9iz1U7yyARr2XBQhWnijk+t/FVBk1piR0nioRXbKQcPZOLiEo6zf1xw==

"@syncfusion/ej2-image-editor@~23.1.38":
  version "23.1.38"
  resolved "https://registry.yarnpkg.com/@syncfusion/ej2-image-editor/-/ej2-image-editor-23.1.38.tgz#be15345a26b4f61378ffc2cec935967049cf42d1"
  integrity sha512-M+MVFK1nwXA/mLlyFHIozQ+eu6fUdJ1olkag50sI4LlCg7ELQDUaONl+wwkH3U7YTHWePgyGJMSLFE/BL5W2og==
  dependencies:
    "@syncfusion/ej2-base" "~23.1.38"
    "@syncfusion/ej2-buttons" "~23.1.36"
    "@syncfusion/ej2-inputs" "~23.1.38"
    "@syncfusion/ej2-navigations" "~23.1.36"
    "@syncfusion/ej2-popups" "~23.1.38"
    "@syncfusion/ej2-splitbuttons" "~23.1.36"

"@syncfusion/ej2-inplace-editor@~23.1.36":
  version "23.1.36"
  resolved "https://registry.yarnpkg.com/@syncfusion/ej2-inplace-editor/-/ej2-inplace-editor-23.1.36.tgz#2c489c58b9deffee96c8bce11d77c760928434e8"
  integrity sha512-inMWJxaW8KjmeNWfVa5ZZ0DLe125w4Wb4EiIY2qOGpVtuLeCBwYSWaGM7ZXc/Rg6ru/ktowpTtz504Stpzzzdg==
  dependencies:
    "@syncfusion/ej2-base" "~23.1.36"
    "@syncfusion/ej2-buttons" "~23.1.36"
    "@syncfusion/ej2-calendars" "~23.1.36"
    "@syncfusion/ej2-data" "~23.1.36"
    "@syncfusion/ej2-dropdowns" "~23.1.36"
    "@syncfusion/ej2-inputs" "~23.1.36"
    "@syncfusion/ej2-lists" "~23.1.36"
    "@syncfusion/ej2-navigations" "~23.1.36"
    "@syncfusion/ej2-popups" "~23.1.36"
    "@syncfusion/ej2-richtexteditor" "~23.1.36"
    "@syncfusion/ej2-splitbuttons" "~23.1.36"

"@syncfusion/ej2-inputs@~23.1.36":
  version "23.1.36"
  resolved "https://registry.yarnpkg.com/@syncfusion/ej2-inputs/-/ej2-inputs-23.1.36.tgz#bd1164c3fd590e547ff3d26b0129cabe0d9adcef"
  integrity sha512-D1I7h3RKVVxSl7ljQB36wRvIK5hKHW5huiLbp83i8jWFTV8/iRdPTF43j/jxndkXS7cqPH/UnjtHVh/MIN7mZQ==
  dependencies:
    "@syncfusion/ej2-base" "~23.1.36"
    "@syncfusion/ej2-buttons" "~23.1.36"
    "@syncfusion/ej2-popups" "~23.1.36"
    "@syncfusion/ej2-splitbuttons" "~23.1.36"

"@syncfusion/ej2-inputs@~23.1.38":
  version "23.1.38"
  resolved "https://registry.yarnpkg.com/@syncfusion/ej2-inputs/-/ej2-inputs-23.1.38.tgz#756109b77c6f1ed0c709d05ef81c4923f00300cc"
  integrity sha512-5pKXvHVBTuyP4VSR8Su5SQAECoj24UZfUmlmYf5jfGmby6h2fph1mZZR8fdGFG3z8O933sc8RRsjGdFuaecoEA==
  dependencies:
    "@syncfusion/ej2-base" "~23.1.38"
    "@syncfusion/ej2-buttons" "~23.1.36"
    "@syncfusion/ej2-popups" "~23.1.38"
    "@syncfusion/ej2-splitbuttons" "~23.1.36"

"@syncfusion/ej2-kanban@~23.1.36":
  version "23.1.36"
  resolved "https://registry.yarnpkg.com/@syncfusion/ej2-kanban/-/ej2-kanban-23.1.36.tgz#728a77904f59a415edfd22a9379907ee6458c97f"
  integrity sha512-qkp7ZS+o40I9oWj/lDJ4D20ygsOuDmjJ1CEkpz2xQgzXuHcA+/89OGeKS8WGFtK2uPSl+U2ub2PdopXF4OqL+w==
  dependencies:
    "@syncfusion/ej2-base" "~23.1.36"
    "@syncfusion/ej2-buttons" "~23.1.36"
    "@syncfusion/ej2-data" "~23.1.36"
    "@syncfusion/ej2-dropdowns" "~23.1.36"
    "@syncfusion/ej2-inputs" "~23.1.36"
    "@syncfusion/ej2-layouts" "~23.1.36"
    "@syncfusion/ej2-navigations" "~23.1.36"
    "@syncfusion/ej2-notifications" "~23.1.36"
    "@syncfusion/ej2-popups" "~23.1.36"

"@syncfusion/ej2-layouts@~23.1.36":
  version "23.1.36"
  resolved "https://registry.yarnpkg.com/@syncfusion/ej2-layouts/-/ej2-layouts-23.1.36.tgz#61ddd252facd1c1b03d0d4a5d7b31a9e1644ce1f"
  integrity sha512-vS1KpUxLcrFNjRgkaotWWMmja9x1XjY06r70P/1JbxT66oJZwv5YRfBBqT1rFeYEWUGm0ciMEMehyTsPE3Pefw==
  dependencies:
    "@syncfusion/ej2-base" "~23.1.36"

"@syncfusion/ej2-lineargauge@~23.1.36":
  version "23.1.36"
  resolved "https://registry.yarnpkg.com/@syncfusion/ej2-lineargauge/-/ej2-lineargauge-23.1.36.tgz#f395a49c9fe2affaf09982838ba4e76e188ce640"
  integrity sha512-8OC+wT5k8R6ZeANa2xbqVP2uUJ+/pW9mYrkzsean2PEIAzJff5SaMlOup13q+D77/vm85yMXQnG7ODExfKKu+g==
  dependencies:
    "@syncfusion/ej2-base" "~23.1.36"
    "@syncfusion/ej2-pdf-export" "~23.1.36"
    "@syncfusion/ej2-svg-base" "~23.1.36"

"@syncfusion/ej2-lists@~23.1.36":
  version "23.1.36"
  resolved "https://registry.yarnpkg.com/@syncfusion/ej2-lists/-/ej2-lists-23.1.36.tgz#a1e5fe2607cb39891ee628e9c8e11ec045060355"
  integrity sha512-wPa5c1CZ4khBC47/rAHJVLL3r92CWHiQEFgCjHk7Pyn4ZP/XPCqEX7li652kgeCFzjAgHTVCGU1WIpoyroYcZg==
  dependencies:
    "@syncfusion/ej2-base" "~23.1.36"
    "@syncfusion/ej2-buttons" "~23.1.36"
    "@syncfusion/ej2-data" "~23.1.36"

"@syncfusion/ej2-maps@~23.1.38":
  version "23.1.38"
  resolved "https://registry.yarnpkg.com/@syncfusion/ej2-maps/-/ej2-maps-23.1.38.tgz#9e582d0e5e7dd7772776aed13e2c8da8dbe5af93"
  integrity sha512-z9hsd5TdGQKy/hDEylUBPo/WFk+sorIQSwANLmeOMtnwem7aClDMsorIeYqwFj/mrA1Q2plMa8oxn1n3XKbUCg==
  dependencies:
    "@syncfusion/ej2-base" "~23.1.38"
    "@syncfusion/ej2-buttons" "~23.1.36"
    "@syncfusion/ej2-compression" "~23.1.36"
    "@syncfusion/ej2-data" "~23.1.36"
    "@syncfusion/ej2-file-utils" "~23.1.36"
    "@syncfusion/ej2-pdf-export" "~23.1.36"
    "@syncfusion/ej2-svg-base" "~23.1.36"

"@syncfusion/ej2-navigations@~23.1.36":
  version "23.1.36"
  resolved "https://registry.yarnpkg.com/@syncfusion/ej2-navigations/-/ej2-navigations-23.1.36.tgz#dea23da5ce8ab43348a6cbe6e5d76533c4eedd2a"
  integrity sha512-Ci9WePBFffxDA2kI4ZctdCwnT3rlvh0vEbBsdMxISiF0Sw1aw9jFVPDvTXy4ngzPtuPxlgN9+FQO4urYbjOCiA==
  dependencies:
    "@syncfusion/ej2-base" "~23.1.36"
    "@syncfusion/ej2-buttons" "~23.1.36"
    "@syncfusion/ej2-data" "~23.1.36"
    "@syncfusion/ej2-inputs" "~23.1.36"
    "@syncfusion/ej2-lists" "~23.1.36"
    "@syncfusion/ej2-popups" "~23.1.36"

"@syncfusion/ej2-notifications@~23.1.36":
  version "23.1.36"
  resolved "https://registry.yarnpkg.com/@syncfusion/ej2-notifications/-/ej2-notifications-23.1.36.tgz#cc728c0f6ad23052c092eb60e80e086033efe8ef"
  integrity sha512-aSTKSI9F+vUiQa6KMpUcFDqf1W1yREMsroNHYDHkss47COCctczOqXIGVGOcJiS5Pxj3UC2fkrQchRwUC/IBew==
  dependencies:
    "@syncfusion/ej2-base" "~23.1.36"
    "@syncfusion/ej2-buttons" "~23.1.36"
    "@syncfusion/ej2-popups" "~23.1.36"

"@syncfusion/ej2-office-chart@~23.1.36":
  version "23.1.36"
  resolved "https://registry.yarnpkg.com/@syncfusion/ej2-office-chart/-/ej2-office-chart-23.1.36.tgz#356d4d8f1fde42373fc9acd15aae343a44677629"
  integrity sha512-JT4T0o4kEZed1bskY73ub5XSg2BlrhbAWcL+R1KTxQalxinf2HXjL7i6g9pnPcwbDA5gaU09/F3tlv2vzKOHgg==
  dependencies:
    "@syncfusion/ej2-charts" "~23.1.36"

"@syncfusion/ej2-pdf-export@~23.1.36":
  version "23.1.36"
  resolved "https://registry.yarnpkg.com/@syncfusion/ej2-pdf-export/-/ej2-pdf-export-23.1.36.tgz#248bd042862cf49ccdbbf20cf61f1b8767e1ffa4"
  integrity sha512-CWFFZwN29XrUfvnrA8WOCtLPijajFN0S0hsHMecPFByohchZhX9mP4lJsqn/B+qPQoKqyy0OFnmYjzCZBcuXMw==
  dependencies:
    "@syncfusion/ej2-compression" "~23.1.36"

"@syncfusion/ej2-pdf@~23.1.38":
  version "23.1.38"
  resolved "https://registry.yarnpkg.com/@syncfusion/ej2-pdf/-/ej2-pdf-23.1.38.tgz#ba798a214b8b201b5fe22d465e74d96bfff58ca8"
  integrity sha512-jY5ScoER4ud18+mU/TYnIWNcH6KYGWHW62ZeHA+6eLHN8NCpR/MsoTFLbXxbBfz91K409I/dHnGwqbL5CE/yAA==
  dependencies:
    "@syncfusion/ej2-base" "~23.1.38"
    "@syncfusion/ej2-compression" "~23.1.36"

"@syncfusion/ej2-pdfviewer@~23.1.38":
  version "23.1.38"
  resolved "https://registry.yarnpkg.com/@syncfusion/ej2-pdfviewer/-/ej2-pdfviewer-23.1.38.tgz#84ed52787684a549ee1161eb934db583c2af8f90"
  integrity sha512-jntMkkkOQfybiVZPWH4svry50aecWPP8xLvQWCdy25uP8JOMtQX0t86Ai6OrsHK4xH2l4nJifAbwTun2QwKBvA==
  dependencies:
    "@syncfusion/ej2-base" "~23.1.38"
    "@syncfusion/ej2-buttons" "~23.1.36"
    "@syncfusion/ej2-calendars" "~23.1.38"
    "@syncfusion/ej2-compression" "~23.1.36"
    "@syncfusion/ej2-data" "~23.1.36"
    "@syncfusion/ej2-drawings" "~23.1.38"
    "@syncfusion/ej2-dropdowns" "~23.1.38"
    "@syncfusion/ej2-excel-export" "~23.1.36"
    "@syncfusion/ej2-file-utils" "~23.1.36"
    "@syncfusion/ej2-filemanager" "~23.1.38"
    "@syncfusion/ej2-grids" "~23.1.38"
    "@syncfusion/ej2-inplace-editor" "~23.1.36"
    "@syncfusion/ej2-inputs" "~23.1.38"
    "@syncfusion/ej2-layouts" "~23.1.36"
    "@syncfusion/ej2-lists" "~23.1.36"
    "@syncfusion/ej2-navigations" "~23.1.36"
    "@syncfusion/ej2-notifications" "~23.1.36"
    "@syncfusion/ej2-pdf" "~23.1.38"
    "@syncfusion/ej2-pdf-export" "~23.1.36"
    "@syncfusion/ej2-popups" "~23.1.38"
    "@syncfusion/ej2-richtexteditor" "~23.1.36"

"@syncfusion/ej2-pivotview@~23.1.38":
  version "23.1.38"
  resolved "https://registry.yarnpkg.com/@syncfusion/ej2-pivotview/-/ej2-pivotview-23.1.38.tgz#294cbe8dc3d381b57a0952797ad34a98e596529a"
  integrity sha512-bDDzYvmR51WVP2OS+9U3zJzgpSNA4dEMQp/XZEwmaWdKVyN9ubEWvTppSgEjzH/zTK9C4cIH2dnG5xSYWpClzQ==
  dependencies:
    "@syncfusion/ej2-base" "~23.1.38"
    "@syncfusion/ej2-buttons" "~23.1.36"
    "@syncfusion/ej2-calendars" "~23.1.38"
    "@syncfusion/ej2-charts" "~23.1.38"
    "@syncfusion/ej2-compression" "~23.1.36"
    "@syncfusion/ej2-data" "~23.1.36"
    "@syncfusion/ej2-dropdowns" "~23.1.38"
    "@syncfusion/ej2-excel-export" "~23.1.36"
    "@syncfusion/ej2-file-utils" "~23.1.36"
    "@syncfusion/ej2-grids" "~23.1.38"
    "@syncfusion/ej2-inputs" "~23.1.38"
    "@syncfusion/ej2-lists" "~23.1.36"
    "@syncfusion/ej2-navigations" "~23.1.36"
    "@syncfusion/ej2-pdf-export" "~23.1.36"
    "@syncfusion/ej2-popups" "~23.1.38"
    "@syncfusion/ej2-splitbuttons" "~23.1.36"
    "@syncfusion/ej2-svg-base" "~23.1.36"

"@syncfusion/ej2-popups@~23.1.36":
  version "23.1.36"
  resolved "https://registry.yarnpkg.com/@syncfusion/ej2-popups/-/ej2-popups-23.1.36.tgz#e83a206cce8f6083e0ac5fbcc9539e14bd4fe145"
  integrity sha512-5hTbAaipRIweHLBiSGEkMrhnIr4EKT4U8wOn5PdBBfGjfTp0SEW44wqv7tiC0eilQB6FOPsImabpEJ+jsJE0Dw==
  dependencies:
    "@syncfusion/ej2-base" "~23.1.36"
    "@syncfusion/ej2-buttons" "~23.1.36"

"@syncfusion/ej2-popups@~23.1.38":
  version "23.1.38"
  resolved "https://registry.yarnpkg.com/@syncfusion/ej2-popups/-/ej2-popups-23.1.38.tgz#d9ab38688816d83114f234d7781988704f7c33fc"
  integrity sha512-mnhJ1YLFYcJfetYJIdWbjy8CDbhxhLn9nUkWtld9388Xj7NPychVIyvvrFQQ+Nu839qG/VU08NOuVx+8Z9QU8g==
  dependencies:
    "@syncfusion/ej2-base" "~23.1.38"
    "@syncfusion/ej2-buttons" "~23.1.36"

"@syncfusion/ej2-progressbar@~23.1.38":
  version "23.1.38"
  resolved "https://registry.yarnpkg.com/@syncfusion/ej2-progressbar/-/ej2-progressbar-23.1.38.tgz#cf4f7680579705682ea3d3f41951c212881796f9"
  integrity sha512-mVb+9fdq5RC1ze1aOJ8gHO91LNkJa2jL4+fysMCNCUQzGZ6VfcrLKXX8TSk6Ek9nqIrJ+Hm6RjwlxMz4WgXvWQ==
  dependencies:
    "@syncfusion/ej2-base" "~23.1.38"
    "@syncfusion/ej2-data" "~23.1.36"
    "@syncfusion/ej2-svg-base" "~23.1.36"

"@syncfusion/ej2-querybuilder@~23.1.38":
  version "23.1.38"
  resolved "https://registry.yarnpkg.com/@syncfusion/ej2-querybuilder/-/ej2-querybuilder-23.1.38.tgz#81a25c927483e3ca407a836a9f4fd20beaaf4fe4"
  integrity sha512-7xngi+zejZSnKk9jYnstf2BMzmYal4FtH9Srds1LkFGXfQgRhZezndj39feqGFQHFfnuh5So5CPNuiDo3qg83w==
  dependencies:
    "@syncfusion/ej2-base" "~23.1.38"
    "@syncfusion/ej2-buttons" "~23.1.36"
    "@syncfusion/ej2-calendars" "~23.1.38"
    "@syncfusion/ej2-dropdowns" "~23.1.38"
    "@syncfusion/ej2-inputs" "~23.1.38"
    "@syncfusion/ej2-splitbuttons" "~23.1.36"

"@syncfusion/ej2-ribbon@~23.1.38":
  version "23.1.38"
  resolved "https://registry.yarnpkg.com/@syncfusion/ej2-ribbon/-/ej2-ribbon-23.1.38.tgz#7c2c79c56ef6951fab326d9c2248341eb39c9c3b"
  integrity sha512-VEAG84qIKRk6bs4i2t1NlVtJcG5OtkA1CW+mTE6ur/bJSYGdDkJKKjNvhOgv5NFaPJtLdPb4TnziFOZpk0EHCA==
  dependencies:
    "@syncfusion/ej2-base" "~23.1.38"
    "@syncfusion/ej2-buttons" "~23.1.36"
    "@syncfusion/ej2-dropdowns" "~23.1.38"
    "@syncfusion/ej2-lists" "~23.1.36"
    "@syncfusion/ej2-navigations" "~23.1.36"
    "@syncfusion/ej2-popups" "~23.1.38"
    "@syncfusion/ej2-splitbuttons" "~23.1.36"

"@syncfusion/ej2-richtexteditor@~23.1.36":
  version "23.1.36"
  resolved "https://registry.yarnpkg.com/@syncfusion/ej2-richtexteditor/-/ej2-richtexteditor-23.1.36.tgz#f7f22edf4ef6bf327923ac06d4d6407d8d2a744b"
  integrity sha512-Bj+JA14a8vy9+78Cp2cfcSQ9RJrX87XgW/Fl01be79usvQq9xRSoC/zjXittkphRg7EQXQDGiJJjEEPp8AV1vg==
  dependencies:
    "@syncfusion/ej2-base" "~23.1.36"
    "@syncfusion/ej2-buttons" "~23.1.36"
    "@syncfusion/ej2-filemanager" "~23.1.36"
    "@syncfusion/ej2-inputs" "~23.1.36"
    "@syncfusion/ej2-navigations" "~23.1.36"
    "@syncfusion/ej2-popups" "~23.1.36"
    "@syncfusion/ej2-splitbuttons" "~23.1.36"

"@syncfusion/ej2-schedule@~23.1.38":
  version "23.1.38"
  resolved "https://registry.yarnpkg.com/@syncfusion/ej2-schedule/-/ej2-schedule-23.1.38.tgz#63b6ed70446f790d6b1a3385dc23b39a688e1919"
  integrity sha512-Vsx67DOnqBVPdnulpdrQuGY8Stls6r+ANDnQMLWt2zZYxVIffIFQqWyc50pjx4jf+n5xoGxCU66FTK7jNVrQ9Q==
  dependencies:
    "@syncfusion/ej2-base" "~23.1.38"
    "@syncfusion/ej2-buttons" "~23.1.36"
    "@syncfusion/ej2-calendars" "~23.1.38"
    "@syncfusion/ej2-data" "~23.1.36"
    "@syncfusion/ej2-dropdowns" "~23.1.38"
    "@syncfusion/ej2-excel-export" "~23.1.36"
    "@syncfusion/ej2-inputs" "~23.1.38"
    "@syncfusion/ej2-lists" "~23.1.36"
    "@syncfusion/ej2-navigations" "~23.1.36"
    "@syncfusion/ej2-popups" "~23.1.38"

"@syncfusion/ej2-splitbuttons@~23.1.36":
  version "23.1.36"
  resolved "https://registry.yarnpkg.com/@syncfusion/ej2-splitbuttons/-/ej2-splitbuttons-23.1.36.tgz#b7e3f08dc98219d86da1edd5ed94444c6446b22d"
  integrity sha512-vujsVUbndBeIguIhwcak+QucMHUD4UbBpij4JylcOUFCinF60uHwch3F1S4nlpd7x+PsdKiPU5JT7v8TSXIhKg==
  dependencies:
    "@syncfusion/ej2-base" "~23.1.36"
    "@syncfusion/ej2-popups" "~23.1.36"

"@syncfusion/ej2-spreadsheet@~23.1.38":
  version "23.1.38"
  resolved "https://registry.yarnpkg.com/@syncfusion/ej2-spreadsheet/-/ej2-spreadsheet-23.1.38.tgz#9ac5efc5a2e40be88bbeb532f84a3559019d46a6"
  integrity sha512-bwToh64l9EzdfiDNiRAKDUcjUcV3ginTICspO97lovqpq6f3gEaKofKh/BTUVI8IJDjQaxY0RDYOvb3zKjhoSA==
  dependencies:
    "@syncfusion/ej2-base" "~23.1.38"
    "@syncfusion/ej2-charts" "~23.1.38"
    "@syncfusion/ej2-dropdowns" "~23.1.38"
    "@syncfusion/ej2-grids" "~23.1.38"
    "@syncfusion/ej2-navigations" "~23.1.36"

"@syncfusion/ej2-svg-base@~23.1.36":
  version "23.1.36"
  resolved "https://registry.yarnpkg.com/@syncfusion/ej2-svg-base/-/ej2-svg-base-23.1.36.tgz#18661f6eaaca4f89f024dc5ad6c2482b57788b8f"
  integrity sha512-Nf3wRPQ2YDCrrnA5RKU/wHr20poa1dVzhArk/4Gdea7NaXt60/m7j07cHlChNY3cllsBe8HHOv9OIoBmEfWtiw==
  dependencies:
    "@syncfusion/ej2-base" "~23.1.36"

"@syncfusion/ej2-treegrid@~23.1.36":
  version "23.1.36"
  resolved "https://registry.yarnpkg.com/@syncfusion/ej2-treegrid/-/ej2-treegrid-23.1.36.tgz#142c0a09fa2270e3ef134df881765594d76ec9a1"
  integrity sha512-IeMeRzs6rrUy8UDzDYbIv1vOnfDVlNCrWwyl1tt4hkaXk1kKl/g1kDZvPCxV9dMxybixCUfvmaznipS3xPFEWw==
  dependencies:
    "@syncfusion/ej2-base" "~23.1.36"
    "@syncfusion/ej2-data" "~23.1.36"
    "@syncfusion/ej2-grids" "~23.1.36"
    "@syncfusion/ej2-popups" "~23.1.36"

"@syncfusion/ej2-treemap@~23.1.36":
  version "23.1.36"
  resolved "https://registry.yarnpkg.com/@syncfusion/ej2-treemap/-/ej2-treemap-23.1.36.tgz#9686ff1a711b4e32015e17c9c7704f7baff3f436"
  integrity sha512-5MG7gC+KbmLbYzIIltZ9UESNxeVAEvdeb8jglr7OSa1wBOHFhF2NKiv6lgJPFMyS4IbMqMFj1d8bHtT2JvlOnQ==
  dependencies:
    "@syncfusion/ej2-base" "~23.1.36"
    "@syncfusion/ej2-compression" "~23.1.36"
    "@syncfusion/ej2-data" "~23.1.36"
    "@syncfusion/ej2-file-utils" "~23.1.36"
    "@syncfusion/ej2-pdf-export" "~23.1.36"
    "@syncfusion/ej2-svg-base" "~23.1.36"

"@syncfusion/ej2@^23.1.38":
  version "23.1.38"
  resolved "https://registry.yarnpkg.com/@syncfusion/ej2/-/ej2-23.1.38.tgz#50b6c7eca514e0e1b3df0213265be019554467af"
  integrity sha512-3h9mI92tIhc6tST1ftWloOwfZXz4dt/swKn1d5iohARStT4quj3SNtOuvnYxLbLe0mpTPT7xsqfrhm/OO5KLAA==
  dependencies:
    "@syncfusion/ej2-barcode-generator" "~23.1.36"
    "@syncfusion/ej2-base" "~23.1.38"
    "@syncfusion/ej2-buttons" "~23.1.36"
    "@syncfusion/ej2-calendars" "~23.1.38"
    "@syncfusion/ej2-charts" "~23.1.38"
    "@syncfusion/ej2-circulargauge" "~23.1.38"
    "@syncfusion/ej2-compression" "~23.1.36"
    "@syncfusion/ej2-data" "~23.1.36"
    "@syncfusion/ej2-diagrams" "~23.1.38"
    "@syncfusion/ej2-documenteditor" "~23.1.38"
    "@syncfusion/ej2-drawings" "~23.1.38"
    "@syncfusion/ej2-dropdowns" "~23.1.38"
    "@syncfusion/ej2-excel-export" "~23.1.36"
    "@syncfusion/ej2-file-utils" "~23.1.36"
    "@syncfusion/ej2-filemanager" "~23.1.38"
    "@syncfusion/ej2-gantt" "~23.1.38"
    "@syncfusion/ej2-grids" "~23.1.38"
    "@syncfusion/ej2-heatmap" "~23.1.36"
    "@syncfusion/ej2-icons" "~23.1.36"
    "@syncfusion/ej2-image-editor" "~23.1.38"
    "@syncfusion/ej2-inplace-editor" "~23.1.36"
    "@syncfusion/ej2-inputs" "~23.1.38"
    "@syncfusion/ej2-kanban" "~23.1.36"
    "@syncfusion/ej2-layouts" "~23.1.36"
    "@syncfusion/ej2-lineargauge" "~23.1.36"
    "@syncfusion/ej2-lists" "~23.1.36"
    "@syncfusion/ej2-maps" "~23.1.38"
    "@syncfusion/ej2-navigations" "~23.1.36"
    "@syncfusion/ej2-notifications" "~23.1.36"
    "@syncfusion/ej2-office-chart" "~23.1.36"
    "@syncfusion/ej2-pdf" "~23.1.38"
    "@syncfusion/ej2-pdf-export" "~23.1.36"
    "@syncfusion/ej2-pdfviewer" "~23.1.38"
    "@syncfusion/ej2-pivotview" "~23.1.38"
    "@syncfusion/ej2-popups" "~23.1.38"
    "@syncfusion/ej2-progressbar" "~23.1.38"
    "@syncfusion/ej2-querybuilder" "~23.1.38"
    "@syncfusion/ej2-ribbon" "~23.1.38"
    "@syncfusion/ej2-richtexteditor" "~23.1.36"
    "@syncfusion/ej2-schedule" "~23.1.38"
    "@syncfusion/ej2-splitbuttons" "~23.1.36"
    "@syncfusion/ej2-spreadsheet" "~23.1.38"
    "@syncfusion/ej2-svg-base" "~23.1.36"
    "@syncfusion/ej2-treegrid" "~23.1.36"
    "@syncfusion/ej2-treemap" "~23.1.36"
    "@types/lodash" "4.14.159"
    "@types/node" "18.11.11"
    sass "1.51.0"
    tslib "^1.8.0"
    typescript "^3.8.2"

"@types/lodash@4.14.159":
  version "4.14.159"
  resolved "https://registry.yarnpkg.com/@types/lodash/-/lodash-4.14.159.tgz#61089719dc6fdd9c5cb46efc827f2571d1517065"
  integrity sha512-gF7A72f7WQN33DpqOWw9geApQPh4M3PxluMtaHxWHXEGSN12/WbcEk/eNSqWNQcQhF66VSZ06vCF94CrHwXJDg==

"@types/node@18.11.11":
  version "18.11.11"
  resolved "https://registry.yarnpkg.com/@types/node/-/node-18.11.11.tgz#1d455ac0211549a8409d3cdb371cd55cc971e8dc"
  integrity sha512-KJ021B1nlQUBLopzZmPBVuGU9un7WJd/W4ya7Ih02B4Uwky5Nja0yGYav2EfYIk0RR2Q9oVhf60S2XR1BCWJ2g==

anymatch@~3.1.2:
  version "3.1.3"
  resolved "https://registry.yarnpkg.com/anymatch/-/anymatch-3.1.3.tgz#790c58b19ba1720a84205b57c618d5ad8524973e"
  integrity sha512-KMReFUr0B4t+D+OBkjR3KYqvocp2XaSzO55UcB6mgQMd3KbcE+mWTyvVV7D/zsdEbNnV6acZUutkiHQXvTr1Rw==
  dependencies:
    normalize-path "^3.0.0"
    picomatch "^2.0.4"

binary-extensions@^2.0.0:
  version "2.2.0"
  resolved "https://registry.yarnpkg.com/binary-extensions/-/binary-extensions-2.2.0.tgz#75f502eeaf9ffde42fc98829645be4ea76bd9e2d"
  integrity sha512-jDctJ/IVQbZoJykoeHbhXpOlNBqGNcwXJKJog42E5HDPUwQTSdjCHdihjj0DlnheQ7blbT6dHOafNAiS8ooQKA==

bootstrap@^5.3.2:
  version "5.3.2"
  resolved "https://registry.yarnpkg.com/bootstrap/-/bootstrap-5.3.2.tgz#97226583f27aae93b2b28ab23f4c114757ff16ae"
  integrity sha512-D32nmNWiQHo94BKHLmOrdjlL05q1c8oxbtBphQFb9Z5to6eGRDCm0QgeaZ4zFBHzfg2++rqa2JkqCcxDy0sH0g==

braces@~3.0.2:
  version "3.0.2"
  resolved "https://registry.yarnpkg.com/braces/-/braces-3.0.2.tgz#3454e1a462ee8d599e236df336cd9ea4f8afe107"
  integrity sha512-b8um+L1RzM3WDSzvhm6gIz1yfTbBt6YTlcEKAvsmqCZZFw46z626lVj9j1yEPW33H5H+lBQpZMP1k8l+78Ha0A==
  dependencies:
    fill-range "^7.0.1"

"chokidar@>=3.0.0 <4.0.0":
  version "3.5.3"
  resolved "https://registry.yarnpkg.com/chokidar/-/chokidar-3.5.3.tgz#1cf37c8707b932bd1af1ae22c0432e2acd1903bd"
  integrity sha512-Dr3sfKRP6oTcjf2JmUmFJfeVMvXBdegxB0iVQ5eb2V10uFJUCAS8OByZdVAyVb8xXNz3GjjTgj9kLWsZTqE6kw==
  dependencies:
    anymatch "~3.1.2"
    braces "~3.0.2"
    glob-parent "~5.1.2"
    is-binary-path "~2.1.0"
    is-glob "~4.0.1"
    normalize-path "~3.0.0"
    readdirp "~3.6.0"
  optionalDependencies:
    fsevents "~2.3.2"

cssesc@^3.0.0:
  version "3.0.0"
  resolved "https://registry.yarnpkg.com/cssesc/-/cssesc-3.0.0.tgz#37741919903b868565e1c09ea747445cd18983ee"
  integrity sha512-/Tb/JcjK111nNScGob5MNtsntNM1aCNUDipB/TkwZFhyDrrE47SOx/18wF2bbjgc3ZzCSKW1T5nt5EbFoAz/Vg==

fill-range@^7.0.1:
  version "7.0.1"
  resolved "https://registry.yarnpkg.com/fill-range/-/fill-range-7.0.1.tgz#1919a6a7c75fe38b2c7c77e5198535da9acdda40"
  integrity sha512-qOo9F+dMUmC2Lcb4BbVvnKJxTPjCm+RRpe4gDuGrzkL7mEVl/djYSu2OdQ2Pa302N4oqkSg9ir6jaLWJ2USVpQ==
  dependencies:
    to-regex-range "^5.0.1"

fsevents@~2.3.2:
  version "2.3.2"
  resolved "https://registry.yarnpkg.com/fsevents/-/fsevents-2.3.2.tgz#8a526f78b8fdf4623b709e0b975c52c24c02fd1a"
  integrity sha512-xiqMQR4xAeHTuB9uWm+fFRcIOgKBMiOBP+eXiyT7jsgVCq1bkVygt00oASowB7EdtpOHaaPgKt812P9ab+DDKA==

glob-parent@~5.1.2:
  version "5.1.2"
  resolved "https://registry.yarnpkg.com/glob-parent/-/glob-parent-5.1.2.tgz#869832c58034fe68a4093c17dc15e8340d8401c4"
  integrity sha512-AOIgSQCepiJYwP3ARnGx+5VnTu2HBYdzbGP45eLw1vr3zB3vZLeyed1sC9hnbcOc9/SrMyM5RPQrkGz4aS9Zow==
  dependencies:
    is-glob "^4.0.1"

immutable@^4.0.0:
  version "4.3.0"
  resolved "https://registry.yarnpkg.com/immutable/-/immutable-4.3.0.tgz#eb1738f14ffb39fd068b1dbe1296117484dd34be"
  integrity sha512-0AOCmOip+xgJwEVTQj1EfiDDOkPmuyllDuTuEX+DDXUgapLAsBIfkg3sxCYyCEA8mQqZrrxPUGjcOQ2JS3WLkg==

is-binary-path@~2.1.0:
  version "2.1.0"
  resolved "https://registry.yarnpkg.com/is-binary-path/-/is-binary-path-2.1.0.tgz#ea1f7f3b80f064236e83470f86c09c254fb45b09"
  integrity sha512-ZMERYes6pDydyuGidse7OsHxtbI7WVeUEozgR/g7rd0xUimYNlvZRE/K2MgZTjWy725IfelLeVcEM97mmtRGXw==
  dependencies:
    binary-extensions "^2.0.0"

is-extglob@^2.1.1:
  version "2.1.1"
  resolved "https://registry.yarnpkg.com/is-extglob/-/is-extglob-2.1.1.tgz#a88c02535791f02ed37c76a1b9ea9773c833f8c2"
  integrity sha512-SbKbANkN603Vi4jEZv49LeVJMn4yGwsbzZworEoyEiutsN3nJYdbO36zfhGJ6QEDpOZIFkDtnq5JRxmvl3jsoQ==

is-glob@^4.0.1, is-glob@~4.0.1:
  version "4.0.3"
  resolved "https://registry.yarnpkg.com/is-glob/-/is-glob-4.0.3.tgz#64f61e42cbbb2eec2071a9dac0b28ba1e65d5084"
  integrity sha512-xelSayHH36ZgE7ZWhli7pW34hNbNl8Ojv5KVmkJD4hBdD3th8Tfk9vYasLM+mXWOZhFkgZfxhLSnrwRr4elSSg==
  dependencies:
    is-extglob "^2.1.1"

is-number@^7.0.0:
  version "7.0.0"
  resolved "https://registry.yarnpkg.com/is-number/-/is-number-7.0.0.tgz#7535345b896734d5f80c4d06c50955527a14f12b"
  integrity sha512-41Cifkg6e8TylSpdtTpeLVMqvSBEVzTttHvERD741+pnZ8ANv0004MRL43QKPDlK9cGvNp6NZWZUBlbGXYxxng==

is-plain-object@^5.0.0:
  version "5.0.0"
  resolved "https://registry.yarnpkg.com/is-plain-object/-/is-plain-object-5.0.0.tgz#4427f50ab3429e9025ea7d52e9043a9ef4159344"
  integrity sha512-VRSzKkbMm5jMDoKLbltAkFQ5Qr7VDiTFGXxYFXXowVj387GeGNOCsOH6Msy00SGZ3Fp84b1Naa1psqgcCIEP5Q==

nanoid@^3.3.6:
  version "3.3.6"
  resolved "https://registry.yarnpkg.com/nanoid/-/nanoid-3.3.6.tgz#443380c856d6e9f9824267d960b4236ad583ea4c"
  integrity sha512-BGcqMMJuToF7i1rt+2PWSNVnWIkGCU78jBG3RxO/bZlnZPK2Cmi2QaffxGO/2RvWi9sL+FAiRiXMgsyxQ1DIDA==

normalize-path@^3.0.0, normalize-path@~3.0.0:
  version "3.0.0"
  resolved "https://registry.yarnpkg.com/normalize-path/-/normalize-path-3.0.0.tgz#0dcd69ff23a1c9b11fd0978316644a0388216a65"
  integrity sha512-6eZs5Ls3WtCisHWp9S2GUy8dqkpGi4BVSz3GaqiE6ezub0512ESztXUwUB6C6IKbQkY2Pnb/mD4WYojCRwcwLA==

picocolors@^1.0.0:
  version "1.0.0"
  resolved "https://registry.yarnpkg.com/picocolors/-/picocolors-1.0.0.tgz#cb5bdc74ff3f51892236eaf79d68bc44564ab81c"
  integrity sha512-1fygroTLlHu66zi26VoTDv8yRgm0Fccecssto+MhsZ0D/DGW2sm8E8AjW7NU5VVTRt5GxbeZ5qBuJr+HyLYkjQ==

picomatch@^2.0.4, picomatch@^2.2.1:
  version "2.3.1"
  resolved "https://registry.yarnpkg.com/picomatch/-/picomatch-2.3.1.tgz#3ba3833733646d9d3e4995946c1365a67fb07a42"
  integrity sha512-JU3teHTNjmE2VCGFzuY8EXzCDVwEqB2a8fsIvwaStHhAWJEeVd1o1QD80CU6+ZdEXXSLbSsuLwJjkCBWqRQUVA==

postcss-media-query-parser@^0.2.3:
  version "0.2.3"
  resolved "https://registry.yarnpkg.com/postcss-media-query-parser/-/postcss-media-query-parser-0.2.3.tgz#27b39c6f4d94f81b1a73b8f76351c609e5cef244"
  integrity sha512-3sOlxmbKcSHMjlUXQZKQ06jOswE7oVkXPxmZdoB1r5l0q6gTFTQSHxNxOrCccElbW7dxNytifNEo8qidX2Vsig==

postcss-resolve-nested-selector@^0.1.1:
  version "0.1.1"
  resolved "https://registry.yarnpkg.com/postcss-resolve-nested-selector/-/postcss-resolve-nested-selector-0.1.1.tgz#29ccbc7c37dedfac304e9fff0bf1596b3f6a0e4e"
  integrity sha512-HvExULSwLqHLgUy1rl3ANIqCsvMS0WHss2UOsXhXnQaZ9VCc2oBvIpXrl00IUFT5ZDITME0o6oiXeiHr2SAIfw==

postcss-scss@^4.0.6:
  version "4.0.6"
  resolved "https://registry.yarnpkg.com/postcss-scss/-/postcss-scss-4.0.6.tgz#5d62a574b950a6ae12f2aa89b60d63d9e4432bfd"
  integrity sha512-rLDPhJY4z/i4nVFZ27j9GqLxj1pwxE80eAzUNRMXtcpipFYIeowerzBgG3yJhMtObGEXidtIgbUpQ3eLDsf5OQ==

postcss-selector-parser@^6.0.13:
  version "6.0.13"
  resolved "https://registry.yarnpkg.com/postcss-selector-parser/-/postcss-selector-parser-6.0.13.tgz#d05d8d76b1e8e173257ef9d60b706a8e5e99bf1b"
  integrity sha512-EaV1Gl4mUEV4ddhDnv/xtj7sxwrwxdetHdWUGnT4VJQf+4d05v6lHYZr8N573k5Z0BViss7BDhfWtKS3+sfAqQ==
  dependencies:
    cssesc "^3.0.0"
    util-deprecate "^1.0.2"

postcss-sorting@^8.0.2:
  version "8.0.2"
  resolved "https://registry.yarnpkg.com/postcss-sorting/-/postcss-sorting-8.0.2.tgz#6393385ece272baf74bee9820fb1b58098e4eeca"
  integrity sha512-M9dkSrmU00t/jK7rF6BZSZauA5MAaBW4i5EnJXspMwt4iqTh/L9j6fgMnbElEOfyRyfLfVbIHj/R52zHzAPe1Q==

postcss-value-parser@^4.2.0:
  version "4.2.0"
  resolved "https://registry.yarnpkg.com/postcss-value-parser/-/postcss-value-parser-4.2.0.tgz#723c09920836ba6d3e5af019f92bc0971c02e514"
  integrity sha512-1NNCs6uurfkVbeXG4S8JFT9t19m45ICnif8zWLd5oPSZ50QnwMfK+H3jv408d4jw/7Bttv5axS5IiHoLaVNHeQ==

postcss@^8.4.21:
  version "8.4.24"
  resolved "https://registry.yarnpkg.com/postcss/-/postcss-8.4.24.tgz#f714dba9b2284be3cc07dbd2fc57ee4dc972d2df"
  integrity sha512-M0RzbcI0sO/XJNucsGjvWU9ERWxb/ytp1w6dKtxTKgixdtQDq4rmx/g8W1hnaheq9jgwL/oyEdH5Bc4WwJKMqg==
  dependencies:
    nanoid "^3.3.6"
    picocolors "^1.0.0"
    source-map-js "^1.0.2"

readdirp@~3.6.0:
  version "3.6.0"
  resolved "https://registry.yarnpkg.com/readdirp/-/readdirp-3.6.0.tgz#74a370bd857116e245b29cc97340cd431a02a6c7"
  integrity sha512-hOS089on8RduqdbhvQ5Z37A0ESjsqz6qnRcffsMU3495FuTdqSm+7bhJ29JvIOsBDEEnan5DPu9t3To9VRlMzA==
  dependencies:
    picomatch "^2.2.1"

sass@1.51.0:
  version "1.51.0"
  resolved "https://registry.yarnpkg.com/sass/-/sass-1.51.0.tgz#25ea36cf819581fe1fe8329e8c3a4eaaf70d2845"
  integrity sha512-haGdpTgywJTvHC2b91GSq+clTKGbtkkZmVAb82jZQN/wTy6qs8DdFm2lhEQbEwrY0QDRgSQ3xDurqM977C3noA==
  dependencies:
    chokidar ">=3.0.0 <4.0.0"
    immutable "^4.0.0"
    source-map-js ">=0.6.2 <2.0.0"

sass@1.68.0:
  version "1.68.0"
  resolved "https://registry.yarnpkg.com/sass/-/sass-1.68.0.tgz#0034b0cc9a50248b7d1702ac166fd25990023669"
  integrity sha512-Lmj9lM/fef0nQswm1J2HJcEsBUba4wgNx2fea6yJHODREoMFnwRpZydBnX/RjyXw2REIwdkbqE4hrTo4qfDBUA==
  dependencies:
    chokidar ">=3.0.0 <4.0.0"
    immutable "^4.0.0"
    source-map-js ">=0.6.2 <2.0.0"

"source-map-js@>=0.6.2 <2.0.0", source-map-js@^1.0.2:
  version "1.0.2"
  resolved "https://registry.yarnpkg.com/source-map-js/-/source-map-js-1.0.2.tgz#adbc361d9c62df380125e7f161f71c826f1e490c"
  integrity sha512-R0XvVJ9WusLiqTCEiGCmICCMplcCkIwwR11mOSD9CR5u+IXYdiseeEuXCVAjS54zqwkLcPNnmU4OeJ6tUrWhDw==

style-search@^0.1.0:
  version "0.1.0"
  resolved "https://registry.yarnpkg.com/style-search/-/style-search-0.1.0.tgz#7958c793e47e32e07d2b5cafe5c0bf8e12e77902"
  integrity sha512-Dj1Okke1C3uKKwQcetra4jSuk0DqbzbYtXipzFlFMZtowbF1x7BKJwB9AayVMyFARvU8EDrZdcax4At/452cAg==

stylelint-config-recess-order@^4.2.0:
  version "4.3.0"
  resolved "https://registry.yarnpkg.com/stylelint-config-recess-order/-/stylelint-config-recess-order-4.3.0.tgz#009d544287448c29ddd02ffeb012ebaa520fcb72"
  integrity sha512-EWVtxZ8oq4/meTrRNUDrS5TqMz6TX72JjKDwVQq0JJDXE+P/o7UuFw3wWV/0O9yvJfh/da6nJY71ZUn/wSfB4g==
  dependencies:
    stylelint-order "6.x"

stylelint-config-recommended-scss@^12.0.0:
  version "12.0.0"
  resolved "https://registry.yarnpkg.com/stylelint-config-recommended-scss/-/stylelint-config-recommended-scss-12.0.0.tgz#9d9e82c46012649f11bfebcbc788f58e61860f33"
  integrity sha512-5Bb2mlGy6WLa30oNeKpZvavv2lowJUsUJO25+OA68GFTemlwd1zbFsL7q0bReKipOSU3sG47hKneZ6Nd+ctrFA==
  dependencies:
    postcss-scss "^4.0.6"
    stylelint-config-recommended "^12.0.0"
    stylelint-scss "^5.0.0"

stylelint-config-recommended@^12.0.0:
  version "12.0.0"
  resolved "https://registry.yarnpkg.com/stylelint-config-recommended/-/stylelint-config-recommended-12.0.0.tgz#d0993232fca017065fd5acfcb52dd8a188784ef4"
  integrity sha512-x6x8QNARrGO2sG6iURkzqL+Dp+4bJorPMMRNPScdvaUK8PsynriOcMW7AFDKqkWAS5wbue/u8fUT/4ynzcmqdQ==

stylelint-config-standard-scss@^10.0.0:
  version "10.0.0"
  resolved "https://registry.yarnpkg.com/stylelint-config-standard-scss/-/stylelint-config-standard-scss-10.0.0.tgz#159a54a01b80649bf0143fa7ba086b676a1a749e"
  integrity sha512-bChBEo1p3xUVWh/wenJI+josoMk21f2yuLDGzGjmKYcALfl2u3DFltY+n4UHswYiXghqXaA8mRh+bFy/q1hQlg==
  dependencies:
    stylelint-config-recommended-scss "^12.0.0"
    stylelint-config-standard "^33.0.0"

stylelint-config-standard@^33.0.0:
  version "33.0.0"
  resolved "https://registry.yarnpkg.com/stylelint-config-standard/-/stylelint-config-standard-33.0.0.tgz#1f7bb299153a53874073e93829e37a475842f0f9"
  integrity sha512-eyxnLWoXImUn77+ODIuW9qXBDNM+ALN68L3wT1lN2oNspZ7D9NVGlNHb2QCUn4xDug6VZLsh0tF8NyoYzkgTzg==
  dependencies:
    stylelint-config-recommended "^12.0.0"

stylelint-config-twbs-bootstrap@11.0.1:
  version "11.0.1"
  resolved "https://registry.yarnpkg.com/stylelint-config-twbs-bootstrap/-/stylelint-config-twbs-bootstrap-11.0.1.tgz#8a12aee33a7acaa6236547af6136298428ddf54f"
  integrity sha512-kEdVrghfOi1jVr9yE78JKLIh+/jC4GVUsoZceXQH3/A71rcSbNw8zME2tauTrs0je/67Y61iZgwDXpuNRv6L2Q==
  dependencies:
    stylelint-config-recess-order "^4.2.0"
    stylelint-config-standard "^33.0.0"
    stylelint-config-standard-scss "^10.0.0"
    stylelint-scss "^5.0.1"
    stylelint-stylistic "^0.4.3"

stylelint-order@6.x:
  version "6.0.3"
  resolved "https://registry.yarnpkg.com/stylelint-order/-/stylelint-order-6.0.3.tgz#160b78650bd90463241b992581efee7159baefc2"
  integrity sha512-1j1lOb4EU/6w49qZeT2SQVJXm0Ht+Qnq9GMfUa3pMwoyojIWfuA+JUDmoR97Bht1RLn4ei0xtLGy87M7d29B1w==
  dependencies:
    postcss "^8.4.21"
    postcss-sorting "^8.0.2"

stylelint-scss@^5.0.0, stylelint-scss@^5.0.1:
  version "5.1.0"
  resolved "https://registry.yarnpkg.com/stylelint-scss/-/stylelint-scss-5.1.0.tgz#dd318bc5c65f7a11f3ecacc7b6e8b67e7f2f1df1"
  integrity sha512-E+KlQFXv1Euha43qw3q+wKBSli557wxbbo6/39DWhRNXlUa9Cz+FYrcgz+PT6ag0l6UisCYjAGCNhoSl4FcwlA==
  dependencies:
    postcss-media-query-parser "^0.2.3"
    postcss-resolve-nested-selector "^0.1.1"
    postcss-selector-parser "^6.0.13"
    postcss-value-parser "^4.2.0"

stylelint-stylistic@^0.4.3:
  version "0.4.3"
  resolved "https://registry.yarnpkg.com/stylelint-stylistic/-/stylelint-stylistic-0.4.3.tgz#41f89dbade2028de0c30ad6cc1495bc5d7d1d5f0"
  integrity sha512-WphmneK3MRrm5ixvRPWy7+c9+EQUh0FPvNMXW/N9VD85vyqtpxUejpD+mxubVVht0fRgidcqBxtW3s3tU2Ujhw==
  dependencies:
    is-plain-object "^5.0.0"
    postcss "^8.4.21"
    postcss-media-query-parser "^0.2.3"
    postcss-value-parser "^4.2.0"
    style-search "^0.1.0"

to-regex-range@^5.0.1:
  version "5.0.1"
  resolved "https://registry.yarnpkg.com/to-regex-range/-/to-regex-range-5.0.1.tgz#1648c44aae7c8d988a326018ed72f5b4dd0392e4"
  integrity sha512-65P7iz6X5yEr1cwcgvQxbbIw7Uk3gOy5dIdtZ4rDveLqhrdJP+Li/Hx6tyK0NEb+2GCyneCMJiGqrADCSNk8sQ==
  dependencies:
    is-number "^7.0.0"

tslib@^1.8.0:
  version "1.14.1"
  resolved "https://registry.yarnpkg.com/tslib/-/tslib-1.14.1.tgz#cf2d38bdc34a134bcaf1091c41f6619e2f672d00"
  integrity sha512-Xni35NKzjgMrwevysHTCArtLDpPvye8zV/0E4EyYn43P7/7qvQwPh9BGkHewbMulVntbigmcT7rdX3BNo9wRJg==

typescript@^3.8.2:
  version "3.9.10"
  resolved "https://registry.yarnpkg.com/typescript/-/typescript-3.9.10.tgz#70f3910ac7a51ed6bef79da7800690b19bf778b8"
  integrity sha512-w6fIxVE/H1PkLKcCPsFqKE7Kv7QUwhU8qQY2MueZXWx5cPZdwFupLgKK3vntcK98BtNHZtAF4LA/yl2a7k8R6Q==

util-deprecate@^1.0.2:
  version "1.0.2"
  resolved "https://registry.yarnpkg.com/util-deprecate/-/util-deprecate-1.0.2.tgz#450d4dc9fa70de732762fbd2d4a28981419a0ccf"
  integrity sha512-EPD5q1uXyFxJpCrLnCc1nHnq3gOa6DZBocAIiI2TaSCA7VCJ1UJDMagCzIkXNsUYfD1daK//LTEQ8xiIbrHtcw==
