# THIS IS AN AUTOGENERATED FILE. DO NOT EDIT THIS FILE DIRECTLY.
# yarn lockfile v1


"@fortawesome/fontawesome-free@^6.4.0":
  version "6.4.0"
  resolved "https://registry.yarnpkg.com/@fortawesome/fontawesome-free/-/fontawesome-free-6.4.0.tgz#1ee0c174e472c84b23cb46c995154dc383e3b4fe"
  integrity sha512-0NyytTlPJwB/BF5LtRV8rrABDbe3TdTXqNB3PdZ+UUUZAEIrdOJdmABqKjt4AXwIoJNaRVVZEXxpNrqvE1GAYQ==

"@syncfusion/ej2-barcode-generator@~22.1.34":
  version "22.1.34"
  resolved "https://registry.yarnpkg.com/@syncfusion/ej2-barcode-generator/-/ej2-barcode-generator-22.1.34.tgz#0c3f09bb73a3001b97b5acc25739e47b82779ae1"
  integrity sha512-YatKYxvR/gCjvTVmb9ZHLrSZjLTxGdI8K1uyOmulmRY99Cfh4VDHt8nuKAYHcO4qhmCmnNBxh8qm7+5HdMDNUQ==
  dependencies:
    "@syncfusion/ej2-base" "~22.1.34"
    "@syncfusion/ej2-data" "~22.1.34"

"@syncfusion/ej2-base@~22.1.34":
  version "22.1.34"
  resolved "https://registry.yarnpkg.com/@syncfusion/ej2-base/-/ej2-base-22.1.34.tgz#192150a74d0709ed01140bf212beb4ec1ed1786d"
  integrity sha512-Cxk488BXsMHDYp4YmQ4uSBS1TSO9o6iiHs7qXO69BfNiSaRYhGfTbrBvtXgLFoE0KO4e/39sQ9Mle/zo+a2knw==
  dependencies:
    "@syncfusion/ej2-icons" "~22.1.34"

"@syncfusion/ej2-buttons@~22.1.34":
  version "22.1.34"
  resolved "https://registry.yarnpkg.com/@syncfusion/ej2-buttons/-/ej2-buttons-22.1.34.tgz#e63ea09935603c88082ee0b67855d38d8802478c"
  integrity sha512-1sajqJn9CPCwuMKGvBL+hO6r5JsTlSIzXsa95dzd5zA10Hs3w1vcTxHz8VUcBwt+ffDG/n+jFpOM7HOlqivTww==
  dependencies:
    "@syncfusion/ej2-base" "~22.1.34"

"@syncfusion/ej2-calendars@~22.1.34":
  version "22.1.34"
  resolved "https://registry.yarnpkg.com/@syncfusion/ej2-calendars/-/ej2-calendars-22.1.34.tgz#ad9470baa09f20d5d4e9fa27f4b6e49ba3ea5199"
  integrity sha512-jbne3LK7X45A4UiG2O5w7/D4SoGQsESEiTu9AvcV2N/XXk7eZwVyZeSfq74zDUJpNNOJam1eI0w0dn2Wd+tqlA==
  dependencies:
    "@syncfusion/ej2-base" "~22.1.34"
    "@syncfusion/ej2-buttons" "~22.1.34"
    "@syncfusion/ej2-inputs" "~22.1.34"
    "@syncfusion/ej2-lists" "~22.1.34"
    "@syncfusion/ej2-popups" "~22.1.34"

"@syncfusion/ej2-charts@~22.1.34":
  version "22.1.34"
  resolved "https://registry.yarnpkg.com/@syncfusion/ej2-charts/-/ej2-charts-22.1.34.tgz#5b86247f43693c9467b1e481c4012f3124110d84"
  integrity sha512-2AKsmVVull1VQFiiap067TYLPp2bO3nefl0IwB9IJschWnQsBCjMT9o4dJ/3SkAFmX+c2Y0pqx5FmtWTau8Dcg==
  dependencies:
    "@syncfusion/ej2-base" "~22.1.34"
    "@syncfusion/ej2-calendars" "~22.1.34"
    "@syncfusion/ej2-compression" "~22.1.34"
    "@syncfusion/ej2-data" "~22.1.34"
    "@syncfusion/ej2-file-utils" "~22.1.34"
    "@syncfusion/ej2-navigations" "~22.1.34"
    "@syncfusion/ej2-pdf-export" "~22.1.34"
    "@syncfusion/ej2-svg-base" "~22.1.34"

"@syncfusion/ej2-circulargauge@~22.1.34":
  version "22.1.34"
  resolved "https://registry.yarnpkg.com/@syncfusion/ej2-circulargauge/-/ej2-circulargauge-22.1.34.tgz#157e8c7d094f39fc0a7c06846725324c701acb04"
  integrity sha512-wM1tf18CDh6tFMukA9/A60EqbLLOEqqrqCR/Dpj/xPVhS2Z8ZoCULaKrO4XAek0rJE/GALlIaYU+hNhc85aPnw==
  dependencies:
    "@syncfusion/ej2-base" "~22.1.34"
    "@syncfusion/ej2-pdf-export" "~22.1.34"
    "@syncfusion/ej2-svg-base" "~22.1.34"

"@syncfusion/ej2-compression@~22.1.34":
  version "22.1.34"
  resolved "https://registry.yarnpkg.com/@syncfusion/ej2-compression/-/ej2-compression-22.1.34.tgz#4c1a315a78bb119115025f8fbb93c9273b1c4f7e"
  integrity sha512-IAjGrq7e3pBL+9Trp/0R4cqMxOYdyyI6p2wER25qjpumg/9R4waCFJAUCwMT/A1J8Vh3ggVFRt+4wYjT1i1ptw==
  dependencies:
    "@syncfusion/ej2-file-utils" "~22.1.34"

"@syncfusion/ej2-data@~22.1.34":
  version "22.1.34"
  resolved "https://registry.yarnpkg.com/@syncfusion/ej2-data/-/ej2-data-22.1.34.tgz#b2d7c94e8c6c4437504aed8ed936804cd8dba326"
  integrity sha512-pycR+5sTmrdSFZqumLyS/03A2pyuiX4tdW4DrP+YTkMrbiIe9KAH9eMBr6CM8fEmyMHz9ZylamreWs7ctRWWsw==
  dependencies:
    "@syncfusion/ej2-base" "~22.1.34"

"@syncfusion/ej2-diagrams@~22.1.34":
  version "22.1.34"
  resolved "https://registry.yarnpkg.com/@syncfusion/ej2-diagrams/-/ej2-diagrams-22.1.34.tgz#9c156273f1d57c38371de01a9ad8cb9310371a85"
  integrity sha512-z3mP4R12HTYQ7+l4m7KcN8O3VmyBJp8WjZNPXV+Nu0rQDECq/+YOA3jqXeD4OjklktcjQI8aD4xELLTEM5NQpA==
  dependencies:
    "@syncfusion/ej2-base" "~22.1.34"
    "@syncfusion/ej2-buttons" "~22.1.34"
    "@syncfusion/ej2-data" "~22.1.34"
    "@syncfusion/ej2-inputs" "~22.1.34"
    "@syncfusion/ej2-lists" "~22.1.34"
    "@syncfusion/ej2-navigations" "~22.1.34"
    "@syncfusion/ej2-popups" "~22.1.34"

"@syncfusion/ej2-documenteditor@~22.1.34":
  version "22.1.34"
  resolved "https://registry.yarnpkg.com/@syncfusion/ej2-documenteditor/-/ej2-documenteditor-22.1.34.tgz#37b13aea4ac161dc60b930b40ee611d9b3c23986"
  integrity sha512-HHP7uhXLUOWF8j6FQt8EkoSu8fl3M/wFX5gOt82oP7qwvmBZdLnA6RtS48L0o9gqopSYeODEQcqLPL9Om80FDA==
  dependencies:
    "@syncfusion/ej2-base" "~22.1.34"
    "@syncfusion/ej2-buttons" "~22.1.34"
    "@syncfusion/ej2-calendars" "~22.1.34"
    "@syncfusion/ej2-compression" "~22.1.34"
    "@syncfusion/ej2-dropdowns" "~22.1.34"
    "@syncfusion/ej2-file-utils" "~22.1.34"
    "@syncfusion/ej2-inputs" "~22.1.34"
    "@syncfusion/ej2-navigations" "~22.1.34"
    "@syncfusion/ej2-office-chart" "~22.1.34"
    "@syncfusion/ej2-popups" "~22.1.34"
    "@syncfusion/ej2-splitbuttons" "~22.1.34"

"@syncfusion/ej2-drawings@~22.1.34":
  version "22.1.34"
  resolved "https://registry.yarnpkg.com/@syncfusion/ej2-drawings/-/ej2-drawings-22.1.34.tgz#88abe476bab3f7b1ea65642a636b09d64deb1d30"
  integrity sha512-fgqRl5JEuuobeSsqGXb8DW/bEXKbLIA3ar5K9jMwet5fn+wy1A6klqElfxOPqiAUu8zof2NMjWgkfHY10KsAKw==
  dependencies:
    "@syncfusion/ej2-base" "~22.1.34"
    "@syncfusion/ej2-data" "~22.1.34"

"@syncfusion/ej2-dropdowns@~22.1.34":
  version "22.1.34"
  resolved "https://registry.yarnpkg.com/@syncfusion/ej2-dropdowns/-/ej2-dropdowns-22.1.34.tgz#0070b3570402c2085aeceb61a6e236fbd7ec2998"
  integrity sha512-PCsUstBQeV4Nox4iM2jCt6IbzXGA5kY8Hx9ZdA5XUy6wMQxwlqpnm23ZZA/wICeT+X3LO0zm9DMSZcCMxFulXw==
  dependencies:
    "@syncfusion/ej2-base" "~22.1.34"
    "@syncfusion/ej2-data" "~22.1.34"
    "@syncfusion/ej2-inputs" "~22.1.34"
    "@syncfusion/ej2-lists" "~22.1.34"
    "@syncfusion/ej2-navigations" "~22.1.34"
    "@syncfusion/ej2-popups" "~22.1.34"

"@syncfusion/ej2-excel-export@~22.1.34":
  version "22.1.34"
  resolved "https://registry.yarnpkg.com/@syncfusion/ej2-excel-export/-/ej2-excel-export-22.1.34.tgz#e531f4f9f7c334ace0238000f35880a68b202bb3"
  integrity sha512-bgxF1Nnx2y4kkEwEfh5icYp3t8ZSKRN4YP70aiLEGE/BV5m0FY3kibjtlrcOkmJtYlclpDOoIPNMiduGVzX2nw==
  dependencies:
    "@syncfusion/ej2-base" "~22.1.34"
    "@syncfusion/ej2-compression" "~22.1.34"

"@syncfusion/ej2-file-utils@~22.1.34":
  version "22.1.34"
  resolved "https://registry.yarnpkg.com/@syncfusion/ej2-file-utils/-/ej2-file-utils-22.1.34.tgz#b6fe8d8118795600115ce134d1476d75f4de7ca4"
  integrity sha512-5pzzcQWaWJMCfOJ/XWx4ADvRWSBA1Hx6bxINGgeQlrkP/lQ/kgw3xn3xrYfaO6ujT2nqX6xVHqNpbTxPE7IWOg==

"@syncfusion/ej2-filemanager@~22.1.34":
  version "22.1.34"
  resolved "https://registry.yarnpkg.com/@syncfusion/ej2-filemanager/-/ej2-filemanager-22.1.34.tgz#dcd270ce06f91ac2d90146271be317e510646e0d"
  integrity sha512-rWlxs+110dUltkOwNkPzlby8Plk265nlCPX8wBshVIQaregCJGvjeX2XVO0J5UO91OLV+RkwBqGwAVRyIPcZ1g==
  dependencies:
    "@syncfusion/ej2-base" "~22.1.34"
    "@syncfusion/ej2-buttons" "~22.1.34"
    "@syncfusion/ej2-data" "~22.1.34"
    "@syncfusion/ej2-grids" "~22.1.34"
    "@syncfusion/ej2-inputs" "~22.1.34"
    "@syncfusion/ej2-layouts" "~22.1.34"
    "@syncfusion/ej2-lists" "~22.1.34"
    "@syncfusion/ej2-navigations" "~22.1.34"
    "@syncfusion/ej2-popups" "~22.1.34"
    "@syncfusion/ej2-splitbuttons" "~22.1.34"

"@syncfusion/ej2-gantt@~22.1.34":
  version "22.1.34"
  resolved "https://registry.yarnpkg.com/@syncfusion/ej2-gantt/-/ej2-gantt-22.1.34.tgz#f9c5d3c45e9f1f8266c868d6f0a29cec30a27c44"
  integrity sha512-vAFR0O+u6/BFdHS1Y4ap4v05g4wipejNdca+DL8WgONFqQX6/xGfTKk/Xpc0ulQEu4G3W8ttz9ZgkCUAOurEFg==
  dependencies:
    "@syncfusion/ej2-base" "~22.1.34"
    "@syncfusion/ej2-buttons" "~22.1.34"
    "@syncfusion/ej2-calendars" "~22.1.34"
    "@syncfusion/ej2-data" "~22.1.34"
    "@syncfusion/ej2-dropdowns" "~22.1.34"
    "@syncfusion/ej2-grids" "~22.1.34"
    "@syncfusion/ej2-inputs" "~22.1.34"
    "@syncfusion/ej2-layouts" "~22.1.34"
    "@syncfusion/ej2-lists" "~22.1.34"
    "@syncfusion/ej2-navigations" "~22.1.34"
    "@syncfusion/ej2-notifications" "~22.1.34"
    "@syncfusion/ej2-popups" "~22.1.34"
    "@syncfusion/ej2-richtexteditor" "~22.1.34"
    "@syncfusion/ej2-svg-base" "~22.1.34"
    "@syncfusion/ej2-treegrid" "~22.1.34"

"@syncfusion/ej2-grids@~22.1.34":
  version "22.1.34"
  resolved "https://registry.yarnpkg.com/@syncfusion/ej2-grids/-/ej2-grids-22.1.34.tgz#05eef14ca9524a42cf1c2e393f2510115e0ac6ce"
  integrity sha512-7YXkaduRYTHMFqf7sIHh0O2mCdXga4WvQGaYRlwyhdrDpe4NNRxK1I8jmZNWyw74upIPllLHw+bWBw+do51zGQ==
  dependencies:
    "@syncfusion/ej2-base" "~22.1.34"
    "@syncfusion/ej2-buttons" "~22.1.34"
    "@syncfusion/ej2-calendars" "~22.1.34"
    "@syncfusion/ej2-compression" "~22.1.34"
    "@syncfusion/ej2-data" "~22.1.34"
    "@syncfusion/ej2-dropdowns" "~22.1.34"
    "@syncfusion/ej2-excel-export" "~22.1.34"
    "@syncfusion/ej2-file-utils" "~22.1.34"
    "@syncfusion/ej2-inputs" "~22.1.34"
    "@syncfusion/ej2-lists" "~22.1.34"
    "@syncfusion/ej2-navigations" "~22.1.34"
    "@syncfusion/ej2-notifications" "~22.1.34"
    "@syncfusion/ej2-pdf-export" "~22.1.34"
    "@syncfusion/ej2-popups" "~22.1.34"
    "@syncfusion/ej2-splitbuttons" "~22.1.34"

"@syncfusion/ej2-heatmap@~22.1.34":
  version "22.1.34"
  resolved "https://registry.yarnpkg.com/@syncfusion/ej2-heatmap/-/ej2-heatmap-22.1.34.tgz#d9c87d57c95a014cfb87923bbfe7bf947c51a3f1"
  integrity sha512-iWYrVLa1glYvgLTkOgFN6vyVODZWnoOPbhkOwAl1NFSMylytLY2YLc58vSrzzXLWzyaIGEUro09yuukjWuBzpA==
  dependencies:
    "@syncfusion/ej2-base" "~22.1.34"
    "@syncfusion/ej2-compression" "~22.1.34"
    "@syncfusion/ej2-data" "~22.1.34"
    "@syncfusion/ej2-file-utils" "~22.1.34"
    "@syncfusion/ej2-pdf-export" "~22.1.34"
    "@syncfusion/ej2-svg-base" "~22.1.34"

"@syncfusion/ej2-icons@~22.1.34":
  version "22.1.34"
  resolved "https://registry.yarnpkg.com/@syncfusion/ej2-icons/-/ej2-icons-22.1.34.tgz#69316e59c6b1286e18bdcab0050836463d2b7488"
  integrity sha512-DErl0LGB7gndgdCUJ4DgGkccAAxga6BlqR0nxtYBKetNhQpICkzafiq0o8ZfDR5xV3bguIxHOTLZGYNB3PgVCw==

"@syncfusion/ej2-image-editor@~22.1.34":
  version "22.1.34"
  resolved "https://registry.yarnpkg.com/@syncfusion/ej2-image-editor/-/ej2-image-editor-22.1.34.tgz#fb40253e971b54c106cbb2970621376aa716aff4"
  integrity sha512-mKxz+fqq1ihZwo7u0W3ll6dHiEQGg2+Rki5hLPvNm6tUxFgM3IBsvuxvjnMvgsY+4oRfPNXGxlmHWmrz1QfH8A==
  dependencies:
    "@syncfusion/ej2-base" "~22.1.34"
    "@syncfusion/ej2-buttons" "~22.1.34"
    "@syncfusion/ej2-inputs" "~22.1.34"
    "@syncfusion/ej2-navigations" "~22.1.34"
    "@syncfusion/ej2-popups" "~22.1.34"
    "@syncfusion/ej2-splitbuttons" "~22.1.34"

"@syncfusion/ej2-inplace-editor@~22.1.34":
  version "22.1.34"
  resolved "https://registry.yarnpkg.com/@syncfusion/ej2-inplace-editor/-/ej2-inplace-editor-22.1.34.tgz#c5d4f16f772e47b3dd879135e6ec79e6db2df438"
  integrity sha512-leWpyUD23YpeDkIu5HseW+MPEPdQ92wyQVnahx4lkvYDz9hmTVNapI41RmqtrzqFg1TGCOtIh1z5YsKxIyb68A==
  dependencies:
    "@syncfusion/ej2-base" "~22.1.34"
    "@syncfusion/ej2-buttons" "~22.1.34"
    "@syncfusion/ej2-calendars" "~22.1.34"
    "@syncfusion/ej2-data" "~22.1.34"
    "@syncfusion/ej2-dropdowns" "~22.1.34"
    "@syncfusion/ej2-inputs" "~22.1.34"
    "@syncfusion/ej2-lists" "~22.1.34"
    "@syncfusion/ej2-navigations" "~22.1.34"
    "@syncfusion/ej2-popups" "~22.1.34"
    "@syncfusion/ej2-richtexteditor" "~22.1.34"
    "@syncfusion/ej2-splitbuttons" "~22.1.34"

"@syncfusion/ej2-inputs@~22.1.34":
  version "22.1.34"
  resolved "https://registry.yarnpkg.com/@syncfusion/ej2-inputs/-/ej2-inputs-22.1.34.tgz#41246748535ab5599594ff18356f0660b67499ea"
  integrity sha512-hORgtRRfujHh7ASH7RFteoLVkLIbT21J9/FLWlBMiQHcQ4UUTsyTiFEhJATUOuSsQZkxZ97ssv+OeZ13C1pjMw==
  dependencies:
    "@syncfusion/ej2-base" "~22.1.34"
    "@syncfusion/ej2-buttons" "~22.1.34"
    "@syncfusion/ej2-popups" "~22.1.34"
    "@syncfusion/ej2-splitbuttons" "~22.1.34"

"@syncfusion/ej2-kanban@~22.1.34":
  version "22.1.34"
  resolved "https://registry.yarnpkg.com/@syncfusion/ej2-kanban/-/ej2-kanban-22.1.34.tgz#d7a271946fadf2250106a2c3581c79f413c259e0"
  integrity sha512-S7Z1HL8y6yBsa3xbTZjk9+l0Z9A7+01bqINCc9izbm2j+4lYk9IVoG0BNDzOlULcuTga7WHe6B3yrqBhxr3MOg==
  dependencies:
    "@syncfusion/ej2-base" "~22.1.34"
    "@syncfusion/ej2-buttons" "~22.1.34"
    "@syncfusion/ej2-data" "~22.1.34"
    "@syncfusion/ej2-dropdowns" "~22.1.34"
    "@syncfusion/ej2-inputs" "~22.1.34"
    "@syncfusion/ej2-layouts" "~22.1.34"
    "@syncfusion/ej2-navigations" "~22.1.34"
    "@syncfusion/ej2-notifications" "~22.1.34"
    "@syncfusion/ej2-popups" "~22.1.34"

"@syncfusion/ej2-layouts@~22.1.34":
  version "22.1.34"
  resolved "https://registry.yarnpkg.com/@syncfusion/ej2-layouts/-/ej2-layouts-22.1.34.tgz#fa5788b62c682dd98135353e58f70b78f81d3139"
  integrity sha512-7T98Px+CsuxkCTKjhne/KsdrmpGtQjGJ/sIk1VrqT7NSOPUTgOBpPZvtjCIhD9Dhm6/+hZ7oDhOuTDkRFl2Z5w==
  dependencies:
    "@syncfusion/ej2-base" "~22.1.34"

"@syncfusion/ej2-lineargauge@~22.1.34":
  version "22.1.34"
  resolved "https://registry.yarnpkg.com/@syncfusion/ej2-lineargauge/-/ej2-lineargauge-22.1.34.tgz#262a53448ab0ba6a7e1e8984fa0469e016641433"
  integrity sha512-j5DUrbRO92lfd8LWoYIU5MDpqDlfsL1izMF6DldMTeq+7lQwdfF/lHyXbwibDaVq5mMr4K4egrYttIM/Rq0duQ==
  dependencies:
    "@syncfusion/ej2-base" "~22.1.34"
    "@syncfusion/ej2-pdf-export" "~22.1.34"
    "@syncfusion/ej2-svg-base" "~22.1.34"

"@syncfusion/ej2-lists@~22.1.34":
  version "22.1.34"
  resolved "https://registry.yarnpkg.com/@syncfusion/ej2-lists/-/ej2-lists-22.1.34.tgz#0e328a275b931dd451a759b098ffbc074c69ac3d"
  integrity sha512-fiOuLBXIWFh1Gf3VzCvhjJvOGLbreRnbEHqLyb7frTDM8hHNMYag53f+OwGF/+PG3X+M4eQmia/Lik3iJDaHTA==
  dependencies:
    "@syncfusion/ej2-base" "~22.1.34"
    "@syncfusion/ej2-buttons" "~22.1.34"
    "@syncfusion/ej2-data" "~22.1.34"

"@syncfusion/ej2-maps@~22.1.34":
  version "22.1.34"
  resolved "https://registry.yarnpkg.com/@syncfusion/ej2-maps/-/ej2-maps-22.1.34.tgz#7f103faed9ab8984961d3ee6d4bb8810b94f09d7"
  integrity sha512-YbstBM+4IFW1gF9YNx3vj9q/Y2LpJrD0hXNMzG9neyfIn6J537tLXTMHV87kECXGA4I+Gzf+fVqLZcXuLGhaYg==
  dependencies:
    "@syncfusion/ej2-base" "~22.1.34"
    "@syncfusion/ej2-buttons" "~22.1.34"
    "@syncfusion/ej2-compression" "~22.1.34"
    "@syncfusion/ej2-data" "~22.1.34"
    "@syncfusion/ej2-file-utils" "~22.1.34"
    "@syncfusion/ej2-pdf-export" "~22.1.34"
    "@syncfusion/ej2-svg-base" "~22.1.34"

"@syncfusion/ej2-navigations@~22.1.34":
  version "22.1.34"
  resolved "https://registry.yarnpkg.com/@syncfusion/ej2-navigations/-/ej2-navigations-22.1.34.tgz#f8a3b50acf487d3ec1fb4d6b6957bb989ca7dbc3"
  integrity sha512-SY8mYTl9suIPJ6B7ImxsoPgzeuAqNaelL9waAhjCbqQQGDO1zmPsPcSnLa9J1afCUYEJrypfk2ZgPTRrj5QsKQ==
  dependencies:
    "@syncfusion/ej2-base" "~22.1.34"
    "@syncfusion/ej2-buttons" "~22.1.34"
    "@syncfusion/ej2-data" "~22.1.34"
    "@syncfusion/ej2-inputs" "~22.1.34"
    "@syncfusion/ej2-lists" "~22.1.34"
    "@syncfusion/ej2-popups" "~22.1.34"

"@syncfusion/ej2-notifications@~22.1.34":
  version "22.1.34"
  resolved "https://registry.yarnpkg.com/@syncfusion/ej2-notifications/-/ej2-notifications-22.1.34.tgz#790781063563aeaec6ef7fac8e0e80e53c9dd060"
  integrity sha512-2HVbsdNQDgnUWwC/16a6zkJJHNOZ/Z4tbSuww0ReMGJmGoK5E7/1uoV5YkJK3e7SYy1KLndcjOL75DJ4eCt2BQ==
  dependencies:
    "@syncfusion/ej2-base" "~22.1.34"
    "@syncfusion/ej2-buttons" "~22.1.34"
    "@syncfusion/ej2-popups" "~22.1.34"

"@syncfusion/ej2-office-chart@~22.1.34":
  version "22.1.34"
  resolved "https://registry.yarnpkg.com/@syncfusion/ej2-office-chart/-/ej2-office-chart-22.1.34.tgz#1ebe4a83e22da390953a512a5bdc6140d90c1ec5"
  integrity sha512-bTRLzkqDxjumyak0YKc95Ia+9tkAWSrXtnav4SMja0agKEc87X8Cp1Qm/WKNNgROO7v1aCSEs0P7/V9sPTZBgw==
  dependencies:
    "@syncfusion/ej2-charts" "~22.1.34"

"@syncfusion/ej2-pdf-export@~22.1.34":
  version "22.1.34"
  resolved "https://registry.yarnpkg.com/@syncfusion/ej2-pdf-export/-/ej2-pdf-export-22.1.34.tgz#d621964c05ee98de8ce09ecff329f438616e5681"
  integrity sha512-5jcenuQh/JyrST1TTVUqben34bkKewkFAXcWcxclvtSNYp7gMntinW96BorGoT9FPRJQGQI9PB1FSo0FEFDnoQ==
  dependencies:
    "@syncfusion/ej2-compression" "~22.1.34"

"@syncfusion/ej2-pdfviewer@~22.1.34":
  version "22.1.34"
  resolved "https://registry.yarnpkg.com/@syncfusion/ej2-pdfviewer/-/ej2-pdfviewer-22.1.34.tgz#e24801083721b81e750c34174de62d7691306299"
  integrity sha512-L7D89HpA7iHd3M/Eq+p9FMNOyppUvTqJX/y8fzzbgOxPNUFpRITX5QeiIy5nIYXai2ji5WUAiH633m9x39RLlA==
  dependencies:
    "@syncfusion/ej2-base" "~22.1.34"
    "@syncfusion/ej2-buttons" "~22.1.34"
    "@syncfusion/ej2-calendars" "~22.1.34"
    "@syncfusion/ej2-compression" "~22.1.34"
    "@syncfusion/ej2-data" "~22.1.34"
    "@syncfusion/ej2-drawings" "~22.1.34"
    "@syncfusion/ej2-dropdowns" "~22.1.34"
    "@syncfusion/ej2-excel-export" "~22.1.34"
    "@syncfusion/ej2-file-utils" "~22.1.34"
    "@syncfusion/ej2-filemanager" "~22.1.34"
    "@syncfusion/ej2-grids" "~22.1.34"
    "@syncfusion/ej2-inplace-editor" "~22.1.34"
    "@syncfusion/ej2-inputs" "~22.1.34"
    "@syncfusion/ej2-layouts" "~22.1.34"
    "@syncfusion/ej2-lists" "~22.1.34"
    "@syncfusion/ej2-navigations" "~22.1.34"
    "@syncfusion/ej2-notifications" "~22.1.34"
    "@syncfusion/ej2-pdf-export" "~22.1.34"
    "@syncfusion/ej2-popups" "~22.1.34"
    "@syncfusion/ej2-richtexteditor" "~22.1.34"

"@syncfusion/ej2-pivotview@~22.1.34":
  version "22.1.34"
  resolved "https://registry.yarnpkg.com/@syncfusion/ej2-pivotview/-/ej2-pivotview-22.1.34.tgz#6290d19ec0738d5ec325313f8cd65b2944c842cf"
  integrity sha512-CdrKtvxCaSGJcXoue5PukuAqTgHhsnEVwA0uoAYkbiz/eKzpSETUFksnv5FLu2B0lW/6C01AssX6X4FxZ+j7dA==
  dependencies:
    "@syncfusion/ej2-base" "~22.1.34"
    "@syncfusion/ej2-buttons" "~22.1.34"
    "@syncfusion/ej2-calendars" "~22.1.34"
    "@syncfusion/ej2-charts" "~22.1.34"
    "@syncfusion/ej2-compression" "~22.1.34"
    "@syncfusion/ej2-data" "~22.1.34"
    "@syncfusion/ej2-dropdowns" "~22.1.34"
    "@syncfusion/ej2-excel-export" "~22.1.34"
    "@syncfusion/ej2-file-utils" "~22.1.34"
    "@syncfusion/ej2-grids" "~22.1.34"
    "@syncfusion/ej2-inputs" "~22.1.34"
    "@syncfusion/ej2-lists" "~22.1.34"
    "@syncfusion/ej2-navigations" "~22.1.34"
    "@syncfusion/ej2-pdf-export" "~22.1.34"
    "@syncfusion/ej2-popups" "~22.1.34"
    "@syncfusion/ej2-splitbuttons" "~22.1.34"
    "@syncfusion/ej2-svg-base" "~22.1.34"

"@syncfusion/ej2-popups@~22.1.34":
  version "22.1.34"
  resolved "https://registry.yarnpkg.com/@syncfusion/ej2-popups/-/ej2-popups-22.1.34.tgz#ea48056958ee23120e0639a6e25b31e73a6c614c"
  integrity sha512-AIEx1ckt0tWzul0recVGevekMCtVZM1DY4XsQfTHXCsEGFqbx9fq48uSTuYP+A9wDgba54ztxiIluhrG0aQ1IA==
  dependencies:
    "@syncfusion/ej2-base" "~22.1.34"
    "@syncfusion/ej2-buttons" "~22.1.34"

"@syncfusion/ej2-progressbar@~22.1.34":
  version "22.1.34"
  resolved "https://registry.yarnpkg.com/@syncfusion/ej2-progressbar/-/ej2-progressbar-22.1.34.tgz#0d1552879cb5746de968140b6d111d3ca266ac1e"
  integrity sha512-cEVF+Nx0KXgiZzQ6eb+uNmJmBtRTE3EOTrr09kpkxlvTIsT0mgahEswZqyK0zUG6tmDT0dP+sVRZnOf4s3gaJA==
  dependencies:
    "@syncfusion/ej2-base" "~22.1.34"
    "@syncfusion/ej2-data" "~22.1.34"
    "@syncfusion/ej2-svg-base" "~22.1.34"

"@syncfusion/ej2-querybuilder@~22.1.34":
  version "22.1.34"
  resolved "https://registry.yarnpkg.com/@syncfusion/ej2-querybuilder/-/ej2-querybuilder-22.1.34.tgz#a0e668feccc3ebbf47a6467f952c6b49a25f42e4"
  integrity sha512-eGqhlerIoI6mPznBzGlmf5DtwgMJ27/m6EO+N6ZJFueEjpstNy2g8opDkn72MSlRseo8PDWEWJI9vp6MY3ZSzA==
  dependencies:
    "@syncfusion/ej2-base" "~22.1.34"
    "@syncfusion/ej2-buttons" "~22.1.34"
    "@syncfusion/ej2-calendars" "~22.1.34"
    "@syncfusion/ej2-dropdowns" "~22.1.34"
    "@syncfusion/ej2-inputs" "~22.1.34"
    "@syncfusion/ej2-splitbuttons" "~22.1.34"

"@syncfusion/ej2-ribbon@~22.1.34":
  version "22.1.34"
  resolved "https://registry.yarnpkg.com/@syncfusion/ej2-ribbon/-/ej2-ribbon-22.1.34.tgz#667903db2f72cf274b616787e09bd8134025e10f"
  integrity sha512-IN6CTxySgMSm8qqu58O/a2R1fWzk5sL7zaKLw8Jt1QetTh0VPP0f3dsgO88XqQbnT2tijByyO+qKTGz5EaGhFQ==
  dependencies:
    "@syncfusion/ej2-base" "~22.1.34"
    "@syncfusion/ej2-buttons" "~22.1.34"
    "@syncfusion/ej2-dropdowns" "~22.1.34"
    "@syncfusion/ej2-lists" "~22.1.34"
    "@syncfusion/ej2-navigations" "~22.1.34"
    "@syncfusion/ej2-popups" "~22.1.34"
    "@syncfusion/ej2-splitbuttons" "~22.1.34"

"@syncfusion/ej2-richtexteditor@~22.1.34":
  version "22.1.34"
  resolved "https://registry.yarnpkg.com/@syncfusion/ej2-richtexteditor/-/ej2-richtexteditor-22.1.34.tgz#b321be8145f39fe4aa5b9c9f3149ac8ae7b807c1"
  integrity sha512-hiIOLW+L4nkqZ58QO5QiD2YgRRBWGrt1oqDSvqTLBxeJMWvU3shbhlR2PYeWJx2ELiSf/6pu6qD2NINVAZCzfg==
  dependencies:
    "@syncfusion/ej2-base" "~22.1.34"
    "@syncfusion/ej2-buttons" "~22.1.34"
    "@syncfusion/ej2-filemanager" "~22.1.34"
    "@syncfusion/ej2-inputs" "~22.1.34"
    "@syncfusion/ej2-navigations" "~22.1.34"
    "@syncfusion/ej2-popups" "~22.1.34"
    "@syncfusion/ej2-splitbuttons" "~22.1.34"

"@syncfusion/ej2-schedule@~22.1.34":
  version "22.1.34"
  resolved "https://registry.yarnpkg.com/@syncfusion/ej2-schedule/-/ej2-schedule-22.1.34.tgz#41531553a8a628b7c297ce506b26b58d5cc4d58c"
  integrity sha512-WKGYYIlS4lONmMLv8ap32LzB9kyjdr672Eahj2GUcTLVtLIQ7APMtY1pHB2VgknHx/GhlVDux6vgZJNRA++zjQ==
  dependencies:
    "@syncfusion/ej2-base" "~22.1.34"
    "@syncfusion/ej2-buttons" "~22.1.34"
    "@syncfusion/ej2-calendars" "~22.1.34"
    "@syncfusion/ej2-data" "~22.1.34"
    "@syncfusion/ej2-dropdowns" "~22.1.34"
    "@syncfusion/ej2-excel-export" "~22.1.34"
    "@syncfusion/ej2-inputs" "~22.1.34"
    "@syncfusion/ej2-lists" "~22.1.34"
    "@syncfusion/ej2-navigations" "~22.1.34"
    "@syncfusion/ej2-popups" "~22.1.34"

"@syncfusion/ej2-splitbuttons@~22.1.34":
  version "22.1.34"
  resolved "https://registry.yarnpkg.com/@syncfusion/ej2-splitbuttons/-/ej2-splitbuttons-22.1.34.tgz#871f55f09e0daa4e9b897c06c03371bbd962a16b"
  integrity sha512-ZmeDl78KKxGVeXbQfivT/kDpcStVSunFdjACiv1AGMLS60JulGQP/W5E5iNqU2jUAV4RE2h1Ao0XlW54e8IhBw==
  dependencies:
    "@syncfusion/ej2-base" "~22.1.34"
    "@syncfusion/ej2-popups" "~22.1.34"

"@syncfusion/ej2-spreadsheet@~22.1.34":
  version "22.1.34"
  resolved "https://registry.yarnpkg.com/@syncfusion/ej2-spreadsheet/-/ej2-spreadsheet-22.1.34.tgz#161b18afd2e78f0163a2d15f5bfc0866517389b8"
  integrity sha512-HNGoP46aNX9YRlk5hj6hyEWqsZ7hUEt7KdZs4C+xcRkF69mz0n7wWqweHQLz9mbBnXWJdc9MK3vTb20vGwsraQ==
  dependencies:
    "@syncfusion/ej2-base" "~22.1.34"
    "@syncfusion/ej2-charts" "~22.1.34"
    "@syncfusion/ej2-dropdowns" "~22.1.34"
    "@syncfusion/ej2-grids" "~22.1.34"
    "@syncfusion/ej2-navigations" "~22.1.34"

"@syncfusion/ej2-svg-base@~22.1.34":
  version "22.1.34"
  resolved "https://registry.yarnpkg.com/@syncfusion/ej2-svg-base/-/ej2-svg-base-22.1.34.tgz#6d24b176a7c07ad45cb323e7acb810e470f22bd3"
  integrity sha512-zOC0U5jpGVBmhU1TfQgSPP9HRS8bnA8ZuVu3RQ3/8yFjpkRlxZGRq3Q417eQGpRNYaMgWyzNJADNvWRL/mqnGg==
  dependencies:
    "@syncfusion/ej2-base" "~22.1.34"

"@syncfusion/ej2-treegrid@~22.1.34":
  version "22.1.34"
  resolved "https://registry.yarnpkg.com/@syncfusion/ej2-treegrid/-/ej2-treegrid-22.1.34.tgz#ba71b3531119bce0f65a5aa502278869fbb48152"
  integrity sha512-myshJP8R3puwly4BsRbb8HVcGNYmmkT4xwzCoeBwVn41FkZO2z99+2fi5oY4alOfMcVncLNOruenr9xl6DV2PA==
  dependencies:
    "@syncfusion/ej2-base" "~22.1.34"
    "@syncfusion/ej2-data" "~22.1.34"
    "@syncfusion/ej2-grids" "~22.1.34"
    "@syncfusion/ej2-popups" "~22.1.34"

"@syncfusion/ej2-treemap@~22.1.34":
  version "22.1.34"
  resolved "https://registry.yarnpkg.com/@syncfusion/ej2-treemap/-/ej2-treemap-22.1.34.tgz#7972fc5d9812af99d517ae871527fa417222bc82"
  integrity sha512-jOjAJmftHgpvnrnSVYIQBaeJoZAq1M6vEkTU1uv3PuUiWtyASmJQaFXjz/K/56lKrAJbcOQCu1px7g1JSQYVUw==
  dependencies:
    "@syncfusion/ej2-base" "~22.1.34"
    "@syncfusion/ej2-compression" "~22.1.34"
    "@syncfusion/ej2-data" "~22.1.34"
    "@syncfusion/ej2-file-utils" "~22.1.34"
    "@syncfusion/ej2-pdf-export" "~22.1.34"
    "@syncfusion/ej2-svg-base" "~22.1.34"

"@syncfusion/ej2@^22.1.34":
  version "22.1.34"
  resolved "https://registry.yarnpkg.com/@syncfusion/ej2/-/ej2-22.1.34.tgz#7942a545003cf643480f4c68791a1c1d82bf6ea1"
  integrity sha512-AxA7iNRR6QZf2qjJG5kr/5Qy/xTq0OxZ5ifo4MEkNT4GYcntvrHl+yUfQoeYPnDKhF4JyLQhaiUYsEmtGKdUCA==
  dependencies:
    "@syncfusion/ej2-barcode-generator" "~22.1.34"
    "@syncfusion/ej2-base" "~22.1.34"
    "@syncfusion/ej2-buttons" "~22.1.34"
    "@syncfusion/ej2-calendars" "~22.1.34"
    "@syncfusion/ej2-charts" "~22.1.34"
    "@syncfusion/ej2-circulargauge" "~22.1.34"
    "@syncfusion/ej2-compression" "~22.1.34"
    "@syncfusion/ej2-data" "~22.1.34"
    "@syncfusion/ej2-diagrams" "~22.1.34"
    "@syncfusion/ej2-documenteditor" "~22.1.34"
    "@syncfusion/ej2-drawings" "~22.1.34"
    "@syncfusion/ej2-dropdowns" "~22.1.34"
    "@syncfusion/ej2-excel-export" "~22.1.34"
    "@syncfusion/ej2-file-utils" "~22.1.34"
    "@syncfusion/ej2-filemanager" "~22.1.34"
    "@syncfusion/ej2-gantt" "~22.1.34"
    "@syncfusion/ej2-grids" "~22.1.34"
    "@syncfusion/ej2-heatmap" "~22.1.34"
    "@syncfusion/ej2-icons" "~22.1.34"
    "@syncfusion/ej2-image-editor" "~22.1.34"
    "@syncfusion/ej2-inplace-editor" "~22.1.34"
    "@syncfusion/ej2-inputs" "~22.1.34"
    "@syncfusion/ej2-kanban" "~22.1.34"
    "@syncfusion/ej2-layouts" "~22.1.34"
    "@syncfusion/ej2-lineargauge" "~22.1.34"
    "@syncfusion/ej2-lists" "~22.1.34"
    "@syncfusion/ej2-maps" "~22.1.34"
    "@syncfusion/ej2-navigations" "~22.1.34"
    "@syncfusion/ej2-notifications" "~22.1.34"
    "@syncfusion/ej2-office-chart" "~22.1.34"
    "@syncfusion/ej2-pdf-export" "~22.1.34"
    "@syncfusion/ej2-pdfviewer" "~22.1.34"
    "@syncfusion/ej2-pivotview" "~22.1.34"
    "@syncfusion/ej2-popups" "~22.1.34"
    "@syncfusion/ej2-progressbar" "~22.1.34"
    "@syncfusion/ej2-querybuilder" "~22.1.34"
    "@syncfusion/ej2-ribbon" "~22.1.34"
    "@syncfusion/ej2-richtexteditor" "~22.1.34"
    "@syncfusion/ej2-schedule" "~22.1.34"
    "@syncfusion/ej2-splitbuttons" "~22.1.34"
    "@syncfusion/ej2-spreadsheet" "~22.1.34"
    "@syncfusion/ej2-svg-base" "~22.1.34"
    "@syncfusion/ej2-treegrid" "~22.1.34"
    "@syncfusion/ej2-treemap" "~22.1.34"
    "@types/lodash" "4.14.159"
    "@types/node" "18.11.11"
    sass "1.51.0"
    tslib "^1.8.0"
    typescript "^3.8.2"

"@types/lodash@4.14.159":
  version "4.14.159"
  resolved "https://registry.yarnpkg.com/@types/lodash/-/lodash-4.14.159.tgz#61089719dc6fdd9c5cb46efc827f2571d1517065"
  integrity sha512-gF7A72f7WQN33DpqOWw9geApQPh4M3PxluMtaHxWHXEGSN12/WbcEk/eNSqWNQcQhF66VSZ06vCF94CrHwXJDg==

"@types/node@18.11.11":
  version "18.11.11"
  resolved "https://registry.yarnpkg.com/@types/node/-/node-18.11.11.tgz#1d455ac0211549a8409d3cdb371cd55cc971e8dc"
  integrity sha512-KJ021B1nlQUBLopzZmPBVuGU9un7WJd/W4ya7Ih02B4Uwky5Nja0yGYav2EfYIk0RR2Q9oVhf60S2XR1BCWJ2g==

anymatch@~3.1.2:
  version "3.1.3"
  resolved "https://registry.yarnpkg.com/anymatch/-/anymatch-3.1.3.tgz#790c58b19ba1720a84205b57c618d5ad8524973e"
  integrity sha512-KMReFUr0B4t+D+OBkjR3KYqvocp2XaSzO55UcB6mgQMd3KbcE+mWTyvVV7D/zsdEbNnV6acZUutkiHQXvTr1Rw==
  dependencies:
    normalize-path "^3.0.0"
    picomatch "^2.0.4"

binary-extensions@^2.0.0:
  version "2.2.0"
  resolved "https://registry.yarnpkg.com/binary-extensions/-/binary-extensions-2.2.0.tgz#75f502eeaf9ffde42fc98829645be4ea76bd9e2d"
  integrity sha512-jDctJ/IVQbZoJykoeHbhXpOlNBqGNcwXJKJog42E5HDPUwQTSdjCHdihjj0DlnheQ7blbT6dHOafNAiS8ooQKA==

bootstrap@^5.3.0:
  version "5.3.0"
  resolved "https://registry.yarnpkg.com/bootstrap/-/bootstrap-5.3.0.tgz#0718a7cc29040ee8dbf1bd652b896f3436a87c29"
  integrity sha512-UnBV3E3v4STVNQdms6jSGO2CvOkjUMdDAVR2V5N4uCMdaIkaQjbcEAMqRimDHIs4uqBYzDAKCQwCB+97tJgHQw==

braces@~3.0.2:
  version "3.0.2"
  resolved "https://registry.yarnpkg.com/braces/-/braces-3.0.2.tgz#3454e1a462ee8d599e236df336cd9ea4f8afe107"
  integrity sha512-b8um+L1RzM3WDSzvhm6gIz1yfTbBt6YTlcEKAvsmqCZZFw46z626lVj9j1yEPW33H5H+lBQpZMP1k8l+78Ha0A==
  dependencies:
    fill-range "^7.0.1"

"chokidar@>=3.0.0 <4.0.0":
  version "3.5.3"
  resolved "https://registry.yarnpkg.com/chokidar/-/chokidar-3.5.3.tgz#1cf37c8707b932bd1af1ae22c0432e2acd1903bd"
  integrity sha512-Dr3sfKRP6oTcjf2JmUmFJfeVMvXBdegxB0iVQ5eb2V10uFJUCAS8OByZdVAyVb8xXNz3GjjTgj9kLWsZTqE6kw==
  dependencies:
    anymatch "~3.1.2"
    braces "~3.0.2"
    glob-parent "~5.1.2"
    is-binary-path "~2.1.0"
    is-glob "~4.0.1"
    normalize-path "~3.0.0"
    readdirp "~3.6.0"
  optionalDependencies:
    fsevents "~2.3.2"

cssesc@^3.0.0:
  version "3.0.0"
  resolved "https://registry.yarnpkg.com/cssesc/-/cssesc-3.0.0.tgz#37741919903b868565e1c09ea747445cd18983ee"
  integrity sha512-/Tb/JcjK111nNScGob5MNtsntNM1aCNUDipB/TkwZFhyDrrE47SOx/18wF2bbjgc3ZzCSKW1T5nt5EbFoAz/Vg==

fill-range@^7.0.1:
  version "7.0.1"
  resolved "https://registry.yarnpkg.com/fill-range/-/fill-range-7.0.1.tgz#1919a6a7c75fe38b2c7c77e5198535da9acdda40"
  integrity sha512-qOo9F+dMUmC2Lcb4BbVvnKJxTPjCm+RRpe4gDuGrzkL7mEVl/djYSu2OdQ2Pa302N4oqkSg9ir6jaLWJ2USVpQ==
  dependencies:
    to-regex-range "^5.0.1"

fsevents@~2.3.2:
  version "2.3.2"
  resolved "https://registry.yarnpkg.com/fsevents/-/fsevents-2.3.2.tgz#8a526f78b8fdf4623b709e0b975c52c24c02fd1a"
  integrity sha512-xiqMQR4xAeHTuB9uWm+fFRcIOgKBMiOBP+eXiyT7jsgVCq1bkVygt00oASowB7EdtpOHaaPgKt812P9ab+DDKA==

glob-parent@~5.1.2:
  version "5.1.2"
  resolved "https://registry.yarnpkg.com/glob-parent/-/glob-parent-5.1.2.tgz#869832c58034fe68a4093c17dc15e8340d8401c4"
  integrity sha512-AOIgSQCepiJYwP3ARnGx+5VnTu2HBYdzbGP45eLw1vr3zB3vZLeyed1sC9hnbcOc9/SrMyM5RPQrkGz4aS9Zow==
  dependencies:
    is-glob "^4.0.1"

immutable@^4.0.0:
  version "4.3.0"
  resolved "https://registry.yarnpkg.com/immutable/-/immutable-4.3.0.tgz#eb1738f14ffb39fd068b1dbe1296117484dd34be"
  integrity sha512-0AOCmOip+xgJwEVTQj1EfiDDOkPmuyllDuTuEX+DDXUgapLAsBIfkg3sxCYyCEA8mQqZrrxPUGjcOQ2JS3WLkg==

is-binary-path@~2.1.0:
  version "2.1.0"
  resolved "https://registry.yarnpkg.com/is-binary-path/-/is-binary-path-2.1.0.tgz#ea1f7f3b80f064236e83470f86c09c254fb45b09"
  integrity sha512-ZMERYes6pDydyuGidse7OsHxtbI7WVeUEozgR/g7rd0xUimYNlvZRE/K2MgZTjWy725IfelLeVcEM97mmtRGXw==
  dependencies:
    binary-extensions "^2.0.0"

is-extglob@^2.1.1:
  version "2.1.1"
  resolved "https://registry.yarnpkg.com/is-extglob/-/is-extglob-2.1.1.tgz#a88c02535791f02ed37c76a1b9ea9773c833f8c2"
  integrity sha512-SbKbANkN603Vi4jEZv49LeVJMn4yGwsbzZworEoyEiutsN3nJYdbO36zfhGJ6QEDpOZIFkDtnq5JRxmvl3jsoQ==

is-glob@^4.0.1, is-glob@~4.0.1:
  version "4.0.3"
  resolved "https://registry.yarnpkg.com/is-glob/-/is-glob-4.0.3.tgz#64f61e42cbbb2eec2071a9dac0b28ba1e65d5084"
  integrity sha512-xelSayHH36ZgE7ZWhli7pW34hNbNl8Ojv5KVmkJD4hBdD3th8Tfk9vYasLM+mXWOZhFkgZfxhLSnrwRr4elSSg==
  dependencies:
    is-extglob "^2.1.1"

is-number@^7.0.0:
  version "7.0.0"
  resolved "https://registry.yarnpkg.com/is-number/-/is-number-7.0.0.tgz#7535345b896734d5f80c4d06c50955527a14f12b"
  integrity sha512-41Cifkg6e8TylSpdtTpeLVMqvSBEVzTttHvERD741+pnZ8ANv0004MRL43QKPDlK9cGvNp6NZWZUBlbGXYxxng==

nanoid@^3.3.6:
  version "3.3.6"
  resolved "https://registry.yarnpkg.com/nanoid/-/nanoid-3.3.6.tgz#443380c856d6e9f9824267d960b4236ad583ea4c"
  integrity sha512-BGcqMMJuToF7i1rt+2PWSNVnWIkGCU78jBG3RxO/bZlnZPK2Cmi2QaffxGO/2RvWi9sL+FAiRiXMgsyxQ1DIDA==

normalize-path@^3.0.0, normalize-path@~3.0.0:
  version "3.0.0"
  resolved "https://registry.yarnpkg.com/normalize-path/-/normalize-path-3.0.0.tgz#0dcd69ff23a1c9b11fd0978316644a0388216a65"
  integrity sha512-6eZs5Ls3WtCisHWp9S2GUy8dqkpGi4BVSz3GaqiE6ezub0512ESztXUwUB6C6IKbQkY2Pnb/mD4WYojCRwcwLA==

picocolors@^1.0.0:
  version "1.0.0"
  resolved "https://registry.yarnpkg.com/picocolors/-/picocolors-1.0.0.tgz#cb5bdc74ff3f51892236eaf79d68bc44564ab81c"
  integrity sha512-1fygroTLlHu66zi26VoTDv8yRgm0Fccecssto+MhsZ0D/DGW2sm8E8AjW7NU5VVTRt5GxbeZ5qBuJr+HyLYkjQ==

picomatch@^2.0.4, picomatch@^2.2.1:
  version "2.3.1"
  resolved "https://registry.yarnpkg.com/picomatch/-/picomatch-2.3.1.tgz#3ba3833733646d9d3e4995946c1365a67fb07a42"
  integrity sha512-JU3teHTNjmE2VCGFzuY8EXzCDVwEqB2a8fsIvwaStHhAWJEeVd1o1QD80CU6+ZdEXXSLbSsuLwJjkCBWqRQUVA==

postcss-media-query-parser@^0.2.3:
  version "0.2.3"
  resolved "https://registry.yarnpkg.com/postcss-media-query-parser/-/postcss-media-query-parser-0.2.3.tgz#27b39c6f4d94f81b1a73b8f76351c609e5cef244"
  integrity sha512-3sOlxmbKcSHMjlUXQZKQ06jOswE7oVkXPxmZdoB1r5l0q6gTFTQSHxNxOrCccElbW7dxNytifNEo8qidX2Vsig==

postcss-resolve-nested-selector@^0.1.1:
  version "0.1.1"
  resolved "https://registry.yarnpkg.com/postcss-resolve-nested-selector/-/postcss-resolve-nested-selector-0.1.1.tgz#29ccbc7c37dedfac304e9fff0bf1596b3f6a0e4e"
  integrity sha512-HvExULSwLqHLgUy1rl3ANIqCsvMS0WHss2UOsXhXnQaZ9VCc2oBvIpXrl00IUFT5ZDITME0o6oiXeiHr2SAIfw==

postcss-scss@^4.0.6:
  version "4.0.6"
  resolved "https://registry.yarnpkg.com/postcss-scss/-/postcss-scss-4.0.6.tgz#5d62a574b950a6ae12f2aa89b60d63d9e4432bfd"
  integrity sha512-rLDPhJY4z/i4nVFZ27j9GqLxj1pwxE80eAzUNRMXtcpipFYIeowerzBgG3yJhMtObGEXidtIgbUpQ3eLDsf5OQ==

postcss-selector-parser@^6.0.11:
  version "6.0.13"
  resolved "https://registry.yarnpkg.com/postcss-selector-parser/-/postcss-selector-parser-6.0.13.tgz#d05d8d76b1e8e173257ef9d60b706a8e5e99bf1b"
  integrity sha512-EaV1Gl4mUEV4ddhDnv/xtj7sxwrwxdetHdWUGnT4VJQf+4d05v6lHYZr8N573k5Z0BViss7BDhfWtKS3+sfAqQ==
  dependencies:
    cssesc "^3.0.0"
    util-deprecate "^1.0.2"

postcss-sorting@^8.0.2:
  version "8.0.2"
  resolved "https://registry.yarnpkg.com/postcss-sorting/-/postcss-sorting-8.0.2.tgz#6393385ece272baf74bee9820fb1b58098e4eeca"
  integrity sha512-M9dkSrmU00t/jK7rF6BZSZauA5MAaBW4i5EnJXspMwt4iqTh/L9j6fgMnbElEOfyRyfLfVbIHj/R52zHzAPe1Q==

postcss-value-parser@^4.2.0:
  version "4.2.0"
  resolved "https://registry.yarnpkg.com/postcss-value-parser/-/postcss-value-parser-4.2.0.tgz#723c09920836ba6d3e5af019f92bc0971c02e514"
  integrity sha512-1NNCs6uurfkVbeXG4S8JFT9t19m45ICnif8zWLd5oPSZ50QnwMfK+H3jv408d4jw/7Bttv5axS5IiHoLaVNHeQ==

postcss@^8.4.21:
  version "8.4.24"
  resolved "https://registry.yarnpkg.com/postcss/-/postcss-8.4.24.tgz#f714dba9b2284be3cc07dbd2fc57ee4dc972d2df"
  integrity sha512-M0RzbcI0sO/XJNucsGjvWU9ERWxb/ytp1w6dKtxTKgixdtQDq4rmx/g8W1hnaheq9jgwL/oyEdH5Bc4WwJKMqg==
  dependencies:
    nanoid "^3.3.6"
    picocolors "^1.0.0"
    source-map-js "^1.0.2"

readdirp@~3.6.0:
  version "3.6.0"
  resolved "https://registry.yarnpkg.com/readdirp/-/readdirp-3.6.0.tgz#74a370bd857116e245b29cc97340cd431a02a6c7"
  integrity sha512-hOS089on8RduqdbhvQ5Z37A0ESjsqz6qnRcffsMU3495FuTdqSm+7bhJ29JvIOsBDEEnan5DPu9t3To9VRlMzA==
  dependencies:
    picomatch "^2.2.1"

sass@1.51.0:
  version "1.51.0"
  resolved "https://registry.yarnpkg.com/sass/-/sass-1.51.0.tgz#25ea36cf819581fe1fe8329e8c3a4eaaf70d2845"
  integrity sha512-haGdpTgywJTvHC2b91GSq+clTKGbtkkZmVAb82jZQN/wTy6qs8DdFm2lhEQbEwrY0QDRgSQ3xDurqM977C3noA==
  dependencies:
    chokidar ">=3.0.0 <4.0.0"
    immutable "^4.0.0"
    source-map-js ">=0.6.2 <2.0.0"

sass@1.63.6:
  version "1.63.6"
  resolved "https://registry.yarnpkg.com/sass/-/sass-1.63.6.tgz#481610e612902e0c31c46b46cf2dad66943283ea"
  integrity sha512-MJuxGMHzaOW7ipp+1KdELtqKbfAWbH7OLIdoSMnVe3EXPMTmxTmlaZDCTsgIpPCs3w99lLo9/zDKkOrJuT5byw==
  dependencies:
    chokidar ">=3.0.0 <4.0.0"
    immutable "^4.0.0"
    source-map-js ">=0.6.2 <2.0.0"

"source-map-js@>=0.6.2 <2.0.0", source-map-js@^1.0.2:
  version "1.0.2"
  resolved "https://registry.yarnpkg.com/source-map-js/-/source-map-js-1.0.2.tgz#adbc361d9c62df380125e7f161f71c826f1e490c"
  integrity sha512-R0XvVJ9WusLiqTCEiGCmICCMplcCkIwwR11mOSD9CR5u+IXYdiseeEuXCVAjS54zqwkLcPNnmU4OeJ6tUrWhDw==

style-search@^0.1.0:
  version "0.1.0"
  resolved "https://registry.yarnpkg.com/style-search/-/style-search-0.1.0.tgz#7958c793e47e32e07d2b5cafe5c0bf8e12e77902"
  integrity sha512-Dj1Okke1C3uKKwQcetra4jSuk0DqbzbYtXipzFlFMZtowbF1x7BKJwB9AayVMyFARvU8EDrZdcax4At/452cAg==

stylelint-config-recess-order@^4.0.0:
  version "4.2.0"
  resolved "https://registry.yarnpkg.com/stylelint-config-recess-order/-/stylelint-config-recess-order-4.2.0.tgz#bc64e2d164f39c9830452d5e6da0061749caeea9"
  integrity sha512-cWC66tUx74OgurUQaTAH4iJ4JbyisMwlJH8BO/oxglDLZBUNFggjwPFVtgsmd8rS+bUfm7sPlRrF00iAihESwA==
  dependencies:
    stylelint-order "6.x"

stylelint-config-recommended-scss@^11.0.0:
  version "11.0.0"
  resolved "https://registry.yarnpkg.com/stylelint-config-recommended-scss/-/stylelint-config-recommended-scss-11.0.0.tgz#7b933ecac99cd3b52d14d1746e3ecd36f421b4b6"
  integrity sha512-EDghTDU7aOv2LTsRZvcT1w8mcjUaMhuy+t38iV5I/0Qiu6ixdkRwhLEMul3K/fnB2v9Nwqvb3xpvJfPH+HduDw==
  dependencies:
    postcss-scss "^4.0.6"
    stylelint-config-recommended "^12.0.0"
    stylelint-scss "^4.6.0"

stylelint-config-recommended@^12.0.0:
  version "12.0.0"
  resolved "https://registry.yarnpkg.com/stylelint-config-recommended/-/stylelint-config-recommended-12.0.0.tgz#d0993232fca017065fd5acfcb52dd8a188784ef4"
  integrity sha512-x6x8QNARrGO2sG6iURkzqL+Dp+4bJorPMMRNPScdvaUK8PsynriOcMW7AFDKqkWAS5wbue/u8fUT/4ynzcmqdQ==

stylelint-config-standard-scss@^9.0.0:
  version "9.0.0"
  resolved "https://registry.yarnpkg.com/stylelint-config-standard-scss/-/stylelint-config-standard-scss-9.0.0.tgz#70c66e1179612519fdf6ca1dbff23c804def1b6b"
  integrity sha512-yPKpJsrZn4ybuQZx/DkEHuCjw7pJginErE/47dFhCnrvD48IJ4UYec8tSiCuJWMA3HRjbIa3nh5ZeSauDGuVAg==
  dependencies:
    stylelint-config-recommended-scss "^11.0.0"
    stylelint-config-standard "^33.0.0"

stylelint-config-standard@^33.0.0:
  version "33.0.0"
  resolved "https://registry.yarnpkg.com/stylelint-config-standard/-/stylelint-config-standard-33.0.0.tgz#1f7bb299153a53874073e93829e37a475842f0f9"
  integrity sha512-eyxnLWoXImUn77+ODIuW9qXBDNM+ALN68L3wT1lN2oNspZ7D9NVGlNHb2QCUn4xDug6VZLsh0tF8NyoYzkgTzg==
  dependencies:
    stylelint-config-recommended "^12.0.0"

stylelint-config-twbs-bootstrap@10.0.0:
  version "10.0.0"
  resolved "https://registry.yarnpkg.com/stylelint-config-twbs-bootstrap/-/stylelint-config-twbs-bootstrap-10.0.0.tgz#79fdeca93a9ea6dddec282178f345bd1af64547f"
  integrity sha512-p9J2q8ast8SSziypuy3sndG+GcI2S2bJnaC9nkk7ROb2BaUvsuMQi0uqhENPCHdijS/iM08R/KiS/FQAJ9gmmw==
  dependencies:
    stylelint-config-recess-order "^4.0.0"
    stylelint-config-standard "^33.0.0"
    stylelint-config-standard-scss "^9.0.0"
    stylelint-scss "^4.7.0"
    stylelint-stylistic "^0.4.0"

stylelint-order@6.x:
  version "6.0.3"
  resolved "https://registry.yarnpkg.com/stylelint-order/-/stylelint-order-6.0.3.tgz#160b78650bd90463241b992581efee7159baefc2"
  integrity sha512-1j1lOb4EU/6w49qZeT2SQVJXm0Ht+Qnq9GMfUa3pMwoyojIWfuA+JUDmoR97Bht1RLn4ei0xtLGy87M7d29B1w==
  dependencies:
    postcss "^8.4.21"
    postcss-sorting "^8.0.2"

stylelint-scss@^4.6.0, stylelint-scss@^4.7.0:
  version "4.7.0"
  resolved "https://registry.yarnpkg.com/stylelint-scss/-/stylelint-scss-4.7.0.tgz#f986bf8c5a4b93eae2b67d3a3562eef822657908"
  integrity sha512-TSUgIeS0H3jqDZnby1UO1Qv3poi1N8wUYIJY6D1tuUq2MN3lwp/rITVo0wD+1SWTmRm0tNmGO0b7nKInnqF6Hg==
  dependencies:
    postcss-media-query-parser "^0.2.3"
    postcss-resolve-nested-selector "^0.1.1"
    postcss-selector-parser "^6.0.11"
    postcss-value-parser "^4.2.0"

stylelint-stylistic@^0.4.0:
  version "0.4.2"
  resolved "https://registry.yarnpkg.com/stylelint-stylistic/-/stylelint-stylistic-0.4.2.tgz#a868213f76535523664c0ac926c89981b1ba4fdd"
  integrity sha512-WF/fLvotTklG8LZ+fO0nxhu5swVENHhSat2l5ckrmtXpij1P9ybYa56XivOg/E02CH+Ygui5pd2hQrlli3NCDQ==
  dependencies:
    postcss "^8.4.21"
    postcss-media-query-parser "^0.2.3"
    postcss-value-parser "^4.2.0"
    style-search "^0.1.0"

to-regex-range@^5.0.1:
  version "5.0.1"
  resolved "https://registry.yarnpkg.com/to-regex-range/-/to-regex-range-5.0.1.tgz#1648c44aae7c8d988a326018ed72f5b4dd0392e4"
  integrity sha512-65P7iz6X5yEr1cwcgvQxbbIw7Uk3gOy5dIdtZ4rDveLqhrdJP+Li/Hx6tyK0NEb+2GCyneCMJiGqrADCSNk8sQ==
  dependencies:
    is-number "^7.0.0"

tslib@^1.8.0:
  version "1.14.1"
  resolved "https://registry.yarnpkg.com/tslib/-/tslib-1.14.1.tgz#cf2d38bdc34a134bcaf1091c41f6619e2f672d00"
  integrity sha512-Xni35NKzjgMrwevysHTCArtLDpPvye8zV/0E4EyYn43P7/7qvQwPh9BGkHewbMulVntbigmcT7rdX3BNo9wRJg==

typescript@^3.8.2:
  version "3.9.10"
  resolved "https://registry.yarnpkg.com/typescript/-/typescript-3.9.10.tgz#70f3910ac7a51ed6bef79da7800690b19bf778b8"
  integrity sha512-w6fIxVE/H1PkLKcCPsFqKE7Kv7QUwhU8qQY2MueZXWx5cPZdwFupLgKK3vntcK98BtNHZtAF4LA/yl2a7k8R6Q==

util-deprecate@^1.0.2:
  version "1.0.2"
  resolved "https://registry.yarnpkg.com/util-deprecate/-/util-deprecate-1.0.2.tgz#450d4dc9fa70de732762fbd2d4a28981419a0ccf"
  integrity sha512-EPD5q1uXyFxJpCrLnCc1nHnq3gOa6DZBocAIiI2TaSCA7VCJ1UJDMagCzIkXNsUYfD1daK//LTEQ8xiIbrHtcw==
