# THIS IS AN AUTOGENERATED FILE. DO NOT EDIT THIS FILE DIRECTLY.
# yarn lockfile v1


"@fortawesome/fontawesome-free@^6.6.0":
  version "6.6.0"
  resolved "https://registry.yarnpkg.com/@fortawesome/fontawesome-free/-/fontawesome-free-6.6.0.tgz#0e984f0f2344ee513c185d87d77defac4c0c8224"
  integrity sha512-60G28ke/sXdtS9KZCpZSHHkCbdsOGEhIUGlwq6yhY74UpTiToIh8np7A8yphhM4BWsvNFtIvLpi4co+h9Mr9Ow==

"@parcel/watcher-android-arm64@2.4.1":
  version "2.4.1"
  resolved "https://registry.yarnpkg.com/@parcel/watcher-android-arm64/-/watcher-android-arm64-2.4.1.tgz#c2c19a3c442313ff007d2d7a9c2c1dd3e1c9ca84"
  integrity sha512-LOi/WTbbh3aTn2RYddrO8pnapixAziFl6SMxHM69r3tvdSm94JtCenaKgk1GRg5FJ5wpMCpHeW+7yqPlvZv7kg==

"@parcel/watcher-darwin-arm64@2.4.1":
  version "2.4.1"
  resolved "https://registry.yarnpkg.com/@parcel/watcher-darwin-arm64/-/watcher-darwin-arm64-2.4.1.tgz#c817c7a3b4f3a79c1535bfe54a1c2818d9ffdc34"
  integrity sha512-ln41eihm5YXIY043vBrrHfn94SIBlqOWmoROhsMVTSXGh0QahKGy77tfEywQ7v3NywyxBBkGIfrWRHm0hsKtzA==

"@parcel/watcher-darwin-x64@2.4.1":
  version "2.4.1"
  resolved "https://registry.yarnpkg.com/@parcel/watcher-darwin-x64/-/watcher-darwin-x64-2.4.1.tgz#1a3f69d9323eae4f1c61a5f480a59c478d2cb020"
  integrity sha512-yrw81BRLjjtHyDu7J61oPuSoeYWR3lDElcPGJyOvIXmor6DEo7/G2u1o7I38cwlcoBHQFULqF6nesIX3tsEXMg==

"@parcel/watcher-freebsd-x64@2.4.1":
  version "2.4.1"
  resolved "https://registry.yarnpkg.com/@parcel/watcher-freebsd-x64/-/watcher-freebsd-x64-2.4.1.tgz#0d67fef1609f90ba6a8a662bc76a55fc93706fc8"
  integrity sha512-TJa3Pex/gX3CWIx/Co8k+ykNdDCLx+TuZj3f3h7eOjgpdKM+Mnix37RYsYU4LHhiYJz3DK5nFCCra81p6g050w==

"@parcel/watcher-linux-arm-glibc@2.4.1":
  version "2.4.1"
  resolved "https://registry.yarnpkg.com/@parcel/watcher-linux-arm-glibc/-/watcher-linux-arm-glibc-2.4.1.tgz#ce5b340da5829b8e546bd00f752ae5292e1c702d"
  integrity sha512-4rVYDlsMEYfa537BRXxJ5UF4ddNwnr2/1O4MHM5PjI9cvV2qymvhwZSFgXqbS8YoTk5i/JR0L0JDs69BUn45YA==

"@parcel/watcher-linux-arm64-glibc@2.4.1":
  version "2.4.1"
  resolved "https://registry.yarnpkg.com/@parcel/watcher-linux-arm64-glibc/-/watcher-linux-arm64-glibc-2.4.1.tgz#6d7c00dde6d40608f9554e73998db11b2b1ff7c7"
  integrity sha512-BJ7mH985OADVLpbrzCLgrJ3TOpiZggE9FMblfO65PlOCdG++xJpKUJ0Aol74ZUIYfb8WsRlUdgrZxKkz3zXWYA==

"@parcel/watcher-linux-arm64-musl@2.4.1":
  version "2.4.1"
  resolved "https://registry.yarnpkg.com/@parcel/watcher-linux-arm64-musl/-/watcher-linux-arm64-musl-2.4.1.tgz#bd39bc71015f08a4a31a47cd89c236b9d6a7f635"
  integrity sha512-p4Xb7JGq3MLgAfYhslU2SjoV9G0kI0Xry0kuxeG/41UfpjHGOhv7UoUDAz/jb1u2elbhazy4rRBL8PegPJFBhA==

"@parcel/watcher-linux-x64-glibc@2.4.1":
  version "2.4.1"
  resolved "https://registry.yarnpkg.com/@parcel/watcher-linux-x64-glibc/-/watcher-linux-x64-glibc-2.4.1.tgz#0ce29966b082fb6cdd3de44f2f74057eef2c9e39"
  integrity sha512-s9O3fByZ/2pyYDPoLM6zt92yu6P4E39a03zvO0qCHOTjxmt3GHRMLuRZEWhWLASTMSrrnVNWdVI/+pUElJBBBg==

"@parcel/watcher-linux-x64-musl@2.4.1":
  version "2.4.1"
  resolved "https://registry.yarnpkg.com/@parcel/watcher-linux-x64-musl/-/watcher-linux-x64-musl-2.4.1.tgz#d2ebbf60e407170bb647cd6e447f4f2bab19ad16"
  integrity sha512-L2nZTYR1myLNST0O632g0Dx9LyMNHrn6TOt76sYxWLdff3cB22/GZX2UPtJnaqQPdCRoszoY5rcOj4oMTtp5fQ==

"@parcel/watcher-win32-arm64@2.4.1":
  version "2.4.1"
  resolved "https://registry.yarnpkg.com/@parcel/watcher-win32-arm64/-/watcher-win32-arm64-2.4.1.tgz#eb4deef37e80f0b5e2f215dd6d7a6d40a85f8adc"
  integrity sha512-Uq2BPp5GWhrq/lcuItCHoqxjULU1QYEcyjSO5jqqOK8RNFDBQnenMMx4gAl3v8GiWa59E9+uDM7yZ6LxwUIfRg==

"@parcel/watcher-win32-ia32@2.4.1":
  version "2.4.1"
  resolved "https://registry.yarnpkg.com/@parcel/watcher-win32-ia32/-/watcher-win32-ia32-2.4.1.tgz#94fbd4b497be39fd5c8c71ba05436927842c9df7"
  integrity sha512-maNRit5QQV2kgHFSYwftmPBxiuK5u4DXjbXx7q6eKjq5dsLXZ4FJiVvlcw35QXzk0KrUecJmuVFbj4uV9oYrcw==

"@parcel/watcher-win32-x64@2.4.1":
  version "2.4.1"
  resolved "https://registry.yarnpkg.com/@parcel/watcher-win32-x64/-/watcher-win32-x64-2.4.1.tgz#4bf920912f67cae5f2d264f58df81abfea68dadf"
  integrity sha512-+DvS92F9ezicfswqrvIRM2njcYJbd5mb9CUgtrHCHmvn7pPPa+nMDRu1o1bYYz/l5IB2NVGNJWiH7h1E58IF2A==

"@parcel/watcher@^2.4.1":
  version "2.4.1"
  resolved "https://registry.yarnpkg.com/@parcel/watcher/-/watcher-2.4.1.tgz#a50275151a1bb110879c6123589dba90c19f1bf8"
  integrity sha512-HNjmfLQEVRZmHRET336f20H/8kOozUGwk7yajvsonjNxbj2wBTK1WsQuHkD5yYh9RxFGL2EyDHryOihOwUoKDA==
  dependencies:
    detect-libc "^1.0.3"
    is-glob "^4.0.3"
    micromatch "^4.0.5"
    node-addon-api "^7.0.0"
  optionalDependencies:
    "@parcel/watcher-android-arm64" "2.4.1"
    "@parcel/watcher-darwin-arm64" "2.4.1"
    "@parcel/watcher-darwin-x64" "2.4.1"
    "@parcel/watcher-freebsd-x64" "2.4.1"
    "@parcel/watcher-linux-arm-glibc" "2.4.1"
    "@parcel/watcher-linux-arm64-glibc" "2.4.1"
    "@parcel/watcher-linux-arm64-musl" "2.4.1"
    "@parcel/watcher-linux-x64-glibc" "2.4.1"
    "@parcel/watcher-linux-x64-musl" "2.4.1"
    "@parcel/watcher-win32-arm64" "2.4.1"
    "@parcel/watcher-win32-ia32" "2.4.1"
    "@parcel/watcher-win32-x64" "2.4.1"

"@syncfusion/ej2-barcode-generator@~27.1.52":
  version "27.1.52"
  resolved "https://registry.yarnpkg.com/@syncfusion/ej2-barcode-generator/-/ej2-barcode-generator-27.1.52.tgz#35f026b04e78afa41828e5ac3c6501188c640dc7"
  integrity sha512-Ww6XO3IJVYog3rqHEm3R2lc0v5VGwpWqqXBcw7KxizCPJDsuTfdl/8KAFyTvvG0x+9alfBkQP4wq1pwTrz2IEQ==
  dependencies:
    "@syncfusion/ej2-base" "~27.1.52"
    "@syncfusion/ej2-data" "~27.1.52"

"@syncfusion/ej2-base@~27.1.50", "@syncfusion/ej2-base@~27.1.52":
  version "27.1.52"
  resolved "https://registry.yarnpkg.com/@syncfusion/ej2-base/-/ej2-base-27.1.52.tgz#1049c4bd582e4d82843ab588102a5a6d4d9e4492"
  integrity sha512-f0fp5DFpB9zizhBvD6GrT75t6Ot4r7ye617AijSgQZHVgZSVFgawSTMigulmH2RSaJsogKYEl9psWxwuHtQehg==
  dependencies:
    "@syncfusion/ej2-icons" "~27.1.50"

"@syncfusion/ej2-buttons@~27.1.50", "@syncfusion/ej2-buttons@~27.1.51":
  version "27.1.51"
  resolved "https://registry.yarnpkg.com/@syncfusion/ej2-buttons/-/ej2-buttons-27.1.51.tgz#866905e70f62733e689e8e5758c3b1affc2f0117"
  integrity sha512-0Eg4M2NOpuuWQgOBeNvEMIyjg6fFUJ/0Qk3tAALRCKQDn627qfk32xIs5pKcZ8KVdZ2sjqql3QzQA2Jx9QkydQ==
  dependencies:
    "@syncfusion/ej2-base" "~27.1.50"

"@syncfusion/ej2-calendars@~27.1.50", "@syncfusion/ej2-calendars@~27.1.52":
  version "27.1.52"
  resolved "https://registry.yarnpkg.com/@syncfusion/ej2-calendars/-/ej2-calendars-27.1.52.tgz#12db3df2fc52cd843aaaeb4df5c565bfc97c9b0c"
  integrity sha512-XzblEqwEDAbmLraArkX63wprFDsQei6iD1ThjQ8YhIAbEfrkH2nd56rbnlfUlRjOJ0a9WpEyTve8F8OlNuKSKA==
  dependencies:
    "@syncfusion/ej2-base" "~27.1.52"
    "@syncfusion/ej2-buttons" "~27.1.51"
    "@syncfusion/ej2-inputs" "~27.1.50"
    "@syncfusion/ej2-lists" "~27.1.50"
    "@syncfusion/ej2-popups" "~27.1.50"

"@syncfusion/ej2-charts@~27.1.51", "@syncfusion/ej2-charts@~27.1.52":
  version "27.1.52"
  resolved "https://registry.yarnpkg.com/@syncfusion/ej2-charts/-/ej2-charts-27.1.52.tgz#8cc28f049bbdfb7c1673e98e38c90da6364f9803"
  integrity sha512-yF41snD0VXSrO3snoA+RGT/YalR29oU/nkjZMpUO6ZhY0WCYjoBKVRAEpQXBaC7KEIWx0KcRjMWejjV8ZnbHsw==
  dependencies:
    "@syncfusion/ej2-base" "~27.1.52"
    "@syncfusion/ej2-calendars" "~27.1.52"
    "@syncfusion/ej2-data" "~27.1.52"
    "@syncfusion/ej2-excel-export" "~27.1.50"
    "@syncfusion/ej2-navigations" "~27.1.52"
    "@syncfusion/ej2-pdf-export" "~27.1.51"
    "@syncfusion/ej2-svg-base" "~27.1.50"

"@syncfusion/ej2-circulargauge@~27.1.50":
  version "27.1.50"
  resolved "https://registry.yarnpkg.com/@syncfusion/ej2-circulargauge/-/ej2-circulargauge-27.1.50.tgz#5f870e5718ef3d42be2bcc496f6fa474eb95ee4b"
  integrity sha512-UwzozD7/3WZTYR48rA1iiYZvZ+Vgb5pDqnzxeNp9aFH+TTix/OWYB20NpxuSx75/ZItT8tQX8QCc97sueYVr5w==
  dependencies:
    "@syncfusion/ej2-base" "~27.1.50"
    "@syncfusion/ej2-pdf-export" "~27.1.50"
    "@syncfusion/ej2-svg-base" "~27.1.50"

"@syncfusion/ej2-compression@~27.1.50":
  version "27.1.50"
  resolved "https://registry.yarnpkg.com/@syncfusion/ej2-compression/-/ej2-compression-27.1.50.tgz#a33d509fc024364df27d7be7b517f2b29d25085a"
  integrity sha512-uvDUKjBUt4SNE2L5tL0r1X2uMmDIYui9Mq6cqQFZvieXJg2awc+873N9KQ6f+9U4aYZ9LWSy1eU0pTJqd8j6AQ==
  dependencies:
    "@syncfusion/ej2-file-utils" "~27.1.50"

"@syncfusion/ej2-data@~27.1.50", "@syncfusion/ej2-data@~27.1.51", "@syncfusion/ej2-data@~27.1.52":
  version "27.1.52"
  resolved "https://registry.yarnpkg.com/@syncfusion/ej2-data/-/ej2-data-27.1.52.tgz#ac14f7af55d2b988a678a34b4d704abc51458105"
  integrity sha512-ELtIAXoGd28sVreoxdul2GFPQh/Kf46wUA8JsHZlNHGyekSolRf2vhTofkDMaF0E7GIV6yUpFS7gd3aiRtkKSg==
  dependencies:
    "@syncfusion/ej2-base" "~27.1.52"

"@syncfusion/ej2-diagrams@~27.1.52":
  version "27.1.52"
  resolved "https://registry.yarnpkg.com/@syncfusion/ej2-diagrams/-/ej2-diagrams-27.1.52.tgz#219f646572ad08449805cdd1927bb76aec1a87eb"
  integrity sha512-MUSmRCDghg6rJgMG352VfRyy/C5HcFiRsE6bEpt1tDK/8waCPp3uhxNUcy3KJDdhuZ/IwUbq4o84nAQifa/Y9A==
  dependencies:
    "@syncfusion/ej2-base" "~27.1.52"
    "@syncfusion/ej2-buttons" "~27.1.51"
    "@syncfusion/ej2-data" "~27.1.52"
    "@syncfusion/ej2-inputs" "~27.1.50"
    "@syncfusion/ej2-lists" "~27.1.50"
    "@syncfusion/ej2-navigations" "~27.1.52"
    "@syncfusion/ej2-popups" "~27.1.50"

"@syncfusion/ej2-documenteditor@~27.1.52":
  version "27.1.52"
  resolved "https://registry.yarnpkg.com/@syncfusion/ej2-documenteditor/-/ej2-documenteditor-27.1.52.tgz#e65f29054e08f41951eafd86e7f0e2c79017fd3e"
  integrity sha512-EDQBOmCUF2BpMPNFXbEEu6YqXncPxDcdn+MoXg18FpVU9Z3EqkzlTj9TWIu/mzrcWkOpN0m+sERP69ZUkz6/LQ==
  dependencies:
    "@syncfusion/ej2-base" "~27.1.52"
    "@syncfusion/ej2-buttons" "~27.1.51"
    "@syncfusion/ej2-calendars" "~27.1.52"
    "@syncfusion/ej2-compression" "~27.1.50"
    "@syncfusion/ej2-dropdowns" "~27.1.52"
    "@syncfusion/ej2-file-utils" "~27.1.50"
    "@syncfusion/ej2-inputs" "~27.1.50"
    "@syncfusion/ej2-navigations" "~27.1.52"
    "@syncfusion/ej2-office-chart" "~27.1.51"
    "@syncfusion/ej2-popups" "~27.1.50"
    "@syncfusion/ej2-splitbuttons" "~27.1.50"

"@syncfusion/ej2-drawings@~27.1.52":
  version "27.1.52"
  resolved "https://registry.yarnpkg.com/@syncfusion/ej2-drawings/-/ej2-drawings-27.1.52.tgz#d380d0b964e4200ccdec68f4f3936e8ab2253f4e"
  integrity sha512-wCoSOKBkRXbkOc4VX8l369taP12yUYe1+Tk1Qtu7ECmUYz+yd7X+9LCHnzNFGJhnTqhY3zaP2GHsez7ekMuviA==
  dependencies:
    "@syncfusion/ej2-base" "~27.1.52"
    "@syncfusion/ej2-data" "~27.1.52"

"@syncfusion/ej2-dropdowns@~27.1.50", "@syncfusion/ej2-dropdowns@~27.1.52":
  version "27.1.52"
  resolved "https://registry.yarnpkg.com/@syncfusion/ej2-dropdowns/-/ej2-dropdowns-27.1.52.tgz#e62334771b619dd467857ab5610daf4d8348ad4e"
  integrity sha512-rTeu5DU8dLQnwFbo8MPR0rvtP5iyQlcpmDcBI9MhxG3bH66/frceaPAJ1lN3CjpgEPbqSBWZCnJaWFE/wDLHWQ==
  dependencies:
    "@syncfusion/ej2-base" "~27.1.52"
    "@syncfusion/ej2-data" "~27.1.52"
    "@syncfusion/ej2-inputs" "~27.1.50"
    "@syncfusion/ej2-lists" "~27.1.50"
    "@syncfusion/ej2-navigations" "~27.1.52"
    "@syncfusion/ej2-notifications" "~27.1.50"
    "@syncfusion/ej2-popups" "~27.1.50"

"@syncfusion/ej2-excel-export@~27.1.50":
  version "27.1.50"
  resolved "https://registry.yarnpkg.com/@syncfusion/ej2-excel-export/-/ej2-excel-export-27.1.50.tgz#9e04f42c3fb4518fa0b931b1fa5c709da0a3a797"
  integrity sha512-UfTLxFshWbKumLMm55SC92yrCthNeUt0pFemqbXMJ6ZnUF9+Rb0LFkG/DMtqjkx1vVAcMqBxYMNShB7awXiShw==
  dependencies:
    "@syncfusion/ej2-base" "~27.1.50"
    "@syncfusion/ej2-compression" "~27.1.50"

"@syncfusion/ej2-file-utils@~27.1.50":
  version "27.1.50"
  resolved "https://registry.yarnpkg.com/@syncfusion/ej2-file-utils/-/ej2-file-utils-27.1.50.tgz#3dc40d33d9ee4254951f4f0e2699041d2e91d4ae"
  integrity sha512-DK2DpCBT2Wyt5UhtrTzqoWYp4rTYHHqKqdBBAhSAhXtbITzDlmt3HgH4ZhrPmCXPz0XYnOmiEqO/ejFjZ/uRiw==

"@syncfusion/ej2-filemanager@~27.1.52":
  version "27.1.52"
  resolved "https://registry.yarnpkg.com/@syncfusion/ej2-filemanager/-/ej2-filemanager-27.1.52.tgz#b0c213215187ba3477a2969a7cffa591cd44e3c1"
  integrity sha512-5HM47C63+NNsuazTwTjUVU5WtiDBekhJ/Gs1Wo2EPfeuCYFkHsdwZSE4pGy9sIdLFwUM1LriXSQE1oy6OoYDyA==
  dependencies:
    "@syncfusion/ej2-base" "~27.1.52"
    "@syncfusion/ej2-buttons" "~27.1.51"
    "@syncfusion/ej2-data" "~27.1.52"
    "@syncfusion/ej2-grids" "~27.1.52"
    "@syncfusion/ej2-inputs" "~27.1.50"
    "@syncfusion/ej2-layouts" "~27.1.51"
    "@syncfusion/ej2-lists" "~27.1.50"
    "@syncfusion/ej2-navigations" "~27.1.52"
    "@syncfusion/ej2-popups" "~27.1.50"
    "@syncfusion/ej2-splitbuttons" "~27.1.50"

"@syncfusion/ej2-gantt@~27.1.52":
  version "27.1.52"
  resolved "https://registry.yarnpkg.com/@syncfusion/ej2-gantt/-/ej2-gantt-27.1.52.tgz#c11f951032c91692b7972b1d38262e13031c66bf"
  integrity sha512-4YpxiJA8kiFXrF9fTEQ1oqJsEFEhwyQcMfqnekcKpWkv0FQlsm8GwGXfEP9FLNJDV9KvA8qbRfpwijIjvjH/EA==
  dependencies:
    "@syncfusion/ej2-base" "~27.1.52"
    "@syncfusion/ej2-buttons" "~27.1.51"
    "@syncfusion/ej2-calendars" "~27.1.52"
    "@syncfusion/ej2-data" "~27.1.52"
    "@syncfusion/ej2-dropdowns" "~27.1.52"
    "@syncfusion/ej2-grids" "~27.1.52"
    "@syncfusion/ej2-inputs" "~27.1.50"
    "@syncfusion/ej2-layouts" "~27.1.51"
    "@syncfusion/ej2-lists" "~27.1.50"
    "@syncfusion/ej2-navigations" "~27.1.52"
    "@syncfusion/ej2-notifications" "~27.1.50"
    "@syncfusion/ej2-popups" "~27.1.50"
    "@syncfusion/ej2-richtexteditor" "~27.1.52"
    "@syncfusion/ej2-svg-base" "~27.1.50"
    "@syncfusion/ej2-treegrid" "~27.1.51"

"@syncfusion/ej2-grids@~27.1.50", "@syncfusion/ej2-grids@~27.1.51", "@syncfusion/ej2-grids@~27.1.52":
  version "27.1.52"
  resolved "https://registry.yarnpkg.com/@syncfusion/ej2-grids/-/ej2-grids-27.1.52.tgz#755767a4f0f048c722746da6287805936428071c"
  integrity sha512-/8KHxVzPJ9bu7IEx/K0RImHJ/Ad3N1EtsMu13g2XeVQi3xDygrONCn/4T13QJppNiDXJNDMrK195m7EvM0Qrag==
  dependencies:
    "@syncfusion/ej2-base" "~27.1.52"
    "@syncfusion/ej2-buttons" "~27.1.51"
    "@syncfusion/ej2-calendars" "~27.1.52"
    "@syncfusion/ej2-compression" "~27.1.50"
    "@syncfusion/ej2-data" "~27.1.52"
    "@syncfusion/ej2-dropdowns" "~27.1.52"
    "@syncfusion/ej2-excel-export" "~27.1.50"
    "@syncfusion/ej2-file-utils" "~27.1.50"
    "@syncfusion/ej2-inputs" "~27.1.50"
    "@syncfusion/ej2-lists" "~27.1.50"
    "@syncfusion/ej2-navigations" "~27.1.52"
    "@syncfusion/ej2-notifications" "~27.1.50"
    "@syncfusion/ej2-pdf-export" "~27.1.51"
    "@syncfusion/ej2-popups" "~27.1.50"
    "@syncfusion/ej2-splitbuttons" "~27.1.50"

"@syncfusion/ej2-heatmap@~27.1.50":
  version "27.1.50"
  resolved "https://registry.yarnpkg.com/@syncfusion/ej2-heatmap/-/ej2-heatmap-27.1.50.tgz#8bd6dd235b142f90584693008d02a38fa1e1de88"
  integrity sha512-Nd2tNqFC32VeSLQzzPx4YP9Cn5VZjhlmmXFru5rf0+A3+uOSOq9sNrPfpNcTa8kWdNJwBLj9lqnSUldCu8C7Jg==
  dependencies:
    "@syncfusion/ej2-base" "~27.1.50"
    "@syncfusion/ej2-compression" "~27.1.50"
    "@syncfusion/ej2-data" "~27.1.50"
    "@syncfusion/ej2-file-utils" "~27.1.50"
    "@syncfusion/ej2-pdf-export" "~27.1.50"
    "@syncfusion/ej2-svg-base" "~27.1.50"

"@syncfusion/ej2-icons@~27.1.50":
  version "27.1.50"
  resolved "https://registry.yarnpkg.com/@syncfusion/ej2-icons/-/ej2-icons-27.1.50.tgz#af719706ced97c64b6c17eeee726a503cf29e435"
  integrity sha512-LisXluEss0VnFuSh+pNSgHqT/Cg1FKTvkxdKWoSvqAma3dpcuCfrWP4svyMKPAsCi/hxAGdyy3ShKHu0PUP9iA==

"@syncfusion/ej2-image-editor@~27.1.52":
  version "27.1.52"
  resolved "https://registry.yarnpkg.com/@syncfusion/ej2-image-editor/-/ej2-image-editor-27.1.52.tgz#d2fae7f330456085b151f1bd22aed6740e69f7e2"
  integrity sha512-L9fBL/YlXTN5dQ4Fu7rIeZl0oGwbsofaTvfTYN1QyREnRyfj8u81isvJtsUzHzKJOpdBi+EqdUDD63v8qeEn0w==
  dependencies:
    "@syncfusion/ej2-base" "~27.1.52"
    "@syncfusion/ej2-buttons" "~27.1.51"
    "@syncfusion/ej2-dropdowns" "~27.1.52"
    "@syncfusion/ej2-inputs" "~27.1.50"
    "@syncfusion/ej2-navigations" "~27.1.52"
    "@syncfusion/ej2-popups" "~27.1.50"
    "@syncfusion/ej2-splitbuttons" "~27.1.50"

"@syncfusion/ej2-inplace-editor@~27.1.50":
  version "27.1.50"
  resolved "https://registry.yarnpkg.com/@syncfusion/ej2-inplace-editor/-/ej2-inplace-editor-27.1.50.tgz#2a7a3e1b1a4861d5d5f7a4e4c796c2e3269b9806"
  integrity sha512-lZN+kepu5exOIb4joouQcSuW9ojKpgx1Bq8KLd0zvx8+R8+MFGzKzCxFKdJ2jCMoCamXGAEsbi4tYIUuA9Oiyw==
  dependencies:
    "@syncfusion/ej2-base" "~27.1.50"
    "@syncfusion/ej2-buttons" "~27.1.50"
    "@syncfusion/ej2-calendars" "~27.1.50"
    "@syncfusion/ej2-data" "~27.1.50"
    "@syncfusion/ej2-dropdowns" "~27.1.50"
    "@syncfusion/ej2-inputs" "~27.1.50"
    "@syncfusion/ej2-lists" "~27.1.50"
    "@syncfusion/ej2-navigations" "~27.1.50"
    "@syncfusion/ej2-notifications" "~27.1.50"
    "@syncfusion/ej2-popups" "~27.1.50"
    "@syncfusion/ej2-richtexteditor" "~27.1.50"
    "@syncfusion/ej2-splitbuttons" "~27.1.50"

"@syncfusion/ej2-inputs@~27.1.50":
  version "27.1.50"
  resolved "https://registry.yarnpkg.com/@syncfusion/ej2-inputs/-/ej2-inputs-27.1.50.tgz#8626c5f84736162e8d0995da9427fbeeceb81aa0"
  integrity sha512-JO+J5hl62YGWddsHyZBfwQ2K1iCLHlut6rhHvyCgcOIV+0yXi1j6ZwW2ouc0+0aLeXHm7hLpdMhVX8zGMzRb6A==
  dependencies:
    "@syncfusion/ej2-base" "~27.1.50"
    "@syncfusion/ej2-buttons" "~27.1.50"
    "@syncfusion/ej2-popups" "~27.1.50"
    "@syncfusion/ej2-splitbuttons" "~27.1.50"

"@syncfusion/ej2-interactive-chat@~27.1.50":
  version "27.1.50"
  resolved "https://registry.yarnpkg.com/@syncfusion/ej2-interactive-chat/-/ej2-interactive-chat-27.1.50.tgz#87ba21568f5a8dcd6af1a64a92c25099af99151f"
  integrity sha512-z2Kir2J3ldfbE1jpvY09rlhtBh66akNZ5prLZg69Og407H/LWPMCVwjeiiD8bZneojGPgoAwB6oKYIaIeaD9EA==
  dependencies:
    "@syncfusion/ej2-base" "~27.1.50"
    "@syncfusion/ej2-inputs" "~27.1.50"
    "@syncfusion/ej2-navigations" "~27.1.50"
    "@syncfusion/ej2-notifications" "~27.1.50"

"@syncfusion/ej2-kanban@~27.1.52":
  version "27.1.52"
  resolved "https://registry.yarnpkg.com/@syncfusion/ej2-kanban/-/ej2-kanban-27.1.52.tgz#46fd6b277f7ecb5babc25c533ac4ae275b891441"
  integrity sha512-fMkejkl3jiFQsCHvKJ3/ekLM+USHfRI7/HwsLZdkKDsVPM+6Hd72MOL6fF1LfzoiaKJfc/ykAG5W3EhMu4UpFw==
  dependencies:
    "@syncfusion/ej2-base" "~27.1.52"
    "@syncfusion/ej2-buttons" "~27.1.51"
    "@syncfusion/ej2-data" "~27.1.52"
    "@syncfusion/ej2-dropdowns" "~27.1.52"
    "@syncfusion/ej2-inputs" "~27.1.50"
    "@syncfusion/ej2-layouts" "~27.1.51"
    "@syncfusion/ej2-navigations" "~27.1.52"
    "@syncfusion/ej2-notifications" "~27.1.50"
    "@syncfusion/ej2-popups" "~27.1.50"

"@syncfusion/ej2-layouts@~27.1.51":
  version "27.1.51"
  resolved "https://registry.yarnpkg.com/@syncfusion/ej2-layouts/-/ej2-layouts-27.1.51.tgz#11b7b224f344b4c001ed8a6b703b6a8ccd1513db"
  integrity sha512-hJZaAsV2cIb/dzbU9NQN8Pkq2OZoCUXR6nAcspkhk81lat+1sqcq2Nm5G9c/fFeZJj/mv455uQ7L3laVPMG7yA==
  dependencies:
    "@syncfusion/ej2-base" "~27.1.50"

"@syncfusion/ej2-lineargauge@~27.1.50":
  version "27.1.50"
  resolved "https://registry.yarnpkg.com/@syncfusion/ej2-lineargauge/-/ej2-lineargauge-27.1.50.tgz#50772fab791498908a8f37a55f09ab2c952365ef"
  integrity sha512-+7FpdxaAY2TLiyjugyVanoWNDlk/uM1BGJT5eD86cv5nNqTKTkqeEJXMO96icd7pZrelmXorN2wXi0c86HVzSw==
  dependencies:
    "@syncfusion/ej2-base" "~27.1.50"
    "@syncfusion/ej2-pdf-export" "~27.1.50"
    "@syncfusion/ej2-svg-base" "~27.1.50"

"@syncfusion/ej2-lists@~27.1.50":
  version "27.1.50"
  resolved "https://registry.yarnpkg.com/@syncfusion/ej2-lists/-/ej2-lists-27.1.50.tgz#ca00ba935276fc55e9063ee9ffd6984307b5060e"
  integrity sha512-CbTdJz4pz9k+/sYTeT5xJ6VZDKGzo9KF7oEeOqhXjRNm1qQd5ANonxsuOVAWLojJwhKQcfQxGTVrOjE/D+YBoA==
  dependencies:
    "@syncfusion/ej2-base" "~27.1.50"
    "@syncfusion/ej2-buttons" "~27.1.50"
    "@syncfusion/ej2-data" "~27.1.50"
    "@syncfusion/ej2-popups" "~27.1.50"

"@syncfusion/ej2-maps@~27.1.50":
  version "27.1.50"
  resolved "https://registry.yarnpkg.com/@syncfusion/ej2-maps/-/ej2-maps-27.1.50.tgz#5e66e20425e2648a6e91b479c901da6dc3d345c1"
  integrity sha512-t2EWxFUWCM717z3c3A0X5cWJsipn+80ZVDSAadR5OFSabC8OLqsjOy5BUcaHmOR3rd3o6DWIusA9KlMDm2cyqQ==
  dependencies:
    "@syncfusion/ej2-base" "~27.1.50"
    "@syncfusion/ej2-buttons" "~27.1.50"
    "@syncfusion/ej2-compression" "~27.1.50"
    "@syncfusion/ej2-data" "~27.1.50"
    "@syncfusion/ej2-file-utils" "~27.1.50"
    "@syncfusion/ej2-pdf-export" "~27.1.50"
    "@syncfusion/ej2-svg-base" "~27.1.50"

"@syncfusion/ej2-multicolumn-combobox@~27.1.50":
  version "27.1.50"
  resolved "https://registry.yarnpkg.com/@syncfusion/ej2-multicolumn-combobox/-/ej2-multicolumn-combobox-27.1.50.tgz#f632c07ad45a71148e0dd5a6931526424b16f986"
  integrity sha512-LAPJMZmG3e4jYsGSYfYZb61amWYT+9zga1eOx6cb3cxESXFRvrSSgQKPvjEGGz1xS5gzsgJjwsByGf+n2ZWwvQ==
  dependencies:
    "@syncfusion/ej2-base" "~27.1.50"
    "@syncfusion/ej2-grids" "~27.1.50"

"@syncfusion/ej2-navigations@~27.1.50", "@syncfusion/ej2-navigations@~27.1.52":
  version "27.1.52"
  resolved "https://registry.yarnpkg.com/@syncfusion/ej2-navigations/-/ej2-navigations-27.1.52.tgz#6368bd085bbe498c07bc0842ff46d09232332964"
  integrity sha512-1odXihqgRMCmd0xsfGEAJlIifQthzlLlhzrq2/vxpu5Ffsu4eq/jKsRmy6XTF8kgp9b0LeXrRZWAZsyuGPWknQ==
  dependencies:
    "@syncfusion/ej2-base" "~27.1.52"
    "@syncfusion/ej2-buttons" "~27.1.51"
    "@syncfusion/ej2-data" "~27.1.52"
    "@syncfusion/ej2-inputs" "~27.1.50"
    "@syncfusion/ej2-lists" "~27.1.50"
    "@syncfusion/ej2-popups" "~27.1.50"

"@syncfusion/ej2-notifications@~27.1.50":
  version "27.1.50"
  resolved "https://registry.yarnpkg.com/@syncfusion/ej2-notifications/-/ej2-notifications-27.1.50.tgz#ac9807029086a4fae25c20bf0e58237bdd4c35ff"
  integrity sha512-rRo8QCjo6KKLlg7MTEYRY5IJL85028yyOKhakhz9GWQGMJ4z8ippd4QHW8e3Q2GL9W3Ux9koo8gGg02OqIiJgA==
  dependencies:
    "@syncfusion/ej2-base" "~27.1.50"
    "@syncfusion/ej2-buttons" "~27.1.50"
    "@syncfusion/ej2-popups" "~27.1.50"

"@syncfusion/ej2-office-chart@~27.1.51":
  version "27.1.51"
  resolved "https://registry.yarnpkg.com/@syncfusion/ej2-office-chart/-/ej2-office-chart-27.1.51.tgz#338abcb681ab93d703fd310b5b173d154e7d89f4"
  integrity sha512-AnwDNkXkz2s2K7jN6A7DZ7b3NW8n+MDU1u1LSwryh7pTczDn01SvKpgoiAjoLSXyYeLWRhVCLmgugMb0nw5dYA==
  dependencies:
    "@syncfusion/ej2-charts" "~27.1.51"

"@syncfusion/ej2-pdf-export@~27.1.50", "@syncfusion/ej2-pdf-export@~27.1.51":
  version "27.1.51"
  resolved "https://registry.yarnpkg.com/@syncfusion/ej2-pdf-export/-/ej2-pdf-export-27.1.51.tgz#b75f18ac76932b473fb2c842cc90d8c34132fde2"
  integrity sha512-Sbt5FNlL+S4W45YMwCpd+2hG+z5nrDdJn7ZeA/PDaj3Yzi4IbmT9xDIbVtO06dGQAGwUywFlhXphxcR/3JWHvQ==
  dependencies:
    "@syncfusion/ej2-compression" "~27.1.50"

"@syncfusion/ej2-pdf@~27.1.52":
  version "27.1.52"
  resolved "https://registry.yarnpkg.com/@syncfusion/ej2-pdf/-/ej2-pdf-27.1.52.tgz#e4499528f3c550feccd482ecfb9a5830d3304537"
  integrity sha512-KXX64y47JDLbgyH0EuFLhvCwELyJ2YHHJfdaMKZO8WYSlbb1d1um3D2coAahSNZKYPt9lgFowJy9cRAx/4aYjA==
  dependencies:
    "@syncfusion/ej2-base" "~27.1.52"
    "@syncfusion/ej2-compression" "~27.1.50"

"@syncfusion/ej2-pdfviewer@~27.1.52":
  version "27.1.52"
  resolved "https://registry.yarnpkg.com/@syncfusion/ej2-pdfviewer/-/ej2-pdfviewer-27.1.52.tgz#1a581af0eaeaeff762315158ea6f4f07da96c157"
  integrity sha512-Ss76IafAa4OrOjVXT+r0lh5Cqzo+bfpkYtos3Mo8A2XdqtXMPUViY97kMyeLYfUFVA11UB49unJTiE+aK0iWUw==
  dependencies:
    "@syncfusion/ej2-base" "~27.1.52"
    "@syncfusion/ej2-buttons" "~27.1.51"
    "@syncfusion/ej2-data" "~27.1.52"
    "@syncfusion/ej2-drawings" "~27.1.52"
    "@syncfusion/ej2-dropdowns" "~27.1.52"
    "@syncfusion/ej2-inplace-editor" "~27.1.50"
    "@syncfusion/ej2-inputs" "~27.1.50"
    "@syncfusion/ej2-lists" "~27.1.50"
    "@syncfusion/ej2-navigations" "~27.1.52"
    "@syncfusion/ej2-notifications" "~27.1.50"
    "@syncfusion/ej2-pdf" "~27.1.52"
    "@syncfusion/ej2-popups" "~27.1.50"

"@syncfusion/ej2-pivotview@~27.1.52":
  version "27.1.52"
  resolved "https://registry.yarnpkg.com/@syncfusion/ej2-pivotview/-/ej2-pivotview-27.1.52.tgz#51a73eea31f55e6c6c33c7e65399416cb3b13617"
  integrity sha512-WqBNo1Nz6iObdp0+ImErAVJPRB5pUQJttdtYkeFZKq6c1kZWsE1t8FMcxQbgUgO9UfnVX91x5Yp8ypwtHLZKOg==
  dependencies:
    "@syncfusion/ej2-base" "~27.1.52"
    "@syncfusion/ej2-buttons" "~27.1.51"
    "@syncfusion/ej2-calendars" "~27.1.52"
    "@syncfusion/ej2-charts" "~27.1.52"
    "@syncfusion/ej2-compression" "~27.1.50"
    "@syncfusion/ej2-data" "~27.1.52"
    "@syncfusion/ej2-dropdowns" "~27.1.52"
    "@syncfusion/ej2-excel-export" "~27.1.50"
    "@syncfusion/ej2-file-utils" "~27.1.50"
    "@syncfusion/ej2-grids" "~27.1.52"
    "@syncfusion/ej2-inputs" "~27.1.50"
    "@syncfusion/ej2-lists" "~27.1.50"
    "@syncfusion/ej2-navigations" "~27.1.52"
    "@syncfusion/ej2-pdf-export" "~27.1.51"
    "@syncfusion/ej2-popups" "~27.1.50"
    "@syncfusion/ej2-splitbuttons" "~27.1.50"
    "@syncfusion/ej2-svg-base" "~27.1.50"

"@syncfusion/ej2-popups@~27.1.50":
  version "27.1.50"
  resolved "https://registry.yarnpkg.com/@syncfusion/ej2-popups/-/ej2-popups-27.1.50.tgz#5ffd24c1fa855865c6f7bbdaaefc23c46ce2a8e3"
  integrity sha512-CbG9/0JgjvJfb5JwmbTXluRkLGZsGFAQ4b86FzQw/467Oom6JHto0K8qkgfR4t7Ekng1WSycHDSQF7t3QIQL3w==
  dependencies:
    "@syncfusion/ej2-base" "~27.1.50"
    "@syncfusion/ej2-buttons" "~27.1.50"

"@syncfusion/ej2-progressbar@~27.1.50":
  version "27.1.50"
  resolved "https://registry.yarnpkg.com/@syncfusion/ej2-progressbar/-/ej2-progressbar-27.1.50.tgz#d76a2ffb90ea64057fb8c7012902f1c8eff15e68"
  integrity sha512-kQVtF6i+NTmSBkHdTjBw+YwgDE74TlfhaDueJq5JT3ZgsGPA4hjPtxStEm1Pjz5at4VzN+CCxpvswQM5p34tEg==
  dependencies:
    "@syncfusion/ej2-base" "~27.1.50"
    "@syncfusion/ej2-data" "~27.1.50"
    "@syncfusion/ej2-svg-base" "~27.1.50"

"@syncfusion/ej2-querybuilder@~27.1.52":
  version "27.1.52"
  resolved "https://registry.yarnpkg.com/@syncfusion/ej2-querybuilder/-/ej2-querybuilder-27.1.52.tgz#f5a4bf7d351e171984ea87dcb8d34640e12b739f"
  integrity sha512-WpqFze0zpkfB59hQadvXryNN08ZpuATFbQ47C6qaz8oXsjKZQitly96ZLZ2JtgXVAy3ISNMAUiV8DvQEI8r7+g==
  dependencies:
    "@syncfusion/ej2-base" "~27.1.52"
    "@syncfusion/ej2-buttons" "~27.1.51"
    "@syncfusion/ej2-calendars" "~27.1.52"
    "@syncfusion/ej2-dropdowns" "~27.1.52"
    "@syncfusion/ej2-inputs" "~27.1.50"
    "@syncfusion/ej2-splitbuttons" "~27.1.50"

"@syncfusion/ej2-ribbon@~27.1.50":
  version "27.1.50"
  resolved "https://registry.yarnpkg.com/@syncfusion/ej2-ribbon/-/ej2-ribbon-27.1.50.tgz#0063b81e373de03e2299dcafcbf586a2aaa03f45"
  integrity sha512-cj1/FbjPlJO0ITRl228IsE6GzYQz7pB3Z5BbGMn89YtABpxrBMYjn1ZWMBcH2WqBt+boFcv7Tthyu/3Z6RfLGw==
  dependencies:
    "@syncfusion/ej2-base" "~27.1.50"
    "@syncfusion/ej2-buttons" "~27.1.50"
    "@syncfusion/ej2-dropdowns" "~27.1.50"
    "@syncfusion/ej2-lists" "~27.1.50"
    "@syncfusion/ej2-navigations" "~27.1.50"
    "@syncfusion/ej2-popups" "~27.1.50"
    "@syncfusion/ej2-splitbuttons" "~27.1.50"

"@syncfusion/ej2-richtexteditor@~27.1.50", "@syncfusion/ej2-richtexteditor@~27.1.52":
  version "27.1.52"
  resolved "https://registry.yarnpkg.com/@syncfusion/ej2-richtexteditor/-/ej2-richtexteditor-27.1.52.tgz#9e877deaf1af1a8fb9c2f580be1c685931bd4c38"
  integrity sha512-1+PORRw7JNPhxMkxyaSNjZhhfkX8XjHfB/3abzcwfUr9clrCyr9WTy+rJiqimM4SqtUVpy9HuclO2PqQYVrEYw==
  dependencies:
    "@syncfusion/ej2-base" "~27.1.52"
    "@syncfusion/ej2-buttons" "~27.1.51"
    "@syncfusion/ej2-dropdowns" "~27.1.52"
    "@syncfusion/ej2-filemanager" "~27.1.52"
    "@syncfusion/ej2-inputs" "~27.1.50"
    "@syncfusion/ej2-navigations" "~27.1.52"
    "@syncfusion/ej2-popups" "~27.1.50"
    "@syncfusion/ej2-splitbuttons" "~27.1.50"

"@syncfusion/ej2-schedule@~27.1.52":
  version "27.1.52"
  resolved "https://registry.yarnpkg.com/@syncfusion/ej2-schedule/-/ej2-schedule-27.1.52.tgz#4745b79507dd45a698bf5abc7d44390e0455747c"
  integrity sha512-P0HF5xHb3oiSpiMS03z3kReBDgCvdzgYkNstCxwvIYn9JuUpOxgb4Wwkm1v8Bz2vRoICeP1m+2icc+RnfiLPdg==
  dependencies:
    "@syncfusion/ej2-base" "~27.1.52"
    "@syncfusion/ej2-buttons" "~27.1.51"
    "@syncfusion/ej2-calendars" "~27.1.52"
    "@syncfusion/ej2-data" "~27.1.52"
    "@syncfusion/ej2-dropdowns" "~27.1.52"
    "@syncfusion/ej2-excel-export" "~27.1.50"
    "@syncfusion/ej2-inputs" "~27.1.50"
    "@syncfusion/ej2-lists" "~27.1.50"
    "@syncfusion/ej2-navigations" "~27.1.52"
    "@syncfusion/ej2-popups" "~27.1.50"

"@syncfusion/ej2-splitbuttons@~27.1.50":
  version "27.1.50"
  resolved "https://registry.yarnpkg.com/@syncfusion/ej2-splitbuttons/-/ej2-splitbuttons-27.1.50.tgz#0b91455b4d8f05a1bcf191db78df4aa786706cc8"
  integrity sha512-P8wIL88b/PS7tG6VACiJp/fg9321ONpNZnmI+5suKFW/V2U3NzhYh1yFv0gi79s70Aomu+mjMcre07AZu4U+VQ==
  dependencies:
    "@syncfusion/ej2-base" "~27.1.50"
    "@syncfusion/ej2-popups" "~27.1.50"

"@syncfusion/ej2-spreadsheet@~27.1.52":
  version "27.1.52"
  resolved "https://registry.yarnpkg.com/@syncfusion/ej2-spreadsheet/-/ej2-spreadsheet-27.1.52.tgz#d74f1d488a6e20cfd85fed7ea45167e56337a67d"
  integrity sha512-nuTVFPvqEK3J1UZUFDKhpc/qcs4TiXvfAmCMFa0IajjW1sGeiS0uNa8KKAYvvOYcigsXE1cdJ3ve58HLdYQzsg==
  dependencies:
    "@syncfusion/ej2-base" "~27.1.52"
    "@syncfusion/ej2-charts" "~27.1.52"
    "@syncfusion/ej2-dropdowns" "~27.1.52"
    "@syncfusion/ej2-grids" "~27.1.52"
    "@syncfusion/ej2-navigations" "~27.1.52"

"@syncfusion/ej2-svg-base@~27.1.50":
  version "27.1.50"
  resolved "https://registry.yarnpkg.com/@syncfusion/ej2-svg-base/-/ej2-svg-base-27.1.50.tgz#d08efe009d60f79a9bba7d1b63f9de760851a1c7"
  integrity sha512-SCX38cHp1aHdZoTQbFBotbBpZfYW8Qs9tm15j8ylNXVJ/w+kkjy4JjrZUIkjImDmfxVL5BP9dw/INMRaRaRLBQ==
  dependencies:
    "@syncfusion/ej2-base" "~27.1.50"

"@syncfusion/ej2-treegrid@~27.1.51":
  version "27.1.51"
  resolved "https://registry.yarnpkg.com/@syncfusion/ej2-treegrid/-/ej2-treegrid-27.1.51.tgz#f13da6b10dfb4dfb902d5ee53d804c07e80e8a8b"
  integrity sha512-SmoQdsL6zFw8/0j94fxc6gIZzX5Q3OgE7ktedLyTxBS3Amn+0dPKUNTmcu74ONRbMRY7Ru5oO2Cjtg5LjfkG4A==
  dependencies:
    "@syncfusion/ej2-base" "~27.1.50"
    "@syncfusion/ej2-data" "~27.1.51"
    "@syncfusion/ej2-grids" "~27.1.51"
    "@syncfusion/ej2-popups" "~27.1.50"

"@syncfusion/ej2-treemap@~27.1.50":
  version "27.1.50"
  resolved "https://registry.yarnpkg.com/@syncfusion/ej2-treemap/-/ej2-treemap-27.1.50.tgz#dc8e001e061eaf5b24deec6b4f7205e2d7977eed"
  integrity sha512-Gv1D6DGnoz04E00W9rUpdfpmEudUoHwOS9S7jLZmJE63aAJrnHQfa7GCpY8PIrrVoikQmHMSlWBVEjgi8PKCdw==
  dependencies:
    "@syncfusion/ej2-base" "~27.1.50"
    "@syncfusion/ej2-compression" "~27.1.50"
    "@syncfusion/ej2-data" "~27.1.50"
    "@syncfusion/ej2-file-utils" "~27.1.50"
    "@syncfusion/ej2-pdf-export" "~27.1.50"
    "@syncfusion/ej2-svg-base" "~27.1.50"

"@syncfusion/ej2@^27.1.52":
  version "27.1.52"
  resolved "https://registry.yarnpkg.com/@syncfusion/ej2/-/ej2-27.1.52.tgz#1f145ee810bf92f79506e912068a118b9251f557"
  integrity sha512-uDvIvm8UOiQmZ9VbqfREgbpTI/D46xCkLw9VDI2z0yjhLkZcJ/qYdKqmcdskQ2kqjG4owTEE54MH8qe7oqhh7A==
  dependencies:
    "@syncfusion/ej2-barcode-generator" "~27.1.52"
    "@syncfusion/ej2-base" "~27.1.52"
    "@syncfusion/ej2-buttons" "~27.1.51"
    "@syncfusion/ej2-calendars" "~27.1.52"
    "@syncfusion/ej2-charts" "~27.1.52"
    "@syncfusion/ej2-circulargauge" "~27.1.50"
    "@syncfusion/ej2-compression" "~27.1.50"
    "@syncfusion/ej2-data" "~27.1.52"
    "@syncfusion/ej2-diagrams" "~27.1.52"
    "@syncfusion/ej2-documenteditor" "~27.1.52"
    "@syncfusion/ej2-drawings" "~27.1.52"
    "@syncfusion/ej2-dropdowns" "~27.1.52"
    "@syncfusion/ej2-excel-export" "~27.1.50"
    "@syncfusion/ej2-file-utils" "~27.1.50"
    "@syncfusion/ej2-filemanager" "~27.1.52"
    "@syncfusion/ej2-gantt" "~27.1.52"
    "@syncfusion/ej2-grids" "~27.1.52"
    "@syncfusion/ej2-heatmap" "~27.1.50"
    "@syncfusion/ej2-icons" "~27.1.50"
    "@syncfusion/ej2-image-editor" "~27.1.52"
    "@syncfusion/ej2-inplace-editor" "~27.1.50"
    "@syncfusion/ej2-inputs" "~27.1.50"
    "@syncfusion/ej2-interactive-chat" "~27.1.50"
    "@syncfusion/ej2-kanban" "~27.1.52"
    "@syncfusion/ej2-layouts" "~27.1.51"
    "@syncfusion/ej2-lineargauge" "~27.1.50"
    "@syncfusion/ej2-lists" "~27.1.50"
    "@syncfusion/ej2-maps" "~27.1.50"
    "@syncfusion/ej2-multicolumn-combobox" "~27.1.50"
    "@syncfusion/ej2-navigations" "~27.1.52"
    "@syncfusion/ej2-notifications" "~27.1.50"
    "@syncfusion/ej2-office-chart" "~27.1.51"
    "@syncfusion/ej2-pdf" "~27.1.52"
    "@syncfusion/ej2-pdf-export" "~27.1.51"
    "@syncfusion/ej2-pdfviewer" "~27.1.52"
    "@syncfusion/ej2-pivotview" "~27.1.52"
    "@syncfusion/ej2-popups" "~27.1.50"
    "@syncfusion/ej2-progressbar" "~27.1.50"
    "@syncfusion/ej2-querybuilder" "~27.1.52"
    "@syncfusion/ej2-ribbon" "~27.1.50"
    "@syncfusion/ej2-richtexteditor" "~27.1.52"
    "@syncfusion/ej2-schedule" "~27.1.52"
    "@syncfusion/ej2-splitbuttons" "~27.1.50"
    "@syncfusion/ej2-spreadsheet" "~27.1.52"
    "@syncfusion/ej2-svg-base" "~27.1.50"
    "@syncfusion/ej2-treegrid" "~27.1.51"
    "@syncfusion/ej2-treemap" "~27.1.50"

bootstrap@^5.3.3:
  version "5.3.3"
  resolved "https://registry.yarnpkg.com/bootstrap/-/bootstrap-5.3.3.tgz#de35e1a765c897ac940021900fcbb831602bac38"
  integrity sha512-8HLCdWgyoMguSO9o+aH+iuZ+aht+mzW0u3HIMzVu7Srrpv7EBBxTnrFlSCskwdY1+EOFQSm7uMJhNQHkdPcmjg==

braces@^3.0.3:
  version "3.0.3"
  resolved "https://registry.yarnpkg.com/braces/-/braces-3.0.3.tgz#490332f40919452272d55a8480adc0c441358789"
  integrity sha512-yQbXgO/OSZVD2IsiLlro+7Hf6Q18EJrKSEsdoMzKePKXct3gvD8oLcOQdIzGupr5Fj+EDe8gO/lxc1BzfMpxvA==
  dependencies:
    fill-range "^7.1.1"

chokidar@^4.0.0:
  version "4.0.1"
  resolved "https://registry.yarnpkg.com/chokidar/-/chokidar-4.0.1.tgz#4a6dff66798fb0f72a94f616abbd7e1a19f31d41"
  integrity sha512-n8enUVCED/KVRQlab1hr3MVpcVMvxtZjmEa956u+4YijlmQED223XMSYj2tLuKvr4jcCTzNNMpQDUer72MMmzA==
  dependencies:
    readdirp "^4.0.1"

detect-libc@^1.0.3:
  version "1.0.3"
  resolved "https://registry.yarnpkg.com/detect-libc/-/detect-libc-1.0.3.tgz#fa137c4bd698edf55cd5cd02ac559f91a4c4ba9b"
  integrity sha512-pGjwhsmsp4kL2RTz08wcOlGN83otlqHeD/Z5T8GXZB+/YcpQ/dgo+lbU8ZsGxV0HIvqqxo9l7mqYwyYMD9bKDg==

fill-range@^7.1.1:
  version "7.1.1"
  resolved "https://registry.yarnpkg.com/fill-range/-/fill-range-7.1.1.tgz#44265d3cac07e3ea7dc247516380643754a05292"
  integrity sha512-YsGpe3WHLK8ZYi4tWDg2Jy3ebRz2rXowDxnld4bkQB00cc/1Zw9AWnC0i9ztDJitivtQvaI9KaLyKrc+hBW0yg==
  dependencies:
    to-regex-range "^5.0.1"

immutable@^4.0.0:
  version "4.3.7"
  resolved "https://registry.yarnpkg.com/immutable/-/immutable-4.3.7.tgz#c70145fc90d89fb02021e65c84eb0226e4e5a381"
  integrity sha512-1hqclzwYwjRDFLjcFxOM5AYkkG0rpFPpr1RLPMEuGczoS7YA8gLhy8SWXYRAA/XwfEHpfo3cw5JGioS32fnMRw==

is-extglob@^2.1.1:
  version "2.1.1"
  resolved "https://registry.yarnpkg.com/is-extglob/-/is-extglob-2.1.1.tgz#a88c02535791f02ed37c76a1b9ea9773c833f8c2"
  integrity sha512-SbKbANkN603Vi4jEZv49LeVJMn4yGwsbzZworEoyEiutsN3nJYdbO36zfhGJ6QEDpOZIFkDtnq5JRxmvl3jsoQ==

is-glob@^4.0.3:
  version "4.0.3"
  resolved "https://registry.yarnpkg.com/is-glob/-/is-glob-4.0.3.tgz#64f61e42cbbb2eec2071a9dac0b28ba1e65d5084"
  integrity sha512-xelSayHH36ZgE7ZWhli7pW34hNbNl8Ojv5KVmkJD4hBdD3th8Tfk9vYasLM+mXWOZhFkgZfxhLSnrwRr4elSSg==
  dependencies:
    is-extglob "^2.1.1"

is-number@^7.0.0:
  version "7.0.0"
  resolved "https://registry.yarnpkg.com/is-number/-/is-number-7.0.0.tgz#7535345b896734d5f80c4d06c50955527a14f12b"
  integrity sha512-41Cifkg6e8TylSpdtTpeLVMqvSBEVzTttHvERD741+pnZ8ANv0004MRL43QKPDlK9cGvNp6NZWZUBlbGXYxxng==

micromatch@^4.0.5:
  version "4.0.8"
  resolved "https://registry.yarnpkg.com/micromatch/-/micromatch-4.0.8.tgz#d66fa18f3a47076789320b9b1af32bd86d9fa202"
  integrity sha512-PXwfBhYu0hBCPw8Dn0E+WDYb7af3dSLVWKi3HGv84IdF4TyFoC0ysxFd0Goxw7nSv4T/PzEJQxsYsEiFCKo2BA==
  dependencies:
    braces "^3.0.3"
    picomatch "^2.3.1"

node-addon-api@^7.0.0:
  version "7.1.1"
  resolved "https://registry.yarnpkg.com/node-addon-api/-/node-addon-api-7.1.1.tgz#1aba6693b0f255258a049d621329329322aad558"
  integrity sha512-5m3bsyrjFWE1xf7nz7YXdN4udnVtXK6/Yfgn5qnahL6bCkf2yKt4k3nuTKAtT4r3IG8JNR2ncsIMdZuAzJjHQQ==

picomatch@^2.3.1:
  version "2.3.1"
  resolved "https://registry.yarnpkg.com/picomatch/-/picomatch-2.3.1.tgz#3ba3833733646d9d3e4995946c1365a67fb07a42"
  integrity sha512-JU3teHTNjmE2VCGFzuY8EXzCDVwEqB2a8fsIvwaStHhAWJEeVd1o1QD80CU6+ZdEXXSLbSsuLwJjkCBWqRQUVA==

readdirp@^4.0.1:
  version "4.0.2"
  resolved "https://registry.yarnpkg.com/readdirp/-/readdirp-4.0.2.tgz#388fccb8b75665da3abffe2d8f8ed59fe74c230a"
  integrity sha512-yDMz9g+VaZkqBYS/ozoBJwaBhTbZo3UNYQHNRw1D3UFQB8oHB4uS/tAODO+ZLjGWmUbKnIlOWO+aaIiAxrUWHA==

sass@1.79.5:
  version "1.79.5"
  resolved "https://registry.yarnpkg.com/sass/-/sass-1.79.5.tgz#646c627601cd5f84c64f7b1485b9292a313efae4"
  integrity sha512-W1h5kp6bdhqFh2tk3DsI771MoEJjvrSY/2ihJRJS4pjIyfJCw0nTsxqhnrUzaLMOJjFchj8rOvraI/YUVjtx5g==
  dependencies:
    "@parcel/watcher" "^2.4.1"
    chokidar "^4.0.0"
    immutable "^4.0.0"
    source-map-js ">=0.6.2 <2.0.0"

"source-map-js@>=0.6.2 <2.0.0":
  version "1.2.1"
  resolved "https://registry.yarnpkg.com/source-map-js/-/source-map-js-1.2.1.tgz#1ce5650fddd87abc099eda37dcff024c2667ae46"
  integrity sha512-UXWMKhLOwVKb728IUtQPXxfYU+usdybtUrK/8uGE8CQMvrhOpwvzDBwj0QhSL7MQc7vIsISBG8VQ8+IDQxpfQA==

to-regex-range@^5.0.1:
  version "5.0.1"
  resolved "https://registry.yarnpkg.com/to-regex-range/-/to-regex-range-5.0.1.tgz#1648c44aae7c8d988a326018ed72f5b4dd0392e4"
  integrity sha512-65P7iz6X5yEr1cwcgvQxbbIw7Uk3gOy5dIdtZ4rDveLqhrdJP+Li/Hx6tyK0NEb+2GCyneCMJiGqrADCSNk8sQ==
  dependencies:
    is-number "^7.0.0"
